
Microsoft Visual Studio Solution File, Format Version 11.00
# Visual Studio 2010
Project("{FAE04EC0-301F-11D3-BF4B-00C04F79EFBC}") = "DotSpatial.Serialization", "DotSpatial.Serialization\DotSpatial.Serialization.csproj", "{9B692E11-0273-4331-9B15-1670093EDDBF}"
EndProject
Project("{FAE04EC0-301F-11D3-BF4B-00C04F79EFBC}") = "DotSpatial.Topology", "DotSpatial.Topology\DotSpatial.Topology.csproj", "{A8079861-C636-4ECE-99C1-AD313276787B}"
EndProject
Project("{FAE04EC0-301F-11D3-BF4B-00C04F79EFBC}") = "DotSpatial.Projections", "DotSpatial.Projections\DotSpatial.Projections.csproj", "{D286DF06-21FA-40BE-B384-6ACA509AC98C}"
EndProject
Project("{FAE04EC0-301F-11D3-BF4B-00C04F79EFBC}") = "DotSpatial.Data", "DotSpatial.Data\DotSpatial.Data.csproj", "{C1018695-3401-47A9-B195-ABD3A20C2489}"
EndProject
Project("{FAE04EC0-301F-11D3-BF4B-00C04F79EFBC}") = "DotSpatial.Symbology", "DotSpatial.Symbology\DotSpatial.Symbology.csproj", "{21C1D7A7-E8E5-4590-A921-2287AD43CB98}"
EndProject
Project("{FAE04EC0-301F-11D3-BF4B-00C04F79EFBC}") = "DotSpatial.Controls", "DotSpatial.Controls\DotSpatial.Controls.csproj", "{01A845C6-D391-4258-81B0-C6ABF23D3364}"
EndProject
Project("{FAE04EC0-301F-11D3-BF4B-00C04F79EFBC}") = "DotSpatial.Compatibility", "DotSpatial.Compatibility\DotSpatial.Compatibility.csproj", "{56E70075-71E0-4FDA-BCA6-CF7581112354}"
EndProject
Project("{FAE04EC0-301F-11D3-BF4B-00C04F79EFBC}") = "DotSpatial.Analysis", "DotSpatial.Analysis\DotSpatial.Analysis.csproj", "{F124E7C5-33CC-4B17-8C45-01E7D2E47DAB}"
EndProject
Project("{FAE04EC0-301F-11D3-BF4B-00C04F79EFBC}") = "DotSpatial.Tools", "DotSpatial.Tools\DotSpatial.Tools.csproj", "{878A9C2C-21AC-4E63-9819-715B66B63CF5}"
EndProject
Project("{FAE04EC0-301F-11D3-BF4B-00C04F79EFBC}") = "DotSpatial.Data.Rasters.GdalExtension", "DotSpatial.Data.Rasters.GdalExtension\DotSpatial.Data.Rasters.GdalExtension.csproj", "{51C6E16E-920E-4D36-B41E-D48ABEF837E7}"
EndProject
Project("{FAE04EC0-301F-11D3-BF4B-00C04F79EFBC}") = "DemoMap", "DotSpatial.Examples.DemoMap\DemoMap.csproj", "{404204DE-C8BC-4438-A3F6-0636B4983A5B}"
EndProject
Project("{FAE04EC0-301F-11D3-BF4B-00C04F79EFBC}") = "DotSpatial.Positioning", "DotSpatial.Positioning\DotSpatial.Positioning.csproj", "{26E18588-B04D-4987-BF36-8206A7E36FF9}"
EndProject
Project("{FAE04EC0-301F-11D3-BF4B-00C04F79EFBC}") = "DotSpatial.Positioning.Design", "DotSpatial.Positioning.Design\DotSpatial.Positioning.Design.csproj", "{7F9F4CB4-F86D-45F0-8FA0-00C5E19B72A0}"
EndProject
Project("{FAE04EC0-301F-11D3-BF4B-00C04F79EFBC}") = "DotSpatial.Positioning.Forms", "DotSpatial.Positioning.Forms\DotSpatial.Positioning.Forms.csproj", "{D4245DD6-79F6-466A-98D3-4AF15D8C39A9}"
EndProject
Project("{FAE04EC0-301F-11D3-BF4B-00C04F79EFBC}") = "DotSpatial.Data.Forms", "DotSpatial.Data.Forms\DotSpatial.Data.Forms.csproj", "{7B7195E7-C20E-49B9-9CB0-4F451A2463B6}"
EndProject
Project("{FAE04EC0-301F-11D3-BF4B-00C04F79EFBC}") = "DotSpatial.Modeling.Forms", "DotSpatial.Modeling.Forms\DotSpatial.Modeling.Forms.csproj", "{7ED7B00D-56EE-47CF-AAA5-34A09E40A566}"
EndProject
Project("{FAE04EC0-301F-11D3-BF4B-00C04F79EFBC}") = "DotSpatial.Projections.Forms", "DotSpatial.Projections.Forms\DotSpatial.Projections.Forms.csproj", "{1DA244CE-5862-4DFB-8943-244A80B7E3EE}"
EndProject
Project("{FAE04EC0-301F-11D3-BF4B-00C04F79EFBC}") = "DotSpatial.Symbology.Forms", "DotSpatial.Symbology.Forms\DotSpatial.Symbology.Forms.csproj", "{97EDE2AD-90D0-44B6-ADB6-AD20052C0B6F}"
EndProject
Project("{2150E333-8FDC-42A3-9474-1A3956D46DE8}") = "Solution Items", "Solution Items", "{1DB6E371-0643-46F2-8EAD-B7D92AD133D5}"
	ProjectSection(SolutionItems) = preProject
		CustomDictionary.xml = CustomDictionary.xml
		DotSpatial.FxCop = DotSpatial.FxCop
		DotSpatial.vsmdi = DotSpatial.vsmdi
		Local.testsettings = Local.testsettings
		Nuget_DotSpatialCore.nuspec = Nuget_DotSpatialCore.nuspec
		Settings.StyleCop = Settings.StyleCop
		TraceAndTestImpact.testsettings = TraceAndTestImpact.testsettings
	EndProjectSection
EndProject
Project("{FAE04EC0-301F-11D3-BF4B-00C04F79EFBC}") = "DemoGPS", "DotSpatial.Examples.DemoGPS\C#\DemoGPS.csproj", "{1E591A3F-D723-41DA-BD08-D38C27ABFD6C}"
EndProject
Project("{2150E333-8FDC-42A3-9474-1A3956D46DE8}") = "DotSpatial.Examples", "DotSpatial.Examples", "{B1A21F91-D189-4F39-A5F2-AE1E9D72B9FF}"
EndProject
Project("{FAE04EC0-301F-11D3-BF4B-00C04F79EFBC}") = "DemoPlugin", "DotSpatial.Examples.DemoPlugin\DemoPlugin.csproj", "{32A86A6E-6BA1-4F14-9E84-5BE4DD0CACA4}"
EndProject
Project("{FAE04EC0-301F-11D3-BF4B-00C04F79EFBC}") = "DotSpatial.Plugins.ShapeEditor", "DotSpatial.Plugins.ShapeEditor\DotSpatial.Plugins.ShapeEditor.csproj", "{715F4E59-7362-4EB6-BA2E-3FFC54CBAA41}"
EndProject
Project("{FAE04EC0-301F-11D3-BF4B-00C04F79EFBC}") = "DotSpatial.Plugins.MenuBar", "DotSpatial.Plugins.MenuBar\DotSpatial.Plugins.MenuBar.csproj", "{F5956768-54E1-4EEE-9199-35F1A12C8FFC}"
EndProject
Project("{2150E333-8FDC-42A3-9474-1A3956D46DE8}") = "Plugins", "Plugins", "{49A57AB3-0588-4DC1-AC5F-47DE2C3EFC57}"
EndProject
Project("{FAE04EC0-301F-11D3-BF4B-00C04F79EFBC}") = "DotSpatial.Plugins.About", "DotSpatial.Plugins.About\DotSpatial.Plugins.About.csproj", "{84A7D4BB-8404-4AC5-A9D4-3C667F2001DC}"
EndProject
Project("{FAE04EC0-301F-11D3-BF4B-00C04F79EFBC}") = "DotSpatial.Plugins.ClickOnceUpdater", "DotSpatial.Plugins.ClickOnceUpdater\DotSpatial.Plugins.ClickOnceUpdater.csproj", "{F249DB09-41BE-4581-A7A7-B50EA408900C}"
EndProject
Project("{FAE04EC0-301F-11D3-BF4B-00C04F79EFBC}") = "DotSpatial.Plugins.ExtensionManager", "DotSpatial.Plugins.ExtensionManager\DotSpatial.Plugins.ExtensionManager.csproj", "{D58E5921-9C7B-4276-ABF1-F444EB050680}"
EndProject
Project("{FAE04EC0-301F-11D3-BF4B-00C04F79EFBC}") = "DotSpatial.Plugins.WebMap", "DotSpatial.Plugins.WebMap\DotSpatial.Plugins.WebMap.csproj", "{28D0059B-B140-454F-B6BC-0D107D76B4DD}"
EndProject
Project("{FAE04EC0-301F-11D3-BF4B-00C04F79EFBC}") = "DotSpatial.Plugins.SpatiaLite", "DotSpatial.Plugins.SpatiaLite\DotSpatial.Plugins.SpatiaLite.csproj", "{5C73542E-24BC-46A6-B6BF-10D180872312}"
EndProject
Project("{2150E333-8FDC-42A3-9474-1A3956D46DE8}") = "Core", "Core", "{0F7FCF26-2DB1-4653-B5B5-24C4731339B6}"
EndProject
Project("{FAE04EC0-301F-11D3-BF4B-00C04F79EFBC}") = "DotSpatial.Plugins.Taudem", "DotSpatial.Plugins.Taudem\DotSpatial.Plugins.Taudem.csproj", "{8B41651D-47CC-416D-93A1-C74B1B01FDB2}"
EndProject
Project("{FAE04EC0-301F-11D3-BF4B-00C04F79EFBC}") = "DotSpatial.Plugins.Help", "DotSpatial.Plugins.Help\DotSpatial.Plugins.Help.csproj", "{2609869B-5A49-4E93-8FC6-3B1D06C59C96}"
EndProject
Project("{FAE04EC0-301F-11D3-BF4B-00C04F79EFBC}") = "DotSpatial.Extensions", "DotSpatial.Extensions\DotSpatial.Extensions.csproj", "{9108B04D-A3DE-4981-B66F-496078D462FE}"
EndProject
Project("{FAE04EC0-301F-11D3-BF4B-00C04F79EFBC}") = "DotSpatial.Plugins.ToolManager", "DotSpatial.Plugins.ToolManager\DotSpatial.Plugins.ToolManager.csproj", "{7888B17F-915E-4648-9C49-8B4B42808B7B}"
EndProject
Project("{F184B08F-C81C-45F6-A57F-5ABD9991F28F}") = "DotSpatial.Plugins.Taudem.Port", "DotSpatial.Plugins.Taudem.Port\DotSpatial.Plugins.Taudem.Port.vbproj", "{820E1426-5BAE-4834-88FB-EC407D4E5CC8}"
EndProject
Project("{FAE04EC0-301F-11D3-BF4B-00C04F79EFBC}") = "DotSpatial.Plugins.LiDAR", "DotSpatial.Plugins.LiDAR\DotSpatial.Plugins.LiDAR.csproj", "{B2335CBA-5E66-4A2D-9F6E-1224E06F2E57}"
EndProject
Project("{FAE04EC0-301F-11D3-BF4B-00C04F79EFBC}") = "DotSpatial.Examples.BasicDesktopMapping", "DotSpatial.Examples.BasicDesktopMapping\DotSpatial.Examples.BasicDesktopMapping.csproj", "{5520B6CB-3124-4B1A-A15C-DC4637F618C3}"
EndProject
Project("{FAE04EC0-301F-11D3-BF4B-00C04F79EFBC}") = "DotSpatial.Plugins.TableEditor", "DotSpatial.Plugins.TableEditor\DotSpatial.Plugins.TableEditor.csproj", "{30B6615B-0275-494E-8686-2C72CD99DAB3}"
EndProject
Project("{FAE04EC0-301F-11D3-BF4B-00C04F79EFBC}") = "DotSpatial.Examples.LoadingExtensions", "DotSpatial.Examples.LoadingExtensions\DotSpatial.Examples.LoadingExtensions.csproj", "{5E5D5BF6-E7F1-4E10-9CD3-0A3CA902AD21}"
EndProject
Project("{FAE04EC0-301F-11D3-BF4B-00C04F79EFBC}") = "DotSpatial.Plugins.FindFeature", "DotSpatial.Plugins.FindFeature\DotSpatial.Plugins.FindFeature.csproj", "{C828727C-318C-4A8B-9B26-4C76E6CA88F0}"
EndProject
Project("{F184B08F-C81C-45F6-A57F-5ABD9991F28F}") = "DotSpatial.Plugins.ScriptRunner", "DotSpatial.Plugins.ScriptRunner\DotSpatial.Plugins.ScriptRunner.vbproj", "{858B3B4A-CF0A-4E64-94A1-B3751C93D1E1}"
EndProject
Project("{FAE04EC0-301F-11D3-BF4B-00C04F79EFBC}") = "DotSpatial.Plugins.ScriptRunner.CSharpCodeCompletion", "DotSpatial.Plugins.ScriptRunner.CSharpCodeCompletion\DotSpatial.Plugins.ScriptRunner.CSharpCodeCompletion.csproj", "{489CFE09-FDF7-4C89-BAB5-BD09CADD61AD}"
EndProject
Project("{FAE04EC0-301F-11D3-BF4B-00C04F79EFBC}") = "DotSpatial.Plugins.MapWindowProjectFileCompatibility", "DotSpatial.Plugins.MapWindowProjectFileCompatibility\DotSpatial.Plugins.MapWindowProjectFileCompatibility.csproj", "{46A259E2-40C3-48D5-A23D-22104056CEDF}"
EndProject
Project("{FAE04EC0-301F-11D3-BF4B-00C04F79EFBC}") = "DotSpatial.Plugins.Measure", "DotSpatial.Plugins.Measure\DotSpatial.Plugins.Measure.csproj", "{A0FD21C0-D7EE-485E-803D-2C59B37D5A72}"
EndProject
Project("{FAE04EC0-301F-11D3-BF4B-00C04F79EFBC}") = "DotSpatial.Plugins.Contourer", "DotSpatial.Plugins.Contourer\DotSpatial.Plugins.Contourer.csproj", "{735DEE23-1732-4D18-8341-E8E2482F3BB4}"
EndProject
Project("{FAE04EC0-301F-11D3-BF4B-00C04F79EFBC}") = "DotSpatial.Plugins.WFSClient", "DotSpatial.Plugins.WFSClient\DotSpatial.Plugins.WFSClient.csproj", "{167E5199-0B69-4A4B-BC7B-C81D8476B1F6}"
EndProject
Project("{2150E333-8FDC-42A3-9474-1A3956D46DE8}") = ".nuget", ".nuget", "{D2D76B54-1BC0-427D-B0D1-60968D5C4097}"
	ProjectSection(SolutionItems) = preProject
		.nuget\NuGet.exe = .nuget\NuGet.exe
		.nuget\NuGet.targets = .nuget\NuGet.targets
	EndProjectSection
EndProject
Project("{FAE04EC0-301F-11D3-BF4B-00C04F79EFBC}") = "DotSpatial.Plugins.SimpleLegend", "DotSpatial.Plugins.Legend\DotSpatial.Plugins.SimpleLegend.csproj", "{D85281B4-6012-42A0-A8F1-B29068A3F433}"
EndProject
Project("{FAE04EC0-301F-11D3-BF4B-00C04F79EFBC}") = "NunitTests", "NunitTests\NunitTests.csproj", "{100E368B-27C8-41B5-8565-8326A8AA1D7D}"
EndProject
Project("{FAE04EC0-301F-11D3-BF4B-00C04F79EFBC}") = "DotSpatial.Mono", "DotSpatial.Mono\DotSpatial.Mono.csproj", "{BDC11A53-B435-4B9F-B8FA-06BE940ACDA8}"
EndProject
Project("{2150E333-8FDC-42A3-9474-1A3956D46DE8}") = "Tests", "Tests", "{12970967-D98D-4777-A5F8-11A9F037CC28}"
EndProject
Project("{FAE04EC0-301F-11D3-BF4B-00C04F79EFBC}") = "DotSpatial.Analysis.Tests", "DotSpatial.Analysis.Tests\DotSpatial.Analysis.Tests.csproj", "{11DF9872-A74C-4FE8-A139-DB9EC60C1E6E}"
EndProject
Project("{FAE04EC0-301F-11D3-BF4B-00C04F79EFBC}") = "DotSpatial.Controls.Tests", "DotSpatial.Controls.Tests\DotSpatial.Controls.Tests.csproj", "{027B40CF-E09F-4A7B-909D-523D6BEB03F6}"
EndProject
Project("{FAE04EC0-301F-11D3-BF4B-00C04F79EFBC}") = "DotSpatial.Plugins.ExtensionManager.Tests", "DotSpatial.Plugins.ExtensionManager.Tests\DotSpatial.Plugins.ExtensionManager.Tests.csproj", "{3B9F0407-F461-4A3C-BD79-9C8599A9F4F5}"
EndProject
Project("{FAE04EC0-301F-11D3-BF4B-00C04F79EFBC}") = "DotSpatial.Symbology.Tests", "DotSpatial.Symbology.Tests\DotSpatial.Symbology.Tests.csproj", "{AB54D5FB-C908-4A26-85CC-DEA227D4914C}"
EndProject
Project("{FAE04EC0-301F-11D3-BF4B-00C04F79EFBC}") = "DotSpatial.Projection.Tests", "DotSpatial.Projection.Tests\DotSpatial.Projection.Tests.csproj", "{945A2FD7-C93C-456B-80A2-04FCBC6AFC51}"
EndProject
Project("{FAE04EC0-301F-11D3-BF4B-00C04F79EFBC}") = "DotSpatial.Serialization.Tests", "DotSpatial.Serialization.Tests\DotSpatial.Serialization.Tests.csproj", "{9A4A2CBC-0BEB-4C3E-99D0-E141B7BAE0F7}"
EndProject
Project("{FAE04EC0-301F-11D3-BF4B-00C04F79EFBC}") = "DotSpatial.Topology.Tests", "DotSpatial.Topology.Tests\DotSpatial.Topology.Tests.csproj", "{768274C4-15C5-46CA-91FB-D600B828071D}"
EndProject
Project("{FAE04EC0-301F-11D3-BF4B-00C04F79EFBC}") = "DotSpatial.Data.Tests", "DotSpatial.Data.Tests\DotSpatial.Data.Tests.csproj", "{4997615E-8C0C-498B-AB73-076454481964}"
EndProject
Project("{FAE04EC0-301F-11D3-BF4B-00C04F79EFBC}") = "DotSpatial.Tests", "DotSpatial.Tests\DotSpatial.Tests.csproj", "{3802D978-30CE-4756-82A4-428D6E1A6AF2}"
EndProject
Project("{FAE04EC0-301F-11D3-BF4B-00C04F79EFBC}") = "DotSpatial.Tools.Tests", "DotSpatial.Tools.Tests\DotSpatial.Tools.Tests.csproj", "{12F70CE7-AFEE-4B6C-BDC5-5361F4DF0B8A}"
EndProject
Global
	GlobalSection(TeamFoundationVersionControl) = preSolution
		SccNumberOfProjects = 56
		SccEnterpriseProvider = {4CA58AB2-18FA-4F8D-95D4-32DDF27D184C}
		SccTeamFoundationServer = https://tfs.codeplex.com/tfs/tfs03
		SccLocalPath0 = .
		SccProjectUniqueName1 = DotSpatial.Serialization\\DotSpatial.Serialization.csproj
		SccProjectTopLevelParentUniqueName1 = DotSpatial-VS2010.sln
		SccProjectName1 = DotSpatial.Serialization
		SccLocalPath1 = DotSpatial.Serialization
		SccProjectUniqueName2 = DotSpatial.Topology\\DotSpatial.Topology.csproj
		SccProjectTopLevelParentUniqueName2 = DotSpatial-VS2010.sln
		SccProjectName2 = DotSpatial.Topology
		SccLocalPath2 = DotSpatial.Topology
		SccProjectUniqueName3 = DotSpatial.Projections\\DotSpatial.Projections.csproj
		SccProjectTopLevelParentUniqueName3 = DotSpatial-VS2010.sln
		SccProjectName3 = DotSpatial.Projections
		SccLocalPath3 = DotSpatial.Projections
		SccProjectUniqueName4 = DotSpatial.Data\\DotSpatial.Data.csproj
		SccProjectTopLevelParentUniqueName4 = DotSpatial-VS2010.sln
		SccProjectName4 = DotSpatial.Data
		SccLocalPath4 = DotSpatial.Data
		SccProjectUniqueName5 = DotSpatial.Symbology\\DotSpatial.Symbology.csproj
		SccProjectTopLevelParentUniqueName5 = DotSpatial-VS2010.sln
		SccProjectName5 = DotSpatial.Symbology
		SccLocalPath5 = DotSpatial.Symbology
		SccProjectUniqueName6 = DotSpatial.Controls\\DotSpatial.Controls.csproj
		SccProjectTopLevelParentUniqueName6 = DotSpatial-VS2010.sln
		SccProjectName6 = DotSpatial.Controls
		SccLocalPath6 = DotSpatial.Controls
		SccProjectUniqueName7 = DotSpatial.Compatibility\\DotSpatial.Compatibility.csproj
		SccProjectTopLevelParentUniqueName7 = DotSpatial-VS2010.sln
		SccProjectName7 = DotSpatial.Compatibility
		SccLocalPath7 = DotSpatial.Compatibility
		SccProjectUniqueName8 = DotSpatial.Analysis\\DotSpatial.Analysis.csproj
		SccProjectTopLevelParentUniqueName8 = DotSpatial-VS2010.sln
		SccProjectName8 = DotSpatial.Analysis
		SccLocalPath8 = DotSpatial.Analysis
		SccProjectUniqueName9 = DotSpatial.Tools\\DotSpatial.Tools.csproj
		SccProjectTopLevelParentUniqueName9 = DotSpatial-VS2010.sln
		SccProjectName9 = DotSpatial.Tools
		SccLocalPath9 = DotSpatial.Tools
		SccProjectUniqueName10 = DotSpatial.Data.Rasters.GdalExtension\\DotSpatial.Data.Rasters.GdalExtension.csproj
		SccProjectTopLevelParentUniqueName10 = DotSpatial-VS2010.sln
		SccProjectName10 = DotSpatial.Data.Rasters.GdalExtension
		SccLocalPath10 = DotSpatial.Data.Rasters.GdalExtension
		SccProjectUniqueName11 = DotSpatial.Examples.DemoMap\\DemoMap.csproj
		SccProjectTopLevelParentUniqueName11 = DotSpatial-VS2010.sln
		SccProjectName11 = DotSpatial.Examples.DemoMap
		SccLocalPath11 = DotSpatial.Examples.DemoMap
		SccProjectUniqueName12 = DotSpatial.Data.Forms\\DotSpatial.Data.Forms.csproj
		SccProjectTopLevelParentUniqueName12 = DotSpatial-VS2010.sln
		SccProjectName12 = DotSpatial.Data.Forms
		SccLocalPath12 = DotSpatial.Data.Forms
		SccProjectUniqueName13 = DotSpatial.Modeling.Forms\\DotSpatial.Modeling.Forms.csproj
		SccProjectTopLevelParentUniqueName13 = DotSpatial-VS2010.sln
		SccProjectName13 = DotSpatial.Modeling.Forms
		SccLocalPath13 = DotSpatial.Modeling.Forms
		SccProjectUniqueName14 = DotSpatial.Projections.Forms\\DotSpatial.Projections.Forms.csproj
		SccProjectTopLevelParentUniqueName14 = DotSpatial-VS2010.sln
		SccProjectName14 = DotSpatial.Projections.Forms
		SccLocalPath14 = DotSpatial.Projections.Forms
		SccProjectUniqueName15 = DotSpatial.Symbology.Forms\\DotSpatial.Symbology.Forms.csproj
		SccProjectTopLevelParentUniqueName15 = DotSpatial-VS2010.sln
		SccProjectName15 = DotSpatial.Symbology.Forms
		SccLocalPath15 = DotSpatial.Symbology.Forms
		SccProjectUniqueName16 = DotSpatial.Examples.DemoGPS\\C#\\DemoGPS.csproj
		SccProjectTopLevelParentUniqueName16 = DotSpatial-VS2010.sln
		SccProjectName16 = DotSpatial.Examples.DemoGPS/C#
		SccLocalPath16 = DotSpatial.Examples.DemoGPS\\C#
		SccProjectUniqueName17 = DotSpatial.Examples.DemoPlugin\\DemoPlugin.csproj
		SccProjectTopLevelParentUniqueName17 = DotSpatial-VS2010.sln
		SccProjectName17 = DotSpatial.Examples.DemoPlugin
		SccLocalPath17 = DotSpatial.Examples.DemoPlugin
		SccProjectUniqueName18 = DotSpatial.Plugins.ShapeEditor\\DotSpatial.Plugins.ShapeEditor.csproj
		SccProjectTopLevelParentUniqueName18 = DotSpatial-VS2010.sln
		SccProjectName18 = DotSpatial.Plugins.ShapeEditor
		SccLocalPath18 = DotSpatial.Plugins.ShapeEditor
		SccProjectUniqueName19 = DotSpatial.Plugins.MenuBar\\DotSpatial.Plugins.MenuBar.csproj
		SccProjectTopLevelParentUniqueName19 = DotSpatial-VS2010.sln
		SccProjectName19 = DotSpatial.Plugins.MenuBar
		SccLocalPath19 = DotSpatial.Plugins.MenuBar
		SccProjectUniqueName20 = DotSpatial.Plugins.About\\DotSpatial.Plugins.About.csproj
		SccProjectTopLevelParentUniqueName20 = DotSpatial-VS2010.sln
		SccProjectName20 = DotSpatial.Plugins.About
		SccLocalPath20 = DotSpatial.Plugins.About
		SccProjectUniqueName21 = DotSpatial.Plugins.ClickOnceUpdater\\DotSpatial.Plugins.ClickOnceUpdater.csproj
		SccProjectTopLevelParentUniqueName21 = DotSpatial-VS2010.sln
		SccProjectName21 = DotSpatial.Plugins.ClickOnceUpdater
		SccLocalPath21 = DotSpatial.Plugins.ClickOnceUpdater
		SccProjectUniqueName22 = DotSpatial.Plugins.ExtensionManager\\DotSpatial.Plugins.ExtensionManager.csproj
		SccProjectTopLevelParentUniqueName22 = DotSpatial-VS2010.sln
		SccProjectName22 = DotSpatial.Plugins.ExtensionManager
		SccLocalPath22 = DotSpatial.Plugins.ExtensionManager
		SccProjectUniqueName23 = DotSpatial.Plugins.WebMap\\DotSpatial.Plugins.WebMap.csproj
		SccProjectTopLevelParentUniqueName23 = DotSpatial-VS2010.sln
		SccProjectName23 = DotSpatial.Plugins.WebMap
		SccLocalPath23 = DotSpatial.Plugins.WebMap
		SccProjectUniqueName24 = DotSpatial.Plugins.SpatiaLite\\DotSpatial.Plugins.SpatiaLite.csproj
		SccProjectTopLevelParentUniqueName24 = DotSpatial-VS2010.sln
		SccProjectName24 = DotSpatial.Plugins.SpatiaLite
		SccLocalPath24 = DotSpatial.Plugins.SpatiaLite
		SccProjectUniqueName25 = DotSpatial.Plugins.Taudem\\DotSpatial.Plugins.Taudem.csproj
		SccProjectTopLevelParentUniqueName25 = DotSpatial-VS2010.sln
		SccProjectName25 = DotSpatial.Plugins.Taudem
		SccLocalPath25 = DotSpatial.Plugins.Taudem
		SccProjectUniqueName26 = DotSpatial.Plugins.Help\\DotSpatial.Plugins.Help.csproj
		SccProjectTopLevelParentUniqueName26 = DotSpatial-VS2010.sln
		SccProjectName26 = DotSpatial.Plugins.Help
		SccLocalPath26 = DotSpatial.Plugins.Help
		SccProjectUniqueName27 = DotSpatial.Extensions\\DotSpatial.Extensions.csproj
		SccProjectTopLevelParentUniqueName27 = DotSpatial-VS2010.sln
		SccProjectName27 = DotSpatial.Extensions
		SccLocalPath27 = DotSpatial.Extensions
		SccProjectUniqueName28 = DotSpatial.Plugins.ToolManager\\DotSpatial.Plugins.ToolManager.csproj
		SccProjectTopLevelParentUniqueName28 = DotSpatial-VS2010.sln
		SccProjectName28 = DotSpatial.Plugins.ToolManager
		SccLocalPath28 = DotSpatial.Plugins.ToolManager
		SccProjectUniqueName29 = DotSpatial.Plugins.Taudem.Port\\DotSpatial.Plugins.Taudem.Port.vbproj
		SccProjectTopLevelParentUniqueName29 = DotSpatial-VS2010.sln
		SccProjectName29 = DotSpatial.Plugins.Taudem.Port
		SccLocalPath29 = DotSpatial.Plugins.Taudem.Port
		SccProjectUniqueName30 = DotSpatial.Plugins.LiDAR\\DotSpatial.Plugins.LiDAR.csproj
		SccProjectTopLevelParentUniqueName30 = DotSpatial-VS2010.sln
		SccProjectName30 = DotSpatial.Plugins.LiDAR
		SccLocalPath30 = DotSpatial.Plugins.LiDAR
		SccProjectUniqueName31 = DotSpatial.Examples.BasicDesktopMapping\\DotSpatial.Examples.BasicDesktopMapping.csproj
		SccProjectTopLevelParentUniqueName31 = DotSpatial-VS2010.sln
		SccProjectName31 = DotSpatial.Examples.BasicDesktopMapping
		SccLocalPath31 = DotSpatial.Examples.BasicDesktopMapping
		SccProjectUniqueName32 = DotSpatial.Plugins.TableEditor\\DotSpatial.Plugins.TableEditor.csproj
		SccProjectTopLevelParentUniqueName32 = DotSpatial-VS2010.sln
		SccProjectName32 = DotSpatial.Plugins.TableEditor
		SccLocalPath32 = DotSpatial.Plugins.TableEditor
		SccProjectUniqueName33 = DotSpatial.Examples.LoadingExtensions\\DotSpatial.Examples.LoadingExtensions.csproj
		SccProjectTopLevelParentUniqueName33 = DotSpatial-VS2010.sln
		SccProjectName33 = DotSpatial.Examples.LoadingExtensions
		SccLocalPath33 = DotSpatial.Examples.LoadingExtensions
		SccProjectUniqueName34 = DotSpatial.Plugins.FindFeature\\DotSpatial.Plugins.FindFeature.csproj
		SccProjectTopLevelParentUniqueName34 = DotSpatial-VS2010.sln
		SccProjectName34 = DotSpatial.Plugins.FindFeature
		SccLocalPath34 = DotSpatial.Plugins.FindFeature
		SccProjectUniqueName35 = DotSpatial.Plugins.ScriptRunner\\DotSpatial.Plugins.ScriptRunner.vbproj
		SccProjectTopLevelParentUniqueName35 = DotSpatial-VS2010.sln
		SccProjectName35 = DotSpatial.Plugins.ScriptRunner
		SccLocalPath35 = DotSpatial.Plugins.ScriptRunner
		SccProjectUniqueName36 = DotSpatial.Plugins.ScriptRunner.CSharpCodeCompletion\\DotSpatial.Plugins.ScriptRunner.CSharpCodeCompletion.csproj
		SccProjectTopLevelParentUniqueName36 = DotSpatial-VS2010.sln
		SccProjectName36 = DotSpatial.Plugins.ScriptRunner.CSharpCodeCompletion
		SccLocalPath36 = DotSpatial.Plugins.ScriptRunner.CSharpCodeCompletion
		SccProjectUniqueName37 = DotSpatial.Plugins.MapWindowProjectFileCompatibility\\DotSpatial.Plugins.MapWindowProjectFileCompatibility.csproj
		SccProjectTopLevelParentUniqueName37 = DotSpatial-VS2010.sln
		SccProjectName37 = DotSpatial.Plugins.MapWindowProjectFileCompatibility
		SccLocalPath37 = DotSpatial.Plugins.MapWindowProjectFileCompatibility
		SccProjectUniqueName38 = DotSpatial.Plugins.Measure\\DotSpatial.Plugins.Measure.csproj
		SccProjectTopLevelParentUniqueName38 = DotSpatial-VS2010.sln
		SccProjectName38 = DotSpatial.Plugins.Measure
		SccLocalPath38 = DotSpatial.Plugins.Measure
		SccProjectUniqueName39 = DotSpatial.Plugins.Contourer\\DotSpatial.Plugins.Contourer.csproj
		SccProjectTopLevelParentUniqueName39 = DotSpatial-VS2010.sln
		SccProjectName39 = DotSpatial.Plugins.Contourer
		SccLocalPath39 = DotSpatial.Plugins.Contourer
		SccProjectUniqueName40 = DotSpatial.Plugins.WFSClient\\DotSpatial.Plugins.WFSClient.csproj
		SccProjectTopLevelParentUniqueName40 = DotSpatial-VS2010.sln
		SccProjectName40 = DotSpatial.Plugins.WFSClient
		SccLocalPath40 = DotSpatial.Plugins.WFSClient
		SccProjectUniqueName41 = DotSpatial.Plugins.Legend\\DotSpatial.Plugins.SimpleLegend.csproj
		SccProjectTopLevelParentUniqueName41 = DotSpatial-VS2010.sln
		SccProjectName41 = DotSpatial.Plugins.Legend
		SccLocalPath41 = DotSpatial.Plugins.Legend
		SccProjectUniqueName42 = DotSpatial.Positioning.Forms\\DotSpatial.Positioning.Forms.csproj
		SccProjectTopLevelParentUniqueName42 = DotSpatial-VS2010.sln
		SccProjectName42 = DotSpatial.Positioning.Forms
		SccLocalPath42 = DotSpatial.Positioning.Forms
		SccProjectUniqueName43 = DotSpatial.Positioning\\DotSpatial.Positioning.csproj
		SccProjectTopLevelParentUniqueName43 = DotSpatial-VS2010.sln
		SccProjectName43 = DotSpatial.Positioning
		SccLocalPath43 = DotSpatial.Positioning
		SccProjectUniqueName44 = DotSpatial.Positioning.Design\\DotSpatial.Positioning.Design.csproj
		SccProjectTopLevelParentUniqueName44 = DotSpatial-VS2010.sln
		SccProjectName44 = DotSpatial.Positioning.Design
		SccLocalPath44 = DotSpatial.Positioning.Design
		SccProjectUniqueName45 = NunitTests\\NunitTests.csproj
		SccProjectTopLevelParentUniqueName45 = DotSpatial-VS2010.sln
		SccProjectName45 = NunitTests
		SccLocalPath45 = NunitTests
		SccProjectUniqueName46 = DotSpatial.Mono\\DotSpatial.Mono.csproj
		SccProjectTopLevelParentUniqueName46 = DotSpatial-VS2010.sln
		SccProjectName46 = DotSpatial.Mono
		SccLocalPath46 = DotSpatial.Mono
		SccProjectUniqueName47 = DotSpatial.Tools.Tests\\DotSpatial.Tools.Tests.csproj
		SccProjectTopLevelParentUniqueName47 = DotSpatial-VS2010.sln
		SccProjectName47 = DotSpatial.Tools.Tests
		SccLocalPath47 = DotSpatial.Tools.Tests
		SccProjectUniqueName48 = DotSpatial.Tests\\DotSpatial.Tests.csproj
		SccProjectTopLevelParentUniqueName48 = DotSpatial-VS2010.sln
		SccProjectName48 = DotSpatial.Tests
		SccLocalPath48 = DotSpatial.Tests
		SccProjectUniqueName49 = DotSpatial.Data.Tests\\DotSpatial.Data.Tests.csproj
		SccProjectTopLevelParentUniqueName49 = DotSpatial-VS2010.sln
		SccProjectName49 = DotSpatial.Data.Tests
		SccLocalPath49 = DotSpatial.Data.Tests
		SccProjectUniqueName50 = DotSpatial.Topology.Tests\\DotSpatial.Topology.Tests.csproj
		SccProjectTopLevelParentUniqueName50 = DotSpatial-VS2010.sln
		SccProjectName50 = DotSpatial.Topology.Tests
		SccLocalPath50 = DotSpatial.Topology.Tests
		SccProjectUniqueName51 = DotSpatial.Serialization.Tests\\DotSpatial.Serialization.Tests.csproj
		SccProjectTopLevelParentUniqueName51 = DotSpatial-VS2010.sln
		SccProjectName51 = DotSpatial.Serialization.Tests
		SccLocalPath51 = DotSpatial.Serialization.Tests
		SccProjectUniqueName52 = DotSpatial.Projection.Tests\\DotSpatial.Projection.Tests.csproj
		SccProjectTopLevelParentUniqueName52 = DotSpatial-VS2010.sln
		SccProjectName52 = DotSpatial.Projection.Tests
		SccLocalPath52 = DotSpatial.Projection.Tests
		SccProjectUniqueName53 = DotSpatial.Symbology.Tests\\DotSpatial.Symbology.Tests.csproj
		SccProjectTopLevelParentUniqueName53 = DotSpatial-VS2010.sln
		SccProjectName53 = DotSpatial.Symbology.Tests
		SccLocalPath53 = DotSpatial.Symbology.Tests
		SccProjectUniqueName54 = DotSpatial.Controls.Tests\\DotSpatial.Controls.Tests.csproj
		SccProjectTopLevelParentUniqueName54 = DotSpatial-VS2010.sln
		SccProjectName54 = DotSpatial.Controls.Tests
		SccLocalPath54 = DotSpatial.Controls.Tests
		SccProjectUniqueName55 = DotSpatial.Analysis.Tests\\DotSpatial.Analysis.Tests.csproj
		SccProjectTopLevelParentUniqueName55 = DotSpatial-VS2010.sln
		SccProjectName55 = DotSpatial.Analysis.Tests
		SccLocalPath55 = DotSpatial.Analysis.Tests
	EndGlobalSection
	GlobalSection(TestCaseManagementSettings) = postSolution
		CategoryFile = DotSpatial.vsmdi
	EndGlobalSection
	GlobalSection(SolutionConfigurationPlatforms) = preSolution
		Debug|Any CPU = Debug|Any CPU
		Debug|Mixed Platforms = Debug|Mixed Platforms
		Debug|x86 = Debug|x86
		Release|Any CPU = Release|Any CPU
		Release|Mixed Platforms = Release|Mixed Platforms
		Release|x86 = Release|x86
	EndGlobalSection
	GlobalSection(ProjectConfigurationPlatforms) = postSolution
		{9B692E11-0273-4331-9B15-1670093EDDBF}.Debug|Any CPU.ActiveCfg = Debug|Any CPU
		{9B692E11-0273-4331-9B15-1670093EDDBF}.Debug|Any CPU.Build.0 = Debug|Any CPU
		{9B692E11-0273-4331-9B15-1670093EDDBF}.Debug|Mixed Platforms.ActiveCfg = Debug|Any CPU
		{9B692E11-0273-4331-9B15-1670093EDDBF}.Debug|Mixed Platforms.Build.0 = Debug|Any CPU
		{9B692E11-0273-4331-9B15-1670093EDDBF}.Debug|x86.ActiveCfg = Debug|Any CPU
		{9B692E11-0273-4331-9B15-1670093EDDBF}.Release|Any CPU.ActiveCfg = Release|Any CPU
		{9B692E11-0273-4331-9B15-1670093EDDBF}.Release|Any CPU.Build.0 = Release|Any CPU
		{9B692E11-0273-4331-9B15-1670093EDDBF}.Release|Mixed Platforms.ActiveCfg = Release|Any CPU
		{9B692E11-0273-4331-9B15-1670093EDDBF}.Release|Mixed Platforms.Build.0 = Release|Any CPU
		{9B692E11-0273-4331-9B15-1670093EDDBF}.Release|x86.ActiveCfg = Release|Any CPU
		{A8079861-C636-4ECE-99C1-AD313276787B}.Debug|Any CPU.ActiveCfg = Debug|Any CPU
		{A8079861-C636-4ECE-99C1-AD313276787B}.Debug|Any CPU.Build.0 = Debug|Any CPU
		{A8079861-C636-4ECE-99C1-AD313276787B}.Debug|Mixed Platforms.ActiveCfg = Debug|Any CPU
		{A8079861-C636-4ECE-99C1-AD313276787B}.Debug|Mixed Platforms.Build.0 = Debug|Any CPU
		{A8079861-C636-4ECE-99C1-AD313276787B}.Debug|x86.ActiveCfg = Debug|Any CPU
		{A8079861-C636-4ECE-99C1-AD313276787B}.Release|Any CPU.ActiveCfg = Release|Any CPU
		{A8079861-C636-4ECE-99C1-AD313276787B}.Release|Any CPU.Build.0 = Release|Any CPU
		{A8079861-C636-4ECE-99C1-AD313276787B}.Release|Mixed Platforms.ActiveCfg = Release|Any CPU
		{A8079861-C636-4ECE-99C1-AD313276787B}.Release|Mixed Platforms.Build.0 = Release|Any CPU
		{A8079861-C636-4ECE-99C1-AD313276787B}.Release|x86.ActiveCfg = Release|Any CPU
		{D286DF06-21FA-40BE-B384-6ACA509AC98C}.Debug|Any CPU.ActiveCfg = Debug|Any CPU
		{D286DF06-21FA-40BE-B384-6ACA509AC98C}.Debug|Any CPU.Build.0 = Debug|Any CPU
		{D286DF06-21FA-40BE-B384-6ACA509AC98C}.Debug|Mixed Platforms.ActiveCfg = Debug|Any CPU
		{D286DF06-21FA-40BE-B384-6ACA509AC98C}.Debug|Mixed Platforms.Build.0 = Debug|Any CPU
		{D286DF06-21FA-40BE-B384-6ACA509AC98C}.Debug|x86.ActiveCfg = Debug|Any CPU
		{D286DF06-21FA-40BE-B384-6ACA509AC98C}.Release|Any CPU.ActiveCfg = Release|Any CPU
		{D286DF06-21FA-40BE-B384-6ACA509AC98C}.Release|Any CPU.Build.0 = Release|Any CPU
		{D286DF06-21FA-40BE-B384-6ACA509AC98C}.Release|Mixed Platforms.ActiveCfg = Release|Any CPU
		{D286DF06-21FA-40BE-B384-6ACA509AC98C}.Release|Mixed Platforms.Build.0 = Release|Any CPU
		{D286DF06-21FA-40BE-B384-6ACA509AC98C}.Release|x86.ActiveCfg = Release|Any CPU
		{C1018695-3401-47A9-B195-ABD3A20C2489}.Debug|Any CPU.ActiveCfg = Debug|Any CPU
		{C1018695-3401-47A9-B195-ABD3A20C2489}.Debug|Any CPU.Build.0 = Debug|Any CPU
		{C1018695-3401-47A9-B195-ABD3A20C2489}.Debug|Mixed Platforms.ActiveCfg = Debug|Any CPU
		{C1018695-3401-47A9-B195-ABD3A20C2489}.Debug|Mixed Platforms.Build.0 = Debug|Any CPU
		{C1018695-3401-47A9-B195-ABD3A20C2489}.Debug|x86.ActiveCfg = Debug|Any CPU
		{C1018695-3401-47A9-B195-ABD3A20C2489}.Release|Any CPU.ActiveCfg = Release|Any CPU
		{C1018695-3401-47A9-B195-ABD3A20C2489}.Release|Any CPU.Build.0 = Release|Any CPU
		{C1018695-3401-47A9-B195-ABD3A20C2489}.Release|Mixed Platforms.ActiveCfg = Release|Any CPU
		{C1018695-3401-47A9-B195-ABD3A20C2489}.Release|Mixed Platforms.Build.0 = Release|Any CPU
		{C1018695-3401-47A9-B195-ABD3A20C2489}.Release|x86.ActiveCfg = Release|Any CPU
		{21C1D7A7-E8E5-4590-A921-2287AD43CB98}.Debug|Any CPU.ActiveCfg = Debug|Any CPU
		{21C1D7A7-E8E5-4590-A921-2287AD43CB98}.Debug|Any CPU.Build.0 = Debug|Any CPU
		{21C1D7A7-E8E5-4590-A921-2287AD43CB98}.Debug|Mixed Platforms.ActiveCfg = Debug|Any CPU
		{21C1D7A7-E8E5-4590-A921-2287AD43CB98}.Debug|Mixed Platforms.Build.0 = Debug|Any CPU
		{21C1D7A7-E8E5-4590-A921-2287AD43CB98}.Debug|x86.ActiveCfg = Debug|Any CPU
		{21C1D7A7-E8E5-4590-A921-2287AD43CB98}.Release|Any CPU.ActiveCfg = Release|Any CPU
		{21C1D7A7-E8E5-4590-A921-2287AD43CB98}.Release|Any CPU.Build.0 = Release|Any CPU
		{21C1D7A7-E8E5-4590-A921-2287AD43CB98}.Release|Mixed Platforms.ActiveCfg = Release|Any CPU
		{21C1D7A7-E8E5-4590-A921-2287AD43CB98}.Release|Mixed Platforms.Build.0 = Release|Any CPU
		{21C1D7A7-E8E5-4590-A921-2287AD43CB98}.Release|x86.ActiveCfg = Release|Any CPU
		{01A845C6-D391-4258-81B0-C6ABF23D3364}.Debug|Any CPU.ActiveCfg = Debug|Any CPU
		{01A845C6-D391-4258-81B0-C6ABF23D3364}.Debug|Any CPU.Build.0 = Debug|Any CPU
		{01A845C6-D391-4258-81B0-C6ABF23D3364}.Debug|Mixed Platforms.ActiveCfg = Debug|Any CPU
		{01A845C6-D391-4258-81B0-C6ABF23D3364}.Debug|Mixed Platforms.Build.0 = Debug|Any CPU
		{01A845C6-D391-4258-81B0-C6ABF23D3364}.Debug|x86.ActiveCfg = Debug|Any CPU
		{01A845C6-D391-4258-81B0-C6ABF23D3364}.Release|Any CPU.ActiveCfg = Release|Any CPU
		{01A845C6-D391-4258-81B0-C6ABF23D3364}.Release|Any CPU.Build.0 = Release|Any CPU
		{01A845C6-D391-4258-81B0-C6ABF23D3364}.Release|Mixed Platforms.ActiveCfg = Release|Any CPU
		{01A845C6-D391-4258-81B0-C6ABF23D3364}.Release|Mixed Platforms.Build.0 = Release|Any CPU
		{01A845C6-D391-4258-81B0-C6ABF23D3364}.Release|x86.ActiveCfg = Release|Any CPU
		{56E70075-71E0-4FDA-BCA6-CF7581112354}.Debug|Any CPU.ActiveCfg = Debug|Any CPU
		{56E70075-71E0-4FDA-BCA6-CF7581112354}.Debug|Any CPU.Build.0 = Debug|Any CPU
		{56E70075-71E0-4FDA-BCA6-CF7581112354}.Debug|Mixed Platforms.ActiveCfg = Debug|Any CPU
		{56E70075-71E0-4FDA-BCA6-CF7581112354}.Debug|Mixed Platforms.Build.0 = Debug|Any CPU
		{56E70075-71E0-4FDA-BCA6-CF7581112354}.Debug|x86.ActiveCfg = Debug|Any CPU
		{56E70075-71E0-4FDA-BCA6-CF7581112354}.Release|Any CPU.ActiveCfg = Release|Any CPU
		{56E70075-71E0-4FDA-BCA6-CF7581112354}.Release|Any CPU.Build.0 = Release|Any CPU
		{56E70075-71E0-4FDA-BCA6-CF7581112354}.Release|Mixed Platforms.ActiveCfg = Release|Any CPU
		{56E70075-71E0-4FDA-BCA6-CF7581112354}.Release|Mixed Platforms.Build.0 = Release|Any CPU
		{56E70075-71E0-4FDA-BCA6-CF7581112354}.Release|x86.ActiveCfg = Release|Any CPU
		{F124E7C5-33CC-4B17-8C45-01E7D2E47DAB}.Debug|Any CPU.ActiveCfg = Debug|Any CPU
		{F124E7C5-33CC-4B17-8C45-01E7D2E47DAB}.Debug|Any CPU.Build.0 = Debug|Any CPU
		{F124E7C5-33CC-4B17-8C45-01E7D2E47DAB}.Debug|Mixed Platforms.ActiveCfg = Debug|Any CPU
		{F124E7C5-33CC-4B17-8C45-01E7D2E47DAB}.Debug|Mixed Platforms.Build.0 = Debug|Any CPU
		{F124E7C5-33CC-4B17-8C45-01E7D2E47DAB}.Debug|x86.ActiveCfg = Debug|Any CPU
		{F124E7C5-33CC-4B17-8C45-01E7D2E47DAB}.Release|Any CPU.ActiveCfg = Release|Any CPU
		{F124E7C5-33CC-4B17-8C45-01E7D2E47DAB}.Release|Any CPU.Build.0 = Release|Any CPU
		{F124E7C5-33CC-4B17-8C45-01E7D2E47DAB}.Release|Mixed Platforms.ActiveCfg = Release|Any CPU
		{F124E7C5-33CC-4B17-8C45-01E7D2E47DAB}.Release|Mixed Platforms.Build.0 = Release|Any CPU
		{F124E7C5-33CC-4B17-8C45-01E7D2E47DAB}.Release|x86.ActiveCfg = Release|Any CPU
		{878A9C2C-21AC-4E63-9819-715B66B63CF5}.Debug|Any CPU.ActiveCfg = Debug|Any CPU
		{878A9C2C-21AC-4E63-9819-715B66B63CF5}.Debug|Any CPU.Build.0 = Debug|Any CPU
		{878A9C2C-21AC-4E63-9819-715B66B63CF5}.Debug|Mixed Platforms.ActiveCfg = Debug|Any CPU
		{878A9C2C-21AC-4E63-9819-715B66B63CF5}.Debug|Mixed Platforms.Build.0 = Debug|Any CPU
		{878A9C2C-21AC-4E63-9819-715B66B63CF5}.Debug|x86.ActiveCfg = Debug|Any CPU
		{878A9C2C-21AC-4E63-9819-715B66B63CF5}.Release|Any CPU.ActiveCfg = Release|Any CPU
		{878A9C2C-21AC-4E63-9819-715B66B63CF5}.Release|Any CPU.Build.0 = Release|Any CPU
		{878A9C2C-21AC-4E63-9819-715B66B63CF5}.Release|Mixed Platforms.ActiveCfg = Release|Any CPU
		{878A9C2C-21AC-4E63-9819-715B66B63CF5}.Release|Mixed Platforms.Build.0 = Release|Any CPU
		{878A9C2C-21AC-4E63-9819-715B66B63CF5}.Release|x86.ActiveCfg = Release|Any CPU
		{51C6E16E-920E-4D36-B41E-D48ABEF837E7}.Debug|Any CPU.ActiveCfg = Debug|Any CPU
		{51C6E16E-920E-4D36-B41E-D48ABEF837E7}.Debug|Mixed Platforms.ActiveCfg = Debug|Any CPU
		{51C6E16E-920E-4D36-B41E-D48ABEF837E7}.Debug|Mixed Platforms.Build.0 = Debug|Any CPU
		{51C6E16E-920E-4D36-B41E-D48ABEF837E7}.Debug|x86.ActiveCfg = Debug|Any CPU
		{51C6E16E-920E-4D36-B41E-D48ABEF837E7}.Release|Any CPU.ActiveCfg = Release|Any CPU
		{51C6E16E-920E-4D36-B41E-D48ABEF837E7}.Release|Any CPU.Build.0 = Release|Any CPU
		{51C6E16E-920E-4D36-B41E-D48ABEF837E7}.Release|Mixed Platforms.ActiveCfg = Release|Any CPU
		{51C6E16E-920E-4D36-B41E-D48ABEF837E7}.Release|Mixed Platforms.Build.0 = Release|Any CPU
		{51C6E16E-920E-4D36-B41E-D48ABEF837E7}.Release|x86.ActiveCfg = Release|Any CPU
		{404204DE-C8BC-4438-A3F6-0636B4983A5B}.Debug|Any CPU.ActiveCfg = Debug|Any CPU
		{404204DE-C8BC-4438-A3F6-0636B4983A5B}.Debug|Any CPU.Build.0 = Debug|Any CPU
		{404204DE-C8BC-4438-A3F6-0636B4983A5B}.Debug|Mixed Platforms.ActiveCfg = Debug|Any CPU
		{404204DE-C8BC-4438-A3F6-0636B4983A5B}.Debug|Mixed Platforms.Build.0 = Debug|Any CPU
		{404204DE-C8BC-4438-A3F6-0636B4983A5B}.Debug|x86.ActiveCfg = Debug|Any CPU
		{404204DE-C8BC-4438-A3F6-0636B4983A5B}.Release|Any CPU.ActiveCfg = Release|Any CPU
		{404204DE-C8BC-4438-A3F6-0636B4983A5B}.Release|Any CPU.Build.0 = Release|Any CPU
		{404204DE-C8BC-4438-A3F6-0636B4983A5B}.Release|Mixed Platforms.ActiveCfg = Release|Any CPU
		{404204DE-C8BC-4438-A3F6-0636B4983A5B}.Release|Mixed Platforms.Build.0 = Release|Any CPU
		{404204DE-C8BC-4438-A3F6-0636B4983A5B}.Release|x86.ActiveCfg = Release|Any CPU
		{26E18588-B04D-4987-BF36-8206A7E36FF9}.Debug|Any CPU.ActiveCfg = Debug|Any CPU
		{26E18588-B04D-4987-BF36-8206A7E36FF9}.Debug|Mixed Platforms.ActiveCfg = Debug|Any CPU
		{26E18588-B04D-4987-BF36-8206A7E36FF9}.Debug|Mixed Platforms.Build.0 = Debug|Any CPU
		{26E18588-B04D-4987-BF36-8206A7E36FF9}.Debug|x86.ActiveCfg = Debug|Any CPU
		{26E18588-B04D-4987-BF36-8206A7E36FF9}.Release|Any CPU.ActiveCfg = Release|Any CPU
		{26E18588-B04D-4987-BF36-8206A7E36FF9}.Release|Any CPU.Build.0 = Release|Any CPU
		{26E18588-B04D-4987-BF36-8206A7E36FF9}.Release|Mixed Platforms.ActiveCfg = Release|Any CPU
		{26E18588-B04D-4987-BF36-8206A7E36FF9}.Release|Mixed Platforms.Build.0 = Release|Any CPU
		{26E18588-B04D-4987-BF36-8206A7E36FF9}.Release|x86.ActiveCfg = Release|Any CPU
		{7F9F4CB4-F86D-45F0-8FA0-00C5E19B72A0}.Debug|Any CPU.ActiveCfg = Debug|Any CPU
		{7F9F4CB4-F86D-45F0-8FA0-00C5E19B72A0}.Debug|Mixed Platforms.ActiveCfg = Debug|Any CPU
		{7F9F4CB4-F86D-45F0-8FA0-00C5E19B72A0}.Debug|Mixed Platforms.Build.0 = Debug|Any CPU
		{7F9F4CB4-F86D-45F0-8FA0-00C5E19B72A0}.Debug|x86.ActiveCfg = Debug|Any CPU
		{7F9F4CB4-F86D-45F0-8FA0-00C5E19B72A0}.Release|Any CPU.ActiveCfg = Release|Any CPU
		{7F9F4CB4-F86D-45F0-8FA0-00C5E19B72A0}.Release|Any CPU.Build.0 = Release|Any CPU
		{7F9F4CB4-F86D-45F0-8FA0-00C5E19B72A0}.Release|Mixed Platforms.ActiveCfg = Release|Any CPU
		{7F9F4CB4-F86D-45F0-8FA0-00C5E19B72A0}.Release|Mixed Platforms.Build.0 = Release|Any CPU
		{7F9F4CB4-F86D-45F0-8FA0-00C5E19B72A0}.Release|x86.ActiveCfg = Release|Any CPU
		{D4245DD6-79F6-466A-98D3-4AF15D8C39A9}.Debug|Any CPU.ActiveCfg = Debug|Any CPU
		{D4245DD6-79F6-466A-98D3-4AF15D8C39A9}.Debug|Mixed Platforms.ActiveCfg = Debug|Any CPU
		{D4245DD6-79F6-466A-98D3-4AF15D8C39A9}.Debug|Mixed Platforms.Build.0 = Debug|Any CPU
		{D4245DD6-79F6-466A-98D3-4AF15D8C39A9}.Debug|x86.ActiveCfg = Debug|Any CPU
		{D4245DD6-79F6-466A-98D3-4AF15D8C39A9}.Release|Any CPU.ActiveCfg = Release|Any CPU
		{D4245DD6-79F6-466A-98D3-4AF15D8C39A9}.Release|Any CPU.Build.0 = Release|Any CPU
		{D4245DD6-79F6-466A-98D3-4AF15D8C39A9}.Release|Mixed Platforms.ActiveCfg = Release|Any CPU
		{D4245DD6-79F6-466A-98D3-4AF15D8C39A9}.Release|Mixed Platforms.Build.0 = Release|Any CPU
		{D4245DD6-79F6-466A-98D3-4AF15D8C39A9}.Release|x86.ActiveCfg = Release|Any CPU
		{7B7195E7-C20E-49B9-9CB0-4F451A2463B6}.Debug|Any CPU.ActiveCfg = Debug|Any CPU
		{7B7195E7-C20E-49B9-9CB0-4F451A2463B6}.Debug|Any CPU.Build.0 = Debug|Any CPU
		{7B7195E7-C20E-49B9-9CB0-4F451A2463B6}.Debug|Mixed Platforms.ActiveCfg = Debug|Any CPU
		{7B7195E7-C20E-49B9-9CB0-4F451A2463B6}.Debug|Mixed Platforms.Build.0 = Debug|Any CPU
		{7B7195E7-C20E-49B9-9CB0-4F451A2463B6}.Debug|x86.ActiveCfg = Debug|Any CPU
		{7B7195E7-C20E-49B9-9CB0-4F451A2463B6}.Release|Any CPU.ActiveCfg = Release|Any CPU
		{7B7195E7-C20E-49B9-9CB0-4F451A2463B6}.Release|Any CPU.Build.0 = Release|Any CPU
		{7B7195E7-C20E-49B9-9CB0-4F451A2463B6}.Release|Mixed Platforms.ActiveCfg = Release|Any CPU
		{7B7195E7-C20E-49B9-9CB0-4F451A2463B6}.Release|Mixed Platforms.Build.0 = Release|Any CPU
		{7B7195E7-C20E-49B9-9CB0-4F451A2463B6}.Release|x86.ActiveCfg = Release|Any CPU
		{7ED7B00D-56EE-47CF-AAA5-34A09E40A566}.Debug|Any CPU.ActiveCfg = Debug|Any CPU
		{7ED7B00D-56EE-47CF-AAA5-34A09E40A566}.Debug|Any CPU.Build.0 = Debug|Any CPU
		{7ED7B00D-56EE-47CF-AAA5-34A09E40A566}.Debug|Mixed Platforms.ActiveCfg = Debug|Any CPU
		{7ED7B00D-56EE-47CF-AAA5-34A09E40A566}.Debug|Mixed Platforms.Build.0 = Debug|Any CPU
		{7ED7B00D-56EE-47CF-AAA5-34A09E40A566}.Debug|x86.ActiveCfg = Debug|Any CPU
		{7ED7B00D-56EE-47CF-AAA5-34A09E40A566}.Release|Any CPU.ActiveCfg = Release|Any CPU
		{7ED7B00D-56EE-47CF-AAA5-34A09E40A566}.Release|Any CPU.Build.0 = Release|Any CPU
		{7ED7B00D-56EE-47CF-AAA5-34A09E40A566}.Release|Mixed Platforms.ActiveCfg = Release|Any CPU
		{7ED7B00D-56EE-47CF-AAA5-34A09E40A566}.Release|Mixed Platforms.Build.0 = Release|Any CPU
		{7ED7B00D-56EE-47CF-AAA5-34A09E40A566}.Release|x86.ActiveCfg = Release|Any CPU
		{1DA244CE-5862-4DFB-8943-244A80B7E3EE}.Debug|Any CPU.ActiveCfg = Debug|Any CPU
		{1DA244CE-5862-4DFB-8943-244A80B7E3EE}.Debug|Any CPU.Build.0 = Debug|Any CPU
		{1DA244CE-5862-4DFB-8943-244A80B7E3EE}.Debug|Mixed Platforms.ActiveCfg = Debug|Any CPU
		{1DA244CE-5862-4DFB-8943-244A80B7E3EE}.Debug|Mixed Platforms.Build.0 = Debug|Any CPU
		{1DA244CE-5862-4DFB-8943-244A80B7E3EE}.Debug|x86.ActiveCfg = Debug|Any CPU
		{1DA244CE-5862-4DFB-8943-244A80B7E3EE}.Release|Any CPU.ActiveCfg = Release|Any CPU
		{1DA244CE-5862-4DFB-8943-244A80B7E3EE}.Release|Any CPU.Build.0 = Release|Any CPU
		{1DA244CE-5862-4DFB-8943-244A80B7E3EE}.Release|Mixed Platforms.ActiveCfg = Release|Any CPU
		{1DA244CE-5862-4DFB-8943-244A80B7E3EE}.Release|Mixed Platforms.Build.0 = Release|Any CPU
		{1DA244CE-5862-4DFB-8943-244A80B7E3EE}.Release|x86.ActiveCfg = Release|Any CPU
		{97EDE2AD-90D0-44B6-ADB6-AD20052C0B6F}.Debug|Any CPU.ActiveCfg = Debug|Any CPU
		{97EDE2AD-90D0-44B6-ADB6-AD20052C0B6F}.Debug|Any CPU.Build.0 = Debug|Any CPU
		{97EDE2AD-90D0-44B6-ADB6-AD20052C0B6F}.Debug|Mixed Platforms.ActiveCfg = Debug|Any CPU
		{97EDE2AD-90D0-44B6-ADB6-AD20052C0B6F}.Debug|Mixed Platforms.Build.0 = Debug|Any CPU
		{97EDE2AD-90D0-44B6-ADB6-AD20052C0B6F}.Debug|x86.ActiveCfg = Debug|Any CPU
		{97EDE2AD-90D0-44B6-ADB6-AD20052C0B6F}.Release|Any CPU.ActiveCfg = Release|Any CPU
		{97EDE2AD-90D0-44B6-ADB6-AD20052C0B6F}.Release|Any CPU.Build.0 = Release|Any CPU
		{97EDE2AD-90D0-44B6-ADB6-AD20052C0B6F}.Release|Mixed Platforms.ActiveCfg = Release|Any CPU
		{97EDE2AD-90D0-44B6-ADB6-AD20052C0B6F}.Release|Mixed Platforms.Build.0 = Release|Any CPU
		{97EDE2AD-90D0-44B6-ADB6-AD20052C0B6F}.Release|x86.ActiveCfg = Release|Any CPU
		{1E591A3F-D723-41DA-BD08-D38C27ABFD6C}.Debug|Any CPU.ActiveCfg = Debug|Any CPU
		{1E591A3F-D723-41DA-BD08-D38C27ABFD6C}.Debug|Mixed Platforms.ActiveCfg = Debug|Any CPU
		{1E591A3F-D723-41DA-BD08-D38C27ABFD6C}.Debug|Mixed Platforms.Build.0 = Debug|Any CPU
		{1E591A3F-D723-41DA-BD08-D38C27ABFD6C}.Debug|x86.ActiveCfg = Debug|Any CPU
		{1E591A3F-D723-41DA-BD08-D38C27ABFD6C}.Release|Any CPU.ActiveCfg = Release|Any CPU
		{1E591A3F-D723-41DA-BD08-D38C27ABFD6C}.Release|Any CPU.Build.0 = Release|Any CPU
		{1E591A3F-D723-41DA-BD08-D38C27ABFD6C}.Release|Mixed Platforms.ActiveCfg = Release|Any CPU
		{1E591A3F-D723-41DA-BD08-D38C27ABFD6C}.Release|Mixed Platforms.Build.0 = Release|Any CPU
		{1E591A3F-D723-41DA-BD08-D38C27ABFD6C}.Release|x86.ActiveCfg = Release|Any CPU
		{32A86A6E-6BA1-4F14-9E84-5BE4DD0CACA4}.Debug|Any CPU.ActiveCfg = Debug|Any CPU
		{32A86A6E-6BA1-4F14-9E84-5BE4DD0CACA4}.Debug|Mixed Platforms.ActiveCfg = Debug|Any CPU
		{32A86A6E-6BA1-4F14-9E84-5BE4DD0CACA4}.Debug|Mixed Platforms.Build.0 = Debug|Any CPU
		{32A86A6E-6BA1-4F14-9E84-5BE4DD0CACA4}.Debug|x86.ActiveCfg = Debug|Any CPU
		{32A86A6E-6BA1-4F14-9E84-5BE4DD0CACA4}.Release|Any CPU.ActiveCfg = Release|Any CPU
		{32A86A6E-6BA1-4F14-9E84-5BE4DD0CACA4}.Release|Mixed Platforms.ActiveCfg = Release|Any CPU
		{32A86A6E-6BA1-4F14-9E84-5BE4DD0CACA4}.Release|Mixed Platforms.Build.0 = Release|Any CPU
		{32A86A6E-6BA1-4F14-9E84-5BE4DD0CACA4}.Release|x86.ActiveCfg = Release|Any CPU
		{715F4E59-7362-4EB6-BA2E-3FFC54CBAA41}.Debug|Any CPU.ActiveCfg = Debug|Any CPU
		{715F4E59-7362-4EB6-BA2E-3FFC54CBAA41}.Debug|Any CPU.Build.0 = Debug|Any CPU
		{715F4E59-7362-4EB6-BA2E-3FFC54CBAA41}.Debug|Mixed Platforms.ActiveCfg = Debug|Any CPU
		{715F4E59-7362-4EB6-BA2E-3FFC54CBAA41}.Debug|Mixed Platforms.Build.0 = Debug|Any CPU
		{715F4E59-7362-4EB6-BA2E-3FFC54CBAA41}.Debug|x86.ActiveCfg = Debug|Any CPU
		{715F4E59-7362-4EB6-BA2E-3FFC54CBAA41}.Release|Any CPU.ActiveCfg = Release|Any CPU
		{715F4E59-7362-4EB6-BA2E-3FFC54CBAA41}.Release|Any CPU.Build.0 = Release|Any CPU
		{715F4E59-7362-4EB6-BA2E-3FFC54CBAA41}.Release|Mixed Platforms.ActiveCfg = Release|Any CPU
		{715F4E59-7362-4EB6-BA2E-3FFC54CBAA41}.Release|Mixed Platforms.Build.0 = Release|Any CPU
		{715F4E59-7362-4EB6-BA2E-3FFC54CBAA41}.Release|x86.ActiveCfg = Release|Any CPU
		{F5956768-54E1-4EEE-9199-35F1A12C8FFC}.Debug|Any CPU.ActiveCfg = Debug|Any CPU
		{F5956768-54E1-4EEE-9199-35F1A12C8FFC}.Debug|Any CPU.Build.0 = Debug|Any CPU
		{F5956768-54E1-4EEE-9199-35F1A12C8FFC}.Debug|Mixed Platforms.ActiveCfg = Debug|Any CPU
		{F5956768-54E1-4EEE-9199-35F1A12C8FFC}.Debug|Mixed Platforms.Build.0 = Debug|Any CPU
		{F5956768-54E1-4EEE-9199-35F1A12C8FFC}.Debug|x86.ActiveCfg = Debug|Any CPU
		{F5956768-54E1-4EEE-9199-35F1A12C8FFC}.Release|Any CPU.ActiveCfg = Release|Any CPU
		{F5956768-54E1-4EEE-9199-35F1A12C8FFC}.Release|Any CPU.Build.0 = Release|Any CPU
		{F5956768-54E1-4EEE-9199-35F1A12C8FFC}.Release|Mixed Platforms.ActiveCfg = Release|Any CPU
		{F5956768-54E1-4EEE-9199-35F1A12C8FFC}.Release|Mixed Platforms.Build.0 = Release|Any CPU
		{F5956768-54E1-4EEE-9199-35F1A12C8FFC}.Release|x86.ActiveCfg = Release|Any CPU
		{84A7D4BB-8404-4AC5-A9D4-3C667F2001DC}.Debug|Any CPU.ActiveCfg = Debug|Any CPU
		{84A7D4BB-8404-4AC5-A9D4-3C667F2001DC}.Debug|Any CPU.Build.0 = Debug|Any CPU
		{84A7D4BB-8404-4AC5-A9D4-3C667F2001DC}.Debug|Mixed Platforms.ActiveCfg = Debug|Any CPU
		{84A7D4BB-8404-4AC5-A9D4-3C667F2001DC}.Debug|Mixed Platforms.Build.0 = Debug|Any CPU
		{84A7D4BB-8404-4AC5-A9D4-3C667F2001DC}.Debug|x86.ActiveCfg = Debug|Any CPU
		{84A7D4BB-8404-4AC5-A9D4-3C667F2001DC}.Release|Any CPU.ActiveCfg = Release|Any CPU
		{84A7D4BB-8404-4AC5-A9D4-3C667F2001DC}.Release|Any CPU.Build.0 = Release|Any CPU
		{84A7D4BB-8404-4AC5-A9D4-3C667F2001DC}.Release|Mixed Platforms.ActiveCfg = Release|Any CPU
		{84A7D4BB-8404-4AC5-A9D4-3C667F2001DC}.Release|Mixed Platforms.Build.0 = Release|Any CPU
		{84A7D4BB-8404-4AC5-A9D4-3C667F2001DC}.Release|x86.ActiveCfg = Release|Any CPU
		{F249DB09-41BE-4581-A7A7-B50EA408900C}.Debug|Any CPU.ActiveCfg = Debug|Any CPU
		{F249DB09-41BE-4581-A7A7-B50EA408900C}.Debug|Any CPU.Build.0 = Debug|Any CPU
		{F249DB09-41BE-4581-A7A7-B50EA408900C}.Debug|Mixed Platforms.ActiveCfg = Debug|Any CPU
		{F249DB09-41BE-4581-A7A7-B50EA408900C}.Debug|Mixed Platforms.Build.0 = Debug|Any CPU
		{F249DB09-41BE-4581-A7A7-B50EA408900C}.Debug|x86.ActiveCfg = Debug|Any CPU
		{F249DB09-41BE-4581-A7A7-B50EA408900C}.Release|Any CPU.ActiveCfg = Release|Any CPU
		{F249DB09-41BE-4581-A7A7-B50EA408900C}.Release|Any CPU.Build.0 = Release|Any CPU
		{F249DB09-41BE-4581-A7A7-B50EA408900C}.Release|Mixed Platforms.ActiveCfg = Release|Any CPU
		{F249DB09-41BE-4581-A7A7-B50EA408900C}.Release|Mixed Platforms.Build.0 = Release|Any CPU
		{F249DB09-41BE-4581-A7A7-B50EA408900C}.Release|x86.ActiveCfg = Release|Any CPU
		{D58E5921-9C7B-4276-ABF1-F444EB050680}.Debug|Any CPU.ActiveCfg = Debug|Any CPU
		{D58E5921-9C7B-4276-ABF1-F444EB050680}.Debug|Any CPU.Build.0 = Debug|Any CPU
		{D58E5921-9C7B-4276-ABF1-F444EB050680}.Debug|Mixed Platforms.ActiveCfg = Debug|Any CPU
		{D58E5921-9C7B-4276-ABF1-F444EB050680}.Debug|Mixed Platforms.Build.0 = Debug|Any CPU
		{D58E5921-9C7B-4276-ABF1-F444EB050680}.Debug|x86.ActiveCfg = Debug|Any CPU
		{D58E5921-9C7B-4276-ABF1-F444EB050680}.Release|Any CPU.ActiveCfg = Release|Any CPU
		{D58E5921-9C7B-4276-ABF1-F444EB050680}.Release|Any CPU.Build.0 = Release|Any CPU
		{D58E5921-9C7B-4276-ABF1-F444EB050680}.Release|Mixed Platforms.ActiveCfg = Release|Any CPU
		{D58E5921-9C7B-4276-ABF1-F444EB050680}.Release|Mixed Platforms.Build.0 = Release|Any CPU
		{D58E5921-9C7B-4276-ABF1-F444EB050680}.Release|x86.ActiveCfg = Release|Any CPU
		{28D0059B-B140-454F-B6BC-0D107D76B4DD}.Debug|Any CPU.ActiveCfg = Debug|Any CPU
		{28D0059B-B140-454F-B6BC-0D107D76B4DD}.Debug|Mixed Platforms.ActiveCfg = Debug|Any CPU
		{28D0059B-B140-454F-B6BC-0D107D76B4DD}.Debug|Mixed Platforms.Build.0 = Debug|Any CPU
		{28D0059B-B140-454F-B6BC-0D107D76B4DD}.Debug|x86.ActiveCfg = Debug|Any CPU
		{28D0059B-B140-454F-B6BC-0D107D76B4DD}.Release|Any CPU.ActiveCfg = Release|Any CPU
		{28D0059B-B140-454F-B6BC-0D107D76B4DD}.Release|Any CPU.Build.0 = Release|Any CPU
		{28D0059B-B140-454F-B6BC-0D107D76B4DD}.Release|Mixed Platforms.ActiveCfg = Release|Any CPU
		{28D0059B-B140-454F-B6BC-0D107D76B4DD}.Release|Mixed Platforms.Build.0 = Release|Any CPU
		{28D0059B-B140-454F-B6BC-0D107D76B4DD}.Release|x86.ActiveCfg = Release|Any CPU
		{5C73542E-24BC-46A6-B6BF-10D180872312}.Debug|Any CPU.ActiveCfg = Debug|Any CPU
		{5C73542E-24BC-46A6-B6BF-10D180872312}.Debug|Mixed Platforms.ActiveCfg = Debug|Any CPU
		{5C73542E-24BC-46A6-B6BF-10D180872312}.Debug|Mixed Platforms.Build.0 = Debug|Any CPU
		{5C73542E-24BC-46A6-B6BF-10D180872312}.Debug|x86.ActiveCfg = Debug|Any CPU
		{5C73542E-24BC-46A6-B6BF-10D180872312}.Release|Any CPU.ActiveCfg = Release|Any CPU
		{5C73542E-24BC-46A6-B6BF-10D180872312}.Release|Any CPU.Build.0 = Release|Any CPU
		{5C73542E-24BC-46A6-B6BF-10D180872312}.Release|Mixed Platforms.ActiveCfg = Release|Any CPU
		{5C73542E-24BC-46A6-B6BF-10D180872312}.Release|Mixed Platforms.Build.0 = Release|Any CPU
		{5C73542E-24BC-46A6-B6BF-10D180872312}.Release|x86.ActiveCfg = Release|Any CPU
		{8B41651D-47CC-416D-93A1-C74B1B01FDB2}.Debug|Any CPU.ActiveCfg = Debug|Any CPU
		{8B41651D-47CC-416D-93A1-C74B1B01FDB2}.Debug|Any CPU.Build.0 = Debug|Any CPU
		{8B41651D-47CC-416D-93A1-C74B1B01FDB2}.Debug|Mixed Platforms.ActiveCfg = Debug|Any CPU
		{8B41651D-47CC-416D-93A1-C74B1B01FDB2}.Debug|Mixed Platforms.Build.0 = Debug|Any CPU
		{8B41651D-47CC-416D-93A1-C74B1B01FDB2}.Debug|x86.ActiveCfg = Debug|Any CPU
		{8B41651D-47CC-416D-93A1-C74B1B01FDB2}.Release|Any CPU.ActiveCfg = Release|Any CPU
		{8B41651D-47CC-416D-93A1-C74B1B01FDB2}.Release|Any CPU.Build.0 = Release|Any CPU
		{8B41651D-47CC-416D-93A1-C74B1B01FDB2}.Release|Mixed Platforms.ActiveCfg = Release|Any CPU
		{8B41651D-47CC-416D-93A1-C74B1B01FDB2}.Release|Mixed Platforms.Build.0 = Release|Any CPU
		{8B41651D-47CC-416D-93A1-C74B1B01FDB2}.Release|x86.ActiveCfg = Release|Any CPU
		{2609869B-5A49-4E93-8FC6-3B1D06C59C96}.Debug|Any CPU.ActiveCfg = Debug|Any CPU
		{2609869B-5A49-4E93-8FC6-3B1D06C59C96}.Debug|Any CPU.Build.0 = Debug|Any CPU
		{2609869B-5A49-4E93-8FC6-3B1D06C59C96}.Debug|Mixed Platforms.ActiveCfg = Debug|Any CPU
		{2609869B-5A49-4E93-8FC6-3B1D06C59C96}.Debug|Mixed Platforms.Build.0 = Debug|Any CPU
		{2609869B-5A49-4E93-8FC6-3B1D06C59C96}.Debug|x86.ActiveCfg = Debug|Any CPU
		{2609869B-5A49-4E93-8FC6-3B1D06C59C96}.Release|Any CPU.ActiveCfg = Release|Any CPU
		{2609869B-5A49-4E93-8FC6-3B1D06C59C96}.Release|Any CPU.Build.0 = Release|Any CPU
		{2609869B-5A49-4E93-8FC6-3B1D06C59C96}.Release|Mixed Platforms.ActiveCfg = Release|Any CPU
		{2609869B-5A49-4E93-8FC6-3B1D06C59C96}.Release|Mixed Platforms.Build.0 = Release|Any CPU
		{2609869B-5A49-4E93-8FC6-3B1D06C59C96}.Release|x86.ActiveCfg = Release|Any CPU
		{9108B04D-A3DE-4981-B66F-496078D462FE}.Debug|Any CPU.ActiveCfg = Debug|Any CPU
		{9108B04D-A3DE-4981-B66F-496078D462FE}.Debug|Any CPU.Build.0 = Debug|Any CPU
		{9108B04D-A3DE-4981-B66F-496078D462FE}.Debug|Mixed Platforms.ActiveCfg = Debug|Any CPU
		{9108B04D-A3DE-4981-B66F-496078D462FE}.Debug|Mixed Platforms.Build.0 = Debug|Any CPU
		{9108B04D-A3DE-4981-B66F-496078D462FE}.Debug|x86.ActiveCfg = Debug|Any CPU
		{9108B04D-A3DE-4981-B66F-496078D462FE}.Release|Any CPU.ActiveCfg = Release|Any CPU
		{9108B04D-A3DE-4981-B66F-496078D462FE}.Release|Any CPU.Build.0 = Release|Any CPU
		{9108B04D-A3DE-4981-B66F-496078D462FE}.Release|Mixed Platforms.ActiveCfg = Release|Any CPU
		{9108B04D-A3DE-4981-B66F-496078D462FE}.Release|Mixed Platforms.Build.0 = Release|Any CPU
		{9108B04D-A3DE-4981-B66F-496078D462FE}.Release|x86.ActiveCfg = Release|Any CPU
		{7888B17F-915E-4648-9C49-8B4B42808B7B}.Debug|Any CPU.ActiveCfg = Debug|Any CPU
		{7888B17F-915E-4648-9C49-8B4B42808B7B}.Debug|Any CPU.Build.0 = Debug|Any CPU
		{7888B17F-915E-4648-9C49-8B4B42808B7B}.Debug|Mixed Platforms.ActiveCfg = Debug|Any CPU
		{7888B17F-915E-4648-9C49-8B4B42808B7B}.Debug|Mixed Platforms.Build.0 = Debug|Any CPU
		{7888B17F-915E-4648-9C49-8B4B42808B7B}.Debug|x86.ActiveCfg = Debug|Any CPU
		{7888B17F-915E-4648-9C49-8B4B42808B7B}.Release|Any CPU.ActiveCfg = Release|Any CPU
		{7888B17F-915E-4648-9C49-8B4B42808B7B}.Release|Any CPU.Build.0 = Release|Any CPU
		{7888B17F-915E-4648-9C49-8B4B42808B7B}.Release|Mixed Platforms.ActiveCfg = Release|Any CPU
		{7888B17F-915E-4648-9C49-8B4B42808B7B}.Release|Mixed Platforms.Build.0 = Release|Any CPU
		{7888B17F-915E-4648-9C49-8B4B42808B7B}.Release|x86.ActiveCfg = Release|Any CPU
		{820E1426-5BAE-4834-88FB-EC407D4E5CC8}.Debug|Any CPU.ActiveCfg = Debug|Any CPU
		{820E1426-5BAE-4834-88FB-EC407D4E5CC8}.Debug|Any CPU.Build.0 = Debug|Any CPU
		{820E1426-5BAE-4834-88FB-EC407D4E5CC8}.Debug|Mixed Platforms.ActiveCfg = Debug|Any CPU
		{820E1426-5BAE-4834-88FB-EC407D4E5CC8}.Debug|Mixed Platforms.Build.0 = Debug|Any CPU
		{820E1426-5BAE-4834-88FB-EC407D4E5CC8}.Debug|x86.ActiveCfg = Debug|Any CPU
		{820E1426-5BAE-4834-88FB-EC407D4E5CC8}.Release|Any CPU.ActiveCfg = Release|Any CPU
		{820E1426-5BAE-4834-88FB-EC407D4E5CC8}.Release|Any CPU.Build.0 = Release|Any CPU
		{820E1426-5BAE-4834-88FB-EC407D4E5CC8}.Release|Mixed Platforms.ActiveCfg = Release|Any CPU
		{820E1426-5BAE-4834-88FB-EC407D4E5CC8}.Release|Mixed Platforms.Build.0 = Release|Any CPU
		{820E1426-5BAE-4834-88FB-EC407D4E5CC8}.Release|x86.ActiveCfg = Release|Any CPU
		{B2335CBA-5E66-4A2D-9F6E-1224E06F2E57}.Debug|Any CPU.ActiveCfg = Debug|Any CPU
		{B2335CBA-5E66-4A2D-9F6E-1224E06F2E57}.Debug|Any CPU.Build.0 = Debug|Any CPU
		{B2335CBA-5E66-4A2D-9F6E-1224E06F2E57}.Debug|Mixed Platforms.ActiveCfg = Debug|Any CPU
		{B2335CBA-5E66-4A2D-9F6E-1224E06F2E57}.Debug|Mixed Platforms.Build.0 = Debug|Any CPU
		{B2335CBA-5E66-4A2D-9F6E-1224E06F2E57}.Debug|x86.ActiveCfg = Debug|Any CPU
		{B2335CBA-5E66-4A2D-9F6E-1224E06F2E57}.Release|Any CPU.ActiveCfg = Release|Any CPU
		{B2335CBA-5E66-4A2D-9F6E-1224E06F2E57}.Release|Any CPU.Build.0 = Release|Any CPU
		{B2335CBA-5E66-4A2D-9F6E-1224E06F2E57}.Release|Mixed Platforms.ActiveCfg = Release|Any CPU
		{B2335CBA-5E66-4A2D-9F6E-1224E06F2E57}.Release|Mixed Platforms.Build.0 = Release|Any CPU
		{B2335CBA-5E66-4A2D-9F6E-1224E06F2E57}.Release|x86.ActiveCfg = Release|Any CPU
		{5520B6CB-3124-4B1A-A15C-DC4637F618C3}.Debug|Any CPU.ActiveCfg = Debug|x86
		{5520B6CB-3124-4B1A-A15C-DC4637F618C3}.Debug|Mixed Platforms.ActiveCfg = Debug|x86
		{5520B6CB-3124-4B1A-A15C-DC4637F618C3}.Debug|Mixed Platforms.Build.0 = Debug|x86
		{5520B6CB-3124-4B1A-A15C-DC4637F618C3}.Debug|x86.ActiveCfg = Debug|x86
		{5520B6CB-3124-4B1A-A15C-DC4637F618C3}.Debug|x86.Build.0 = Debug|x86
		{5520B6CB-3124-4B1A-A15C-DC4637F618C3}.Release|Any CPU.ActiveCfg = Release|x86
		{5520B6CB-3124-4B1A-A15C-DC4637F618C3}.Release|Mixed Platforms.ActiveCfg = Release|x86
		{5520B6CB-3124-4B1A-A15C-DC4637F618C3}.Release|Mixed Platforms.Build.0 = Release|x86
		{5520B6CB-3124-4B1A-A15C-DC4637F618C3}.Release|x86.ActiveCfg = Release|x86
		{5520B6CB-3124-4B1A-A15C-DC4637F618C3}.Release|x86.Build.0 = Release|x86
		{30B6615B-0275-494E-8686-2C72CD99DAB3}.Debug|Any CPU.ActiveCfg = Debug|Any CPU
		{30B6615B-0275-494E-8686-2C72CD99DAB3}.Debug|Any CPU.Build.0 = Debug|Any CPU
		{30B6615B-0275-494E-8686-2C72CD99DAB3}.Debug|Mixed Platforms.ActiveCfg = Debug|Any CPU
		{30B6615B-0275-494E-8686-2C72CD99DAB3}.Debug|Mixed Platforms.Build.0 = Debug|Any CPU
		{30B6615B-0275-494E-8686-2C72CD99DAB3}.Debug|x86.ActiveCfg = Debug|Any CPU
		{30B6615B-0275-494E-8686-2C72CD99DAB3}.Release|Any CPU.ActiveCfg = Release|Any CPU
		{30B6615B-0275-494E-8686-2C72CD99DAB3}.Release|Any CPU.Build.0 = Release|Any CPU
		{30B6615B-0275-494E-8686-2C72CD99DAB3}.Release|Mixed Platforms.ActiveCfg = Release|Any CPU
		{30B6615B-0275-494E-8686-2C72CD99DAB3}.Release|Mixed Platforms.Build.0 = Release|Any CPU
		{30B6615B-0275-494E-8686-2C72CD99DAB3}.Release|x86.ActiveCfg = Release|Any CPU
		{5E5D5BF6-E7F1-4E10-9CD3-0A3CA902AD21}.Debug|Any CPU.ActiveCfg = Debug|x86
		{5E5D5BF6-E7F1-4E10-9CD3-0A3CA902AD21}.Debug|Mixed Platforms.ActiveCfg = Debug|x86
		{5E5D5BF6-E7F1-4E10-9CD3-0A3CA902AD21}.Debug|Mixed Platforms.Build.0 = Debug|x86
		{5E5D5BF6-E7F1-4E10-9CD3-0A3CA902AD21}.Debug|x86.ActiveCfg = Debug|x86
		{5E5D5BF6-E7F1-4E10-9CD3-0A3CA902AD21}.Debug|x86.Build.0 = Debug|x86
		{5E5D5BF6-E7F1-4E10-9CD3-0A3CA902AD21}.Release|Any CPU.ActiveCfg = Release|x86
		{5E5D5BF6-E7F1-4E10-9CD3-0A3CA902AD21}.Release|Mixed Platforms.ActiveCfg = Release|x86
		{5E5D5BF6-E7F1-4E10-9CD3-0A3CA902AD21}.Release|Mixed Platforms.Build.0 = Release|x86
		{5E5D5BF6-E7F1-4E10-9CD3-0A3CA902AD21}.Release|x86.ActiveCfg = Release|x86
		{5E5D5BF6-E7F1-4E10-9CD3-0A3CA902AD21}.Release|x86.Build.0 = Release|x86
		{C828727C-318C-4A8B-9B26-4C76E6CA88F0}.Debug|Any CPU.ActiveCfg = Debug|Any CPU
		{C828727C-318C-4A8B-9B26-4C76E6CA88F0}.Debug|Any CPU.Build.0 = Debug|Any CPU
		{C828727C-318C-4A8B-9B26-4C76E6CA88F0}.Debug|Mixed Platforms.ActiveCfg = Debug|Any CPU
		{C828727C-318C-4A8B-9B26-4C76E6CA88F0}.Debug|Mixed Platforms.Build.0 = Debug|Any CPU
		{C828727C-318C-4A8B-9B26-4C76E6CA88F0}.Debug|x86.ActiveCfg = Debug|Any CPU
		{C828727C-318C-4A8B-9B26-4C76E6CA88F0}.Release|Any CPU.ActiveCfg = Release|Any CPU
		{C828727C-318C-4A8B-9B26-4C76E6CA88F0}.Release|Any CPU.Build.0 = Release|Any CPU
		{C828727C-318C-4A8B-9B26-4C76E6CA88F0}.Release|Mixed Platforms.ActiveCfg = Release|Any CPU
		{C828727C-318C-4A8B-9B26-4C76E6CA88F0}.Release|Mixed Platforms.Build.0 = Release|Any CPU
		{C828727C-318C-4A8B-9B26-4C76E6CA88F0}.Release|x86.ActiveCfg = Release|Any CPU
		{858B3B4A-CF0A-4E64-94A1-B3751C93D1E1}.Debug|Any CPU.ActiveCfg = Debug|Any CPU
		{858B3B4A-CF0A-4E64-94A1-B3751C93D1E1}.Debug|Mixed Platforms.ActiveCfg = Debug|Any CPU
		{858B3B4A-CF0A-4E64-94A1-B3751C93D1E1}.Debug|Mixed Platforms.Build.0 = Debug|Any CPU
		{858B3B4A-CF0A-4E64-94A1-B3751C93D1E1}.Debug|x86.ActiveCfg = Debug|Any CPU
		{858B3B4A-CF0A-4E64-94A1-B3751C93D1E1}.Release|Any CPU.ActiveCfg = Release|Any CPU
		{858B3B4A-CF0A-4E64-94A1-B3751C93D1E1}.Release|Any CPU.Build.0 = Release|Any CPU
		{858B3B4A-CF0A-4E64-94A1-B3751C93D1E1}.Release|Mixed Platforms.ActiveCfg = Release|Any CPU
		{858B3B4A-CF0A-4E64-94A1-B3751C93D1E1}.Release|Mixed Platforms.Build.0 = Release|Any CPU
		{858B3B4A-CF0A-4E64-94A1-B3751C93D1E1}.Release|x86.ActiveCfg = Release|Any CPU
		{489CFE09-FDF7-4C89-BAB5-BD09CADD61AD}.Debug|Any CPU.ActiveCfg = Debug|Any CPU
		{489CFE09-FDF7-4C89-BAB5-BD09CADD61AD}.Debug|Mixed Platforms.ActiveCfg = Debug|x86
		{489CFE09-FDF7-4C89-BAB5-BD09CADD61AD}.Debug|Mixed Platforms.Build.0 = Debug|x86
		{489CFE09-FDF7-4C89-BAB5-BD09CADD61AD}.Debug|x86.ActiveCfg = Debug|x86
		{489CFE09-FDF7-4C89-BAB5-BD09CADD61AD}.Debug|x86.Build.0 = Debug|x86
		{489CFE09-FDF7-4C89-BAB5-BD09CADD61AD}.Release|Any CPU.ActiveCfg = Release|Any CPU
		{489CFE09-FDF7-4C89-BAB5-BD09CADD61AD}.Release|Any CPU.Build.0 = Release|Any CPU
		{489CFE09-FDF7-4C89-BAB5-BD09CADD61AD}.Release|Mixed Platforms.ActiveCfg = Release|x86
		{489CFE09-FDF7-4C89-BAB5-BD09CADD61AD}.Release|Mixed Platforms.Build.0 = Release|x86
		{489CFE09-FDF7-4C89-BAB5-BD09CADD61AD}.Release|x86.ActiveCfg = Release|x86
		{489CFE09-FDF7-4C89-BAB5-BD09CADD61AD}.Release|x86.Build.0 = Release|x86
		{46A259E2-40C3-48D5-A23D-22104056CEDF}.Debug|Any CPU.ActiveCfg = Debug|Any CPU
		{46A259E2-40C3-48D5-A23D-22104056CEDF}.Debug|Any CPU.Build.0 = Debug|Any CPU
		{46A259E2-40C3-48D5-A23D-22104056CEDF}.Debug|Mixed Platforms.ActiveCfg = Debug|Any CPU
		{46A259E2-40C3-48D5-A23D-22104056CEDF}.Debug|Mixed Platforms.Build.0 = Debug|Any CPU
		{46A259E2-40C3-48D5-A23D-22104056CEDF}.Debug|x86.ActiveCfg = Debug|Any CPU
		{46A259E2-40C3-48D5-A23D-22104056CEDF}.Release|Any CPU.ActiveCfg = Release|Any CPU
		{46A259E2-40C3-48D5-A23D-22104056CEDF}.Release|Any CPU.Build.0 = Release|Any CPU
		{46A259E2-40C3-48D5-A23D-22104056CEDF}.Release|Mixed Platforms.ActiveCfg = Release|Any CPU
		{46A259E2-40C3-48D5-A23D-22104056CEDF}.Release|Mixed Platforms.Build.0 = Release|Any CPU
		{46A259E2-40C3-48D5-A23D-22104056CEDF}.Release|x86.ActiveCfg = Release|Any CPU
		{A0FD21C0-D7EE-485E-803D-2C59B37D5A72}.Debug|Any CPU.ActiveCfg = Debug|Any CPU
		{A0FD21C0-D7EE-485E-803D-2C59B37D5A72}.Debug|Any CPU.Build.0 = Debug|Any CPU
		{A0FD21C0-D7EE-485E-803D-2C59B37D5A72}.Debug|Mixed Platforms.ActiveCfg = Debug|Any CPU
		{A0FD21C0-D7EE-485E-803D-2C59B37D5A72}.Debug|Mixed Platforms.Build.0 = Debug|Any CPU
		{A0FD21C0-D7EE-485E-803D-2C59B37D5A72}.Debug|x86.ActiveCfg = Debug|Any CPU
		{A0FD21C0-D7EE-485E-803D-2C59B37D5A72}.Release|Any CPU.ActiveCfg = Release|Any CPU
		{A0FD21C0-D7EE-485E-803D-2C59B37D5A72}.Release|Any CPU.Build.0 = Release|Any CPU
		{A0FD21C0-D7EE-485E-803D-2C59B37D5A72}.Release|Mixed Platforms.ActiveCfg = Release|Any CPU
		{A0FD21C0-D7EE-485E-803D-2C59B37D5A72}.Release|Mixed Platforms.Build.0 = Release|Any CPU
		{A0FD21C0-D7EE-485E-803D-2C59B37D5A72}.Release|x86.ActiveCfg = Release|Any CPU
		{735DEE23-1732-4D18-8341-E8E2482F3BB4}.Debug|Any CPU.ActiveCfg = Debug|x86
		{735DEE23-1732-4D18-8341-E8E2482F3BB4}.Debug|Mixed Platforms.ActiveCfg = Debug|x86
		{735DEE23-1732-4D18-8341-E8E2482F3BB4}.Debug|Mixed Platforms.Build.0 = Debug|x86
		{735DEE23-1732-4D18-8341-E8E2482F3BB4}.Debug|x86.ActiveCfg = Debug|x86
		{735DEE23-1732-4D18-8341-E8E2482F3BB4}.Debug|x86.Build.0 = Debug|x86
		{735DEE23-1732-4D18-8341-E8E2482F3BB4}.Release|Any CPU.ActiveCfg = Release|x86
		{735DEE23-1732-4D18-8341-E8E2482F3BB4}.Release|Mixed Platforms.ActiveCfg = Release|x86
		{735DEE23-1732-4D18-8341-E8E2482F3BB4}.Release|Mixed Platforms.Build.0 = Release|x86
		{735DEE23-1732-4D18-8341-E8E2482F3BB4}.Release|x86.ActiveCfg = Release|x86
		{735DEE23-1732-4D18-8341-E8E2482F3BB4}.Release|x86.Build.0 = Release|x86
		{167E5199-0B69-4A4B-BC7B-C81D8476B1F6}.Debug|Any CPU.ActiveCfg = Debug|Any CPU
		{167E5199-0B69-4A4B-BC7B-C81D8476B1F6}.Debug|Mixed Platforms.ActiveCfg = Debug|Any CPU
		{167E5199-0B69-4A4B-BC7B-C81D8476B1F6}.Debug|Mixed Platforms.Build.0 = Debug|Any CPU
		{167E5199-0B69-4A4B-BC7B-C81D8476B1F6}.Debug|x86.ActiveCfg = Debug|Any CPU
		{167E5199-0B69-4A4B-BC7B-C81D8476B1F6}.Release|Any CPU.ActiveCfg = Release|Any CPU
		{167E5199-0B69-4A4B-BC7B-C81D8476B1F6}.Release|Any CPU.Build.0 = Release|Any CPU
		{167E5199-0B69-4A4B-BC7B-C81D8476B1F6}.Release|Mixed Platforms.ActiveCfg = Release|Any CPU
		{167E5199-0B69-4A4B-BC7B-C81D8476B1F6}.Release|Mixed Platforms.Build.0 = Release|Any CPU
		{167E5199-0B69-4A4B-BC7B-C81D8476B1F6}.Release|x86.ActiveCfg = Release|Any CPU
		{D85281B4-6012-42A0-A8F1-B29068A3F433}.Debug|Any CPU.ActiveCfg = Debug|Any CPU
		{D85281B4-6012-42A0-A8F1-B29068A3F433}.Debug|Any CPU.Build.0 = Debug|Any CPU
		{D85281B4-6012-42A0-A8F1-B29068A3F433}.Debug|Mixed Platforms.ActiveCfg = Debug|Any CPU
		{D85281B4-6012-42A0-A8F1-B29068A3F433}.Debug|Mixed Platforms.Build.0 = Debug|Any CPU
		{D85281B4-6012-42A0-A8F1-B29068A3F433}.Debug|x86.ActiveCfg = Debug|Any CPU
		{D85281B4-6012-42A0-A8F1-B29068A3F433}.Release|Any CPU.ActiveCfg = Release|Any CPU
		{D85281B4-6012-42A0-A8F1-B29068A3F433}.Release|Any CPU.Build.0 = Release|Any CPU
		{D85281B4-6012-42A0-A8F1-B29068A3F433}.Release|Mixed Platforms.ActiveCfg = Release|Any CPU
		{D85281B4-6012-42A0-A8F1-B29068A3F433}.Release|Mixed Platforms.Build.0 = Release|Any CPU
		{D85281B4-6012-42A0-A8F1-B29068A3F433}.Release|x86.ActiveCfg = Release|Any CPU
		{100E368B-27C8-41B5-8565-8326A8AA1D7D}.Debug|Any CPU.ActiveCfg = Debug|Any CPU
		{100E368B-27C8-41B5-8565-8326A8AA1D7D}.Debug|Any CPU.Build.0 = Debug|Any CPU
		{100E368B-27C8-41B5-8565-8326A8AA1D7D}.Debug|Mixed Platforms.ActiveCfg = Debug|Any CPU
		{100E368B-27C8-41B5-8565-8326A8AA1D7D}.Debug|Mixed Platforms.Build.0 = Debug|Any CPU
		{100E368B-27C8-41B5-8565-8326A8AA1D7D}.Debug|x86.ActiveCfg = Debug|Any CPU
		{100E368B-27C8-41B5-8565-8326A8AA1D7D}.Release|Any CPU.ActiveCfg = Release|Any CPU
		{100E368B-27C8-41B5-8565-8326A8AA1D7D}.Release|Any CPU.Build.0 = Release|Any CPU
		{100E368B-27C8-41B5-8565-8326A8AA1D7D}.Release|Mixed Platforms.ActiveCfg = Release|Any CPU
		{100E368B-27C8-41B5-8565-8326A8AA1D7D}.Release|Mixed Platforms.Build.0 = Release|Any CPU
		{100E368B-27C8-41B5-8565-8326A8AA1D7D}.Release|x86.ActiveCfg = Release|Any CPU
		{BDC11A53-B435-4B9F-B8FA-06BE940ACDA8}.Debug|Any CPU.ActiveCfg = Debug|Any CPU
		{BDC11A53-B435-4B9F-B8FA-06BE940ACDA8}.Debug|Any CPU.Build.0 = Debug|Any CPU
		{BDC11A53-B435-4B9F-B8FA-06BE940ACDA8}.Debug|Mixed Platforms.ActiveCfg = Debug|Any CPU
		{BDC11A53-B435-4B9F-B8FA-06BE940ACDA8}.Debug|Mixed Platforms.Build.0 = Debug|Any CPU
		{BDC11A53-B435-4B9F-B8FA-06BE940ACDA8}.Debug|x86.ActiveCfg = Debug|Any CPU
		{BDC11A53-B435-4B9F-B8FA-06BE940ACDA8}.Release|Any CPU.ActiveCfg = Release|Any CPU
		{BDC11A53-B435-4B9F-B8FA-06BE940ACDA8}.Release|Any CPU.Build.0 = Release|Any CPU
		{BDC11A53-B435-4B9F-B8FA-06BE940ACDA8}.Release|Mixed Platforms.ActiveCfg = Release|Any CPU
		{BDC11A53-B435-4B9F-B8FA-06BE940ACDA8}.Release|Mixed Platforms.Build.0 = Release|Any CPU
		{BDC11A53-B435-4B9F-B8FA-06BE940ACDA8}.Release|x86.ActiveCfg = Release|Any CPU
		{11DF9872-A74C-4FE8-A139-DB9EC60C1E6E}.Debug|Any CPU.ActiveCfg = Debug|Any CPU
		{11DF9872-A74C-4FE8-A139-DB9EC60C1E6E}.Debug|Any CPU.Build.0 = Debug|Any CPU
		{11DF9872-A74C-4FE8-A139-DB9EC60C1E6E}.Debug|Mixed Platforms.ActiveCfg = Debug|x86
		{11DF9872-A74C-4FE8-A139-DB9EC60C1E6E}.Debug|Mixed Platforms.Build.0 = Debug|x86
		{11DF9872-A74C-4FE8-A139-DB9EC60C1E6E}.Debug|x86.ActiveCfg = Debug|x86
		{11DF9872-A74C-4FE8-A139-DB9EC60C1E6E}.Debug|x86.Build.0 = Debug|x86
		{11DF9872-A74C-4FE8-A139-DB9EC60C1E6E}.Release|Any CPU.ActiveCfg = Release|Any CPU
		{11DF9872-A74C-4FE8-A139-DB9EC60C1E6E}.Release|Any CPU.Build.0 = Release|Any CPU
		{11DF9872-A74C-4FE8-A139-DB9EC60C1E6E}.Release|Mixed Platforms.ActiveCfg = Release|x86
		{11DF9872-A74C-4FE8-A139-DB9EC60C1E6E}.Release|Mixed Platforms.Build.0 = Release|x86
		{11DF9872-A74C-4FE8-A139-DB9EC60C1E6E}.Release|x86.ActiveCfg = Release|x86
		{11DF9872-A74C-4FE8-A139-DB9EC60C1E6E}.Release|x86.Build.0 = Release|x86
		{027B40CF-E09F-4A7B-909D-523D6BEB03F6}.Debug|Any CPU.ActiveCfg = Debug|Any CPU
		{027B40CF-E09F-4A7B-909D-523D6BEB03F6}.Debug|Any CPU.Build.0 = Debug|Any CPU
		{027B40CF-E09F-4A7B-909D-523D6BEB03F6}.Debug|Mixed Platforms.ActiveCfg = Debug|x86
		{027B40CF-E09F-4A7B-909D-523D6BEB03F6}.Debug|Mixed Platforms.Build.0 = Debug|x86
		{027B40CF-E09F-4A7B-909D-523D6BEB03F6}.Debug|x86.ActiveCfg = Debug|x86
		{027B40CF-E09F-4A7B-909D-523D6BEB03F6}.Debug|x86.Build.0 = Debug|x86
		{027B40CF-E09F-4A7B-909D-523D6BEB03F6}.Release|Any CPU.ActiveCfg = Release|Any CPU
		{027B40CF-E09F-4A7B-909D-523D6BEB03F6}.Release|Any CPU.Build.0 = Release|Any CPU
		{027B40CF-E09F-4A7B-909D-523D6BEB03F6}.Release|Mixed Platforms.ActiveCfg = Release|x86
		{027B40CF-E09F-4A7B-909D-523D6BEB03F6}.Release|Mixed Platforms.Build.0 = Release|x86
		{027B40CF-E09F-4A7B-909D-523D6BEB03F6}.Release|x86.ActiveCfg = Release|x86
		{027B40CF-E09F-4A7B-909D-523D6BEB03F6}.Release|x86.Build.0 = Release|x86
		{AB54D5FB-C908-4A26-85CC-DEA227D4914C}.Debug|Any CPU.ActiveCfg = Debug|Any CPU
		{AB54D5FB-C908-4A26-85CC-DEA227D4914C}.Debug|Any CPU.Build.0 = Debug|Any CPU
		{AB54D5FB-C908-4A26-85CC-DEA227D4914C}.Debug|Mixed Platforms.ActiveCfg = Debug|Any CPU
		{AB54D5FB-C908-4A26-85CC-DEA227D4914C}.Debug|Mixed Platforms.Build.0 = Debug|Any CPU
		{AB54D5FB-C908-4A26-85CC-DEA227D4914C}.Debug|x86.ActiveCfg = Debug|Any CPU
		{AB54D5FB-C908-4A26-85CC-DEA227D4914C}.Release|Any CPU.ActiveCfg = Release|Any CPU
		{AB54D5FB-C908-4A26-85CC-DEA227D4914C}.Release|Any CPU.Build.0 = Release|Any CPU
		{AB54D5FB-C908-4A26-85CC-DEA227D4914C}.Release|Mixed Platforms.ActiveCfg = Release|Any CPU
		{AB54D5FB-C908-4A26-85CC-DEA227D4914C}.Release|Mixed Platforms.Build.0 = Release|Any CPU
		{AB54D5FB-C908-4A26-85CC-DEA227D4914C}.Release|x86.ActiveCfg = Release|Any CPU
		{945A2FD7-C93C-456B-80A2-04FCBC6AFC51}.Debug|Any CPU.ActiveCfg = Debug|Any CPU
		{945A2FD7-C93C-456B-80A2-04FCBC6AFC51}.Debug|Any CPU.Build.0 = Debug|Any CPU
		{945A2FD7-C93C-456B-80A2-04FCBC6AFC51}.Debug|Mixed Platforms.ActiveCfg = Debug|x86
		{945A2FD7-C93C-456B-80A2-04FCBC6AFC51}.Debug|Mixed Platforms.Build.0 = Debug|x86
		{945A2FD7-C93C-456B-80A2-04FCBC6AFC51}.Debug|x86.ActiveCfg = Debug|x86
		{945A2FD7-C93C-456B-80A2-04FCBC6AFC51}.Debug|x86.Build.0 = Debug|x86
		{945A2FD7-C93C-456B-80A2-04FCBC6AFC51}.Release|Any CPU.ActiveCfg = Release|Any CPU
		{945A2FD7-C93C-456B-80A2-04FCBC6AFC51}.Release|Any CPU.Build.0 = Release|Any CPU
		{945A2FD7-C93C-456B-80A2-04FCBC6AFC51}.Release|Mixed Platforms.ActiveCfg = Release|x86
		{945A2FD7-C93C-456B-80A2-04FCBC6AFC51}.Release|Mixed Platforms.Build.0 = Release|x86
		{945A2FD7-C93C-456B-80A2-04FCBC6AFC51}.Release|x86.ActiveCfg = Release|x86
		{945A2FD7-C93C-456B-80A2-04FCBC6AFC51}.Release|x86.Build.0 = Release|x86
		{9A4A2CBC-0BEB-4C3E-99D0-E141B7BAE0F7}.Debug|Any CPU.ActiveCfg = Debug|Any CPU
		{9A4A2CBC-0BEB-4C3E-99D0-E141B7BAE0F7}.Debug|Any CPU.Build.0 = Debug|Any CPU
		{9A4A2CBC-0BEB-4C3E-99D0-E141B7BAE0F7}.Debug|Mixed Platforms.ActiveCfg = Debug|Any CPU
		{9A4A2CBC-0BEB-4C3E-99D0-E141B7BAE0F7}.Debug|Mixed Platforms.Build.0 = Debug|Any CPU
		{9A4A2CBC-0BEB-4C3E-99D0-E141B7BAE0F7}.Debug|x86.ActiveCfg = Debug|Any CPU
		{9A4A2CBC-0BEB-4C3E-99D0-E141B7BAE0F7}.Release|Any CPU.ActiveCfg = Release|Any CPU
		{9A4A2CBC-0BEB-4C3E-99D0-E141B7BAE0F7}.Release|Any CPU.Build.0 = Release|Any CPU
		{9A4A2CBC-0BEB-4C3E-99D0-E141B7BAE0F7}.Release|Mixed Platforms.ActiveCfg = Release|Any CPU
		{9A4A2CBC-0BEB-4C3E-99D0-E141B7BAE0F7}.Release|Mixed Platforms.Build.0 = Release|Any CPU
		{9A4A2CBC-0BEB-4C3E-99D0-E141B7BAE0F7}.Release|x86.ActiveCfg = Release|Any CPU
		{768274C4-15C5-46CA-91FB-D600B828071D}.Debug|Any CPU.ActiveCfg = Debug|Any CPU
		{768274C4-15C5-46CA-91FB-D600B828071D}.Debug|Any CPU.Build.0 = Debug|Any CPU
		{768274C4-15C5-46CA-91FB-D600B828071D}.Debug|Mixed Platforms.ActiveCfg = Debug|x86
		{768274C4-15C5-46CA-91FB-D600B828071D}.Debug|Mixed Platforms.Build.0 = Debug|x86
		{768274C4-15C5-46CA-91FB-D600B828071D}.Debug|x86.ActiveCfg = Debug|x86
		{768274C4-15C5-46CA-91FB-D600B828071D}.Debug|x86.Build.0 = Debug|x86
		{768274C4-15C5-46CA-91FB-D600B828071D}.Release|Any CPU.ActiveCfg = Release|Any CPU
		{768274C4-15C5-46CA-91FB-D600B828071D}.Release|Any CPU.Build.0 = Release|Any CPU
		{768274C4-15C5-46CA-91FB-D600B828071D}.Release|Mixed Platforms.ActiveCfg = Release|x86
		{768274C4-15C5-46CA-91FB-D600B828071D}.Release|Mixed Platforms.Build.0 = Release|x86
		{768274C4-15C5-46CA-91FB-D600B828071D}.Release|x86.ActiveCfg = Release|x86
		{768274C4-15C5-46CA-91FB-D600B828071D}.Release|x86.Build.0 = Release|x86
		{4997615E-8C0C-498B-AB73-076454481964}.Debug|Any CPU.ActiveCfg = Debug|Any CPU
		{4997615E-8C0C-498B-AB73-076454481964}.Debug|Any CPU.Build.0 = Debug|Any CPU
		{4997615E-8C0C-498B-AB73-076454481964}.Debug|Mixed Platforms.ActiveCfg = Debug|x86
		{4997615E-8C0C-498B-AB73-076454481964}.Debug|Mixed Platforms.Build.0 = Debug|x86
		{4997615E-8C0C-498B-AB73-076454481964}.Debug|x86.ActiveCfg = Debug|x86
		{4997615E-8C0C-498B-AB73-076454481964}.Debug|x86.Build.0 = Debug|x86
		{4997615E-8C0C-498B-AB73-076454481964}.Release|Any CPU.ActiveCfg = Release|Any CPU
		{4997615E-8C0C-498B-AB73-076454481964}.Release|Any CPU.Build.0 = Release|Any CPU
		{4997615E-8C0C-498B-AB73-076454481964}.Release|Mixed Platforms.ActiveCfg = Release|x86
		{4997615E-8C0C-498B-AB73-076454481964}.Release|Mixed Platforms.Build.0 = Release|x86
		{4997615E-8C0C-498B-AB73-076454481964}.Release|x86.ActiveCfg = Release|x86
		{4997615E-8C0C-498B-AB73-076454481964}.Release|x86.Build.0 = Release|x86
		{3802D978-30CE-4756-82A4-428D6E1A6AF2}.Debug|Any CPU.ActiveCfg = Debug|Any CPU
		{3802D978-30CE-4756-82A4-428D6E1A6AF2}.Debug|Any CPU.Build.0 = Debug|Any CPU
		{3802D978-30CE-4756-82A4-428D6E1A6AF2}.Debug|Mixed Platforms.ActiveCfg = Debug|Any CPU
		{3802D978-30CE-4756-82A4-428D6E1A6AF2}.Debug|Mixed Platforms.Build.0 = Debug|Any CPU
		{3802D978-30CE-4756-82A4-428D6E1A6AF2}.Debug|x86.ActiveCfg = Debug|Any CPU
		{3802D978-30CE-4756-82A4-428D6E1A6AF2}.Release|Any CPU.ActiveCfg = Release|Any CPU
		{3802D978-30CE-4756-82A4-428D6E1A6AF2}.Release|Any CPU.Build.0 = Release|Any CPU
		{3802D978-30CE-4756-82A4-428D6E1A6AF2}.Release|Mixed Platforms.ActiveCfg = Release|Any CPU
		{3802D978-30CE-4756-82A4-428D6E1A6AF2}.Release|Mixed Platforms.Build.0 = Release|Any CPU
		{3802D978-30CE-4756-82A4-428D6E1A6AF2}.Release|x86.ActiveCfg = Release|Any CPU
		{12F70CE7-AFEE-4B6C-BDC5-5361F4DF0B8A}.Debug|Any CPU.ActiveCfg = Debug|Any CPU
		{12F70CE7-AFEE-4B6C-BDC5-5361F4DF0B8A}.Debug|Any CPU.Build.0 = Debug|Any CPU
		{12F70CE7-AFEE-4B6C-BDC5-5361F4DF0B8A}.Debug|Mixed Platforms.ActiveCfg = Debug|Any CPU
		{12F70CE7-AFEE-4B6C-BDC5-5361F4DF0B8A}.Debug|Mixed Platforms.Build.0 = Debug|Any CPU
		{12F70CE7-AFEE-4B6C-BDC5-5361F4DF0B8A}.Debug|x86.ActiveCfg = Debug|Any CPU
		{12F70CE7-AFEE-4B6C-BDC5-5361F4DF0B8A}.Release|Any CPU.ActiveCfg = Release|Any CPU
		{12F70CE7-AFEE-4B6C-BDC5-5361F4DF0B8A}.Release|Any CPU.Build.0 = Release|Any CPU
		{12F70CE7-AFEE-4B6C-BDC5-5361F4DF0B8A}.Release|Mixed Platforms.ActiveCfg = Release|Any CPU
		{12F70CE7-AFEE-4B6C-BDC5-5361F4DF0B8A}.Release|Mixed Platforms.Build.0 = Release|Any CPU
		{12F70CE7-AFEE-4B6C-BDC5-5361F4DF0B8A}.Release|x86.ActiveCfg = Release|Any CPU
	EndGlobalSection
	GlobalSection(SolutionProperties) = preSolution
		HideSolutionNode = FALSE
	EndGlobalSection
	GlobalSection(NestedProjects) = preSolution
		{A8079861-C636-4ECE-99C1-AD313276787B} = {0F7FCF26-2DB1-4653-B5B5-24C4731339B6}
		{D286DF06-21FA-40BE-B384-6ACA509AC98C} = {0F7FCF26-2DB1-4653-B5B5-24C4731339B6}
		{C1018695-3401-47A9-B195-ABD3A20C2489} = {0F7FCF26-2DB1-4653-B5B5-24C4731339B6}
		{21C1D7A7-E8E5-4590-A921-2287AD43CB98} = {0F7FCF26-2DB1-4653-B5B5-24C4731339B6}
		{01A845C6-D391-4258-81B0-C6ABF23D3364} = {0F7FCF26-2DB1-4653-B5B5-24C4731339B6}
		{56E70075-71E0-4FDA-BCA6-CF7581112354} = {0F7FCF26-2DB1-4653-B5B5-24C4731339B6}
		{F124E7C5-33CC-4B17-8C45-01E7D2E47DAB} = {0F7FCF26-2DB1-4653-B5B5-24C4731339B6}
		{878A9C2C-21AC-4E63-9819-715B66B63CF5} = {0F7FCF26-2DB1-4653-B5B5-24C4731339B6}
		{26E18588-B04D-4987-BF36-8206A7E36FF9} = {0F7FCF26-2DB1-4653-B5B5-24C4731339B6}
		{7F9F4CB4-F86D-45F0-8FA0-00C5E19B72A0} = {0F7FCF26-2DB1-4653-B5B5-24C4731339B6}
		{D4245DD6-79F6-466A-98D3-4AF15D8C39A9} = {0F7FCF26-2DB1-4653-B5B5-24C4731339B6}
		{7B7195E7-C20E-49B9-9CB0-4F451A2463B6} = {0F7FCF26-2DB1-4653-B5B5-24C4731339B6}
		{7ED7B00D-56EE-47CF-AAA5-34A09E40A566} = {0F7FCF26-2DB1-4653-B5B5-24C4731339B6}
		{1DA244CE-5862-4DFB-8943-244A80B7E3EE} = {0F7FCF26-2DB1-4653-B5B5-24C4731339B6}
		{97EDE2AD-90D0-44B6-ADB6-AD20052C0B6F} = {0F7FCF26-2DB1-4653-B5B5-24C4731339B6}
		{9B692E11-0273-4331-9B15-1670093EDDBF} = {0F7FCF26-2DB1-4653-B5B5-24C4731339B6}
		{9108B04D-A3DE-4981-B66F-496078D462FE} = {0F7FCF26-2DB1-4653-B5B5-24C4731339B6}
		{BDC11A53-B435-4B9F-B8FA-06BE940ACDA8} = {0F7FCF26-2DB1-4653-B5B5-24C4731339B6}
		{715F4E59-7362-4EB6-BA2E-3FFC54CBAA41} = {49A57AB3-0588-4DC1-AC5F-47DE2C3EFC57}
		{F5956768-54E1-4EEE-9199-35F1A12C8FFC} = {49A57AB3-0588-4DC1-AC5F-47DE2C3EFC57}
		{51C6E16E-920E-4D36-B41E-D48ABEF837E7} = {49A57AB3-0588-4DC1-AC5F-47DE2C3EFC57}
		{84A7D4BB-8404-4AC5-A9D4-3C667F2001DC} = {49A57AB3-0588-4DC1-AC5F-47DE2C3EFC57}
		{F249DB09-41BE-4581-A7A7-B50EA408900C} = {49A57AB3-0588-4DC1-AC5F-47DE2C3EFC57}
		{D58E5921-9C7B-4276-ABF1-F444EB050680} = {49A57AB3-0588-4DC1-AC5F-47DE2C3EFC57}
		{28D0059B-B140-454F-B6BC-0D107D76B4DD} = {49A57AB3-0588-4DC1-AC5F-47DE2C3EFC57}
		{5C73542E-24BC-46A6-B6BF-10D180872312} = {49A57AB3-0588-4DC1-AC5F-47DE2C3EFC57}
		{8B41651D-47CC-416D-93A1-C74B1B01FDB2} = {49A57AB3-0588-4DC1-AC5F-47DE2C3EFC57}
		{2609869B-5A49-4E93-8FC6-3B1D06C59C96} = {49A57AB3-0588-4DC1-AC5F-47DE2C3EFC57}
		{7888B17F-915E-4648-9C49-8B4B42808B7B} = {49A57AB3-0588-4DC1-AC5F-47DE2C3EFC57}
		{820E1426-5BAE-4834-88FB-EC407D4E5CC8} = {49A57AB3-0588-4DC1-AC5F-47DE2C3EFC57}
		{B2335CBA-5E66-4A2D-9F6E-1224E06F2E57} = {49A57AB3-0588-4DC1-AC5F-47DE2C3EFC57}
		{30B6615B-0275-494E-8686-2C72CD99DAB3} = {49A57AB3-0588-4DC1-AC5F-47DE2C3EFC57}
		{C828727C-318C-4A8B-9B26-4C76E6CA88F0} = {49A57AB3-0588-4DC1-AC5F-47DE2C3EFC57}
		{858B3B4A-CF0A-4E64-94A1-B3751C93D1E1} = {49A57AB3-0588-4DC1-AC5F-47DE2C3EFC57}
		{489CFE09-FDF7-4C89-BAB5-BD09CADD61AD} = {49A57AB3-0588-4DC1-AC5F-47DE2C3EFC57}
		{46A259E2-40C3-48D5-A23D-22104056CEDF} = {49A57AB3-0588-4DC1-AC5F-47DE2C3EFC57}
		{A0FD21C0-D7EE-485E-803D-2C59B37D5A72} = {49A57AB3-0588-4DC1-AC5F-47DE2C3EFC57}
		{735DEE23-1732-4D18-8341-E8E2482F3BB4} = {49A57AB3-0588-4DC1-AC5F-47DE2C3EFC57}
		{167E5199-0B69-4A4B-BC7B-C81D8476B1F6} = {49A57AB3-0588-4DC1-AC5F-47DE2C3EFC57}
		{D85281B4-6012-42A0-A8F1-B29068A3F433} = {49A57AB3-0588-4DC1-AC5F-47DE2C3EFC57}
		{1E591A3F-D723-41DA-BD08-D38C27ABFD6C} = {B1A21F91-D189-4F39-A5F2-AE1E9D72B9FF}
		{404204DE-C8BC-4438-A3F6-0636B4983A5B} = {B1A21F91-D189-4F39-A5F2-AE1E9D72B9FF}
		{32A86A6E-6BA1-4F14-9E84-5BE4DD0CACA4} = {B1A21F91-D189-4F39-A5F2-AE1E9D72B9FF}
		{5520B6CB-3124-4B1A-A15C-DC4637F618C3} = {B1A21F91-D189-4F39-A5F2-AE1E9D72B9FF}
		{5E5D5BF6-E7F1-4E10-9CD3-0A3CA902AD21} = {B1A21F91-D189-4F39-A5F2-AE1E9D72B9FF}
		{11DF9872-A74C-4FE8-A139-DB9EC60C1E6E} = {12970967-D98D-4777-A5F8-11A9F037CC28}
		{768274C4-15C5-46CA-91FB-D600B828071D} = {12970967-D98D-4777-A5F8-11A9F037CC28}
		{027B40CF-E09F-4A7B-909D-523D6BEB03F6} = {12970967-D98D-4777-A5F8-11A9F037CC28}
		{4997615E-8C0C-498B-AB73-076454481964} = {12970967-D98D-4777-A5F8-11A9F037CC28}
		{3B9F0407-F461-4A3C-BD79-9C8599A9F4F5} = {12970967-D98D-4777-A5F8-11A9F037CC28}
		{945A2FD7-C93C-456B-80A2-04FCBC6AFC51} = {12970967-D98D-4777-A5F8-11A9F037CC28}
		{9A4A2CBC-0BEB-4C3E-99D0-E141B7BAE0F7} = {12970967-D98D-4777-A5F8-11A9F037CC28}
		{AB54D5FB-C908-4A26-85CC-DEA227D4914C} = {12970967-D98D-4777-A5F8-11A9F037CC28}
		{3802D978-30CE-4756-82A4-428D6E1A6AF2} = {12970967-D98D-4777-A5F8-11A9F037CC28}
		{12F70CE7-AFEE-4B6C-BDC5-5361F4DF0B8A} = {12970967-D98D-4777-A5F8-11A9F037CC28}
		{100E368B-27C8-41B5-8565-8326A8AA1D7D} = {12970967-D98D-4777-A5F8-11A9F037CC28}
	EndGlobalSection
EndGlobal
