
Microsoft Visual Studio Solution File, Format Version 12.00
# Visual Studio 2013
VisualStudioVersion = 12.0.30501.0
MinimumVisualStudioVersion = 10.0.40219.1
Project("{FAE04EC0-301F-11D3-BF4B-00C04F79EFBC}") = "DotSpatial.Serialization", "DotSpatial.Serialization\DotSpatial.Serialization.csproj", "{9B692E11-0273-4331-9B15-1670093EDDBF}"
EndProject
Project("{FAE04EC0-301F-11D3-BF4B-00C04F79EFBC}") = "DotSpatial.Topology", "DotSpatial.Topology\DotSpatial.Topology.csproj", "{A8079861-C636-4ECE-99C1-AD313276787B}"
EndProject
Project("{FAE04EC0-301F-11D3-BF4B-00C04F79EFBC}") = "DotSpatial.Projections", "DotSpatial.Projections\DotSpatial.Projections.csproj", "{D286DF06-21FA-40BE-B384-6ACA509AC98C}"
EndProject
Project("{FAE04EC0-301F-11D3-BF4B-00C04F79EFBC}") = "DotSpatial.Data", "DotSpatial.Data\DotSpatial.Data.csproj", "{C1018695-3401-47A9-B195-ABD3A20C2489}"
EndProject
Project("{FAE04EC0-301F-11D3-BF4B-00C04F79EFBC}") = "DotSpatial.Symbology", "DotSpatial.Symbology\DotSpatial.Symbology.csproj", "{21C1D7A7-E8E5-4590-A921-2287AD43CB98}"
EndProject
Project("{FAE04EC0-301F-11D3-BF4B-00C04F79EFBC}") = "DotSpatial.Controls", "DotSpatial.Controls\DotSpatial.Controls.csproj", "{01A845C6-D391-4258-81B0-C6ABF23D3364}"
EndProject
Project("{FAE04EC0-301F-11D3-BF4B-00C04F79EFBC}") = "DotSpatial.Compatibility", "DotSpatial.Compatibility\DotSpatial.Compatibility.csproj", "{56E70075-71E0-4FDA-BCA6-CF7581112354}"
EndProject
Project("{FAE04EC0-301F-11D3-BF4B-00C04F79EFBC}") = "DotSpatial.Analysis", "DotSpatial.Analysis\DotSpatial.Analysis.csproj", "{F124E7C5-33CC-4B17-8C45-01E7D2E47DAB}"
EndProject
Project("{FAE04EC0-301F-11D3-BF4B-00C04F79EFBC}") = "DotSpatial.Tools", "DotSpatial.Tools\DotSpatial.Tools.csproj", "{878A9C2C-21AC-4E63-9819-715B66B63CF5}"
EndProject
Project("{FAE04EC0-301F-11D3-BF4B-00C04F79EFBC}") = "DotSpatial.Data.Rasters.GdalExtension", "DotSpatial.Data.Rasters.GdalExtension\DotSpatial.Data.Rasters.GdalExtension.csproj", "{51C6E16E-920E-4D36-B41E-D48ABEF837E7}"
EndProject
Project("{FAE04EC0-301F-11D3-BF4B-00C04F79EFBC}") = "DotSpatial.Positioning", "DotSpatial.Positioning\DotSpatial.Positioning.csproj", "{26E18588-B04D-4987-BF36-8206A7E36FF9}"
EndProject
Project("{FAE04EC0-301F-11D3-BF4B-00C04F79EFBC}") = "DotSpatial.Positioning.Design", "DotSpatial.Positioning.Design\DotSpatial.Positioning.Design.csproj", "{7F9F4CB4-F86D-45F0-8FA0-00C5E19B72A0}"
EndProject
Project("{FAE04EC0-301F-11D3-BF4B-00C04F79EFBC}") = "DotSpatial.Positioning.Forms", "DotSpatial.Positioning.Forms\DotSpatial.Positioning.Forms.csproj", "{D4245DD6-79F6-466A-98D3-4AF15D8C39A9}"
EndProject
Project("{FAE04EC0-301F-11D3-BF4B-00C04F79EFBC}") = "DotSpatial.Data.Forms", "DotSpatial.Data.Forms\DotSpatial.Data.Forms.csproj", "{7B7195E7-C20E-49B9-9CB0-4F451A2463B6}"
EndProject
Project("{FAE04EC0-301F-11D3-BF4B-00C04F79EFBC}") = "DotSpatial.Modeling.Forms", "DotSpatial.Modeling.Forms\DotSpatial.Modeling.Forms.csproj", "{7ED7B00D-56EE-47CF-AAA5-34A09E40A566}"
EndProject
Project("{FAE04EC0-301F-11D3-BF4B-00C04F79EFBC}") = "DotSpatial.Projections.Forms", "DotSpatial.Projections.Forms\DotSpatial.Projections.Forms.csproj", "{1DA244CE-5862-4DFB-8943-244A80B7E3EE}"
EndProject
Project("{FAE04EC0-301F-11D3-BF4B-00C04F79EFBC}") = "DotSpatial.Symbology.Forms", "DotSpatial.Symbology.Forms\DotSpatial.Symbology.Forms.csproj", "{97EDE2AD-90D0-44B6-ADB6-AD20052C0B6F}"
EndProject
Project("{2150E333-8FDC-42A3-9474-1A3956D46DE8}") = "Solution Items", "Solution Items", "{1DB6E371-0643-46F2-8EAD-B7D92AD133D5}"
	ProjectSection(SolutionItems) = preProject
		Readme.md = Readme.md
	EndProjectSection
EndProject
Project("{2150E333-8FDC-42A3-9474-1A3956D46DE8}") = "Examples", "Examples", "{B1A21F91-D189-4F39-A5F2-AE1E9D72B9FF}"
EndProject
Project("{FAE04EC0-301F-11D3-BF4B-00C04F79EFBC}") = "DotSpatial.Plugins.ShapeEditor", "DotSpatial.Plugins.ShapeEditor\DotSpatial.Plugins.ShapeEditor.csproj", "{715F4E59-7362-4EB6-BA2E-3FFC54CBAA41}"
EndProject
Project("{2150E333-8FDC-42A3-9474-1A3956D46DE8}") = "Plugins", "Plugins", "{49A57AB3-0588-4DC1-AC5F-47DE2C3EFC57}"
EndProject
Project("{FAE04EC0-301F-11D3-BF4B-00C04F79EFBC}") = "DotSpatial.Plugins.About", "DotSpatial.Plugins.About\DotSpatial.Plugins.About.csproj", "{84A7D4BB-8404-4AC5-A9D4-3C667F2001DC}"
EndProject
Project("{FAE04EC0-301F-11D3-BF4B-00C04F79EFBC}") = "DotSpatial.Plugins.ClickOnceUpdater", "DotSpatial.Plugins.ClickOnceUpdater\DotSpatial.Plugins.ClickOnceUpdater.csproj", "{F249DB09-41BE-4581-A7A7-B50EA408900C}"
EndProject
Project("{FAE04EC0-301F-11D3-BF4B-00C04F79EFBC}") = "DotSpatial.Plugins.ExtensionManager", "DotSpatial.Plugins.ExtensionManager\DotSpatial.Plugins.ExtensionManager.csproj", "{D58E5921-9C7B-4276-ABF1-F444EB050680}"
EndProject
Project("{FAE04EC0-301F-11D3-BF4B-00C04F79EFBC}") = "DotSpatial.Plugins.WebMap", "DotSpatial.Plugins.WebMap\DotSpatial.Plugins.WebMap.csproj", "{28D0059B-B140-454F-B6BC-0D107D76B4DD}"
EndProject
Project("{FAE04EC0-301F-11D3-BF4B-00C04F79EFBC}") = "DotSpatial.Plugins.SpatiaLite", "DotSpatial.Plugins.SpatiaLite\DotSpatial.Plugins.SpatiaLite.csproj", "{5C73542E-24BC-46A6-B6BF-10D180872312}"
EndProject
Project("{2150E333-8FDC-42A3-9474-1A3956D46DE8}") = "Core", "Core", "{0F7FCF26-2DB1-4653-B5B5-24C4731339B6}"
EndProject
Project("{FAE04EC0-301F-11D3-BF4B-00C04F79EFBC}") = "DotSpatial.Plugins.Taudem", "DotSpatial.Plugins.Taudem\DotSpatial.Plugins.Taudem.csproj", "{8B41651D-47CC-416D-93A1-C74B1B01FDB2}"
EndProject
Project("{FAE04EC0-301F-11D3-BF4B-00C04F79EFBC}") = "DotSpatial.Plugins.Help", "DotSpatial.Plugins.Help\DotSpatial.Plugins.Help.csproj", "{2609869B-5A49-4E93-8FC6-3B1D06C59C96}"
EndProject
Project("{FAE04EC0-301F-11D3-BF4B-00C04F79EFBC}") = "DotSpatial.Extensions", "DotSpatial.Extensions\DotSpatial.Extensions.csproj", "{9108B04D-A3DE-4981-B66F-496078D462FE}"
EndProject
Project("{FAE04EC0-301F-11D3-BF4B-00C04F79EFBC}") = "DotSpatial.Plugins.ToolManager", "DotSpatial.Plugins.ToolManager\DotSpatial.Plugins.ToolManager.csproj", "{7888B17F-915E-4648-9C49-8B4B42808B7B}"
EndProject
Project("{F184B08F-C81C-45F6-A57F-5ABD9991F28F}") = "DotSpatial.Plugins.Taudem.Port", "DotSpatial.Plugins.Taudem.Port\DotSpatial.Plugins.Taudem.Port.vbproj", "{820E1426-5BAE-4834-88FB-EC407D4E5CC8}"
EndProject
Project("{FAE04EC0-301F-11D3-BF4B-00C04F79EFBC}") = "DotSpatial.Plugins.LiDAR", "DotSpatial.Plugins.LiDAR\DotSpatial.Plugins.LiDAR.csproj", "{B2335CBA-5E66-4A2D-9F6E-1224E06F2E57}"
EndProject
Project("{FAE04EC0-301F-11D3-BF4B-00C04F79EFBC}") = "DotSpatial.Plugins.TableEditor", "DotSpatial.Plugins.TableEditor\DotSpatial.Plugins.TableEditor.csproj", "{30B6615B-0275-494E-8686-2C72CD99DAB3}"
EndProject
Project("{FAE04EC0-301F-11D3-BF4B-00C04F79EFBC}") = "DotSpatial.Plugins.FindFeature", "DotSpatial.Plugins.FindFeature\DotSpatial.Plugins.FindFeature.csproj", "{C828727C-318C-4A8B-9B26-4C76E6CA88F0}"
EndProject
Project("{F184B08F-C81C-45F6-A57F-5ABD9991F28F}") = "DotSpatial.Plugins.ScriptRunner", "DotSpatial.Plugins.ScriptRunner\DotSpatial.Plugins.ScriptRunner.vbproj", "{858B3B4A-CF0A-4E64-94A1-B3751C93D1E1}"
EndProject
Project("{FAE04EC0-301F-11D3-BF4B-00C04F79EFBC}") = "DotSpatial.Plugins.ScriptRunner.CSharpCodeCompletion", "DotSpatial.Plugins.ScriptRunner.CSharpCodeCompletion\DotSpatial.Plugins.ScriptRunner.CSharpCodeCompletion.csproj", "{489CFE09-FDF7-4C89-BAB5-BD09CADD61AD}"
EndProject
Project("{FAE04EC0-301F-11D3-BF4B-00C04F79EFBC}") = "DotSpatial.Plugins.MapWindowProjectFileCompatibility", "DotSpatial.Plugins.MapWindowProjectFileCompatibility\DotSpatial.Plugins.MapWindowProjectFileCompatibility.csproj", "{46A259E2-40C3-48D5-A23D-22104056CEDF}"
EndProject
Project("{FAE04EC0-301F-11D3-BF4B-00C04F79EFBC}") = "DotSpatial.Plugins.Measure", "DotSpatial.Plugins.Measure\DotSpatial.Plugins.Measure.csproj", "{A0FD21C0-D7EE-485E-803D-2C59B37D5A72}"
EndProject
Project("{FAE04EC0-301F-11D3-BF4B-00C04F79EFBC}") = "DotSpatial.Plugins.Contourer", "DotSpatial.Plugins.Contourer\DotSpatial.Plugins.Contourer.csproj", "{735DEE23-1732-4D18-8341-E8E2482F3BB4}"
EndProject
Project("{FAE04EC0-301F-11D3-BF4B-00C04F79EFBC}") = "DotSpatial.Plugins.WFSClient", "DotSpatial.Plugins.WFSClient\DotSpatial.Plugins.WFSClient.csproj", "{167E5199-0B69-4A4B-BC7B-C81D8476B1F6}"
EndProject
Project("{2150E333-8FDC-42A3-9474-1A3956D46DE8}") = ".nuget", ".nuget", "{D2D76B54-1BC0-427D-B0D1-60968D5C4097}"
	ProjectSection(SolutionItems) = preProject
		.nuget\NuGet.Config = .nuget\NuGet.Config
		.nuget\NuGet.exe = .nuget\NuGet.exe
		.nuget\NuGet.targets = .nuget\NuGet.targets
	EndProjectSection
EndProject
Project("{FAE04EC0-301F-11D3-BF4B-00C04F79EFBC}") = "DotSpatial.Plugins.SimpleLegend", "DotSpatial.Plugins.Legend\DotSpatial.Plugins.SimpleLegend.csproj", "{D85281B4-6012-42A0-A8F1-B29068A3F433}"
EndProject
Project("{FAE04EC0-301F-11D3-BF4B-00C04F79EFBC}") = "DotSpatial.Mono", "DotSpatial.Mono\DotSpatial.Mono.csproj", "{BDC11A53-B435-4B9F-B8FA-06BE940ACDA8}"
EndProject
Project("{2150E333-8FDC-42A3-9474-1A3956D46DE8}") = "Tests", "Tests", "{12970967-D98D-4777-A5F8-11A9F037CC28}"
EndProject
Project("{FAE04EC0-301F-11D3-BF4B-00C04F79EFBC}") = "DotSpatial.Analysis.Tests", "DotSpatial.Analysis.Tests\DotSpatial.Analysis.Tests.csproj", "{11DF9872-A74C-4FE8-A139-DB9EC60C1E6E}"
EndProject
Project("{FAE04EC0-301F-11D3-BF4B-00C04F79EFBC}") = "DotSpatial.Controls.Tests", "DotSpatial.Controls.Tests\DotSpatial.Controls.Tests.csproj", "{027B40CF-E09F-4A7B-909D-523D6BEB03F6}"
EndProject
Project("{FAE04EC0-301F-11D3-BF4B-00C04F79EFBC}") = "DotSpatial.Plugins.ExtensionManager.Tests", "DotSpatial.Plugins.ExtensionManager.Tests\DotSpatial.Plugins.ExtensionManager.Tests.csproj", "{3B9F0407-F461-4A3C-BD79-9C8599A9F4F5}"
EndProject
Project("{FAE04EC0-301F-11D3-BF4B-00C04F79EFBC}") = "DotSpatial.Symbology.Tests", "DotSpatial.Symbology.Tests\DotSpatial.Symbology.Tests.csproj", "{AB54D5FB-C908-4A26-85CC-DEA227D4914C}"
EndProject
Project("{FAE04EC0-301F-11D3-BF4B-00C04F79EFBC}") = "DotSpatial.Serialization.Tests", "DotSpatial.Serialization.Tests\DotSpatial.Serialization.Tests.csproj", "{9A4A2CBC-0BEB-4C3E-99D0-E141B7BAE0F7}"
EndProject
Project("{FAE04EC0-301F-11D3-BF4B-00C04F79EFBC}") = "DotSpatial.Topology.Tests", "DotSpatial.Topology.Tests\DotSpatial.Topology.Tests.csproj", "{768274C4-15C5-46CA-91FB-D600B828071D}"
EndProject
Project("{FAE04EC0-301F-11D3-BF4B-00C04F79EFBC}") = "DotSpatial.Data.Tests", "DotSpatial.Data.Tests\DotSpatial.Data.Tests.csproj", "{4997615E-8C0C-498B-AB73-076454481964}"
EndProject
Project("{FAE04EC0-301F-11D3-BF4B-00C04F79EFBC}") = "DotSpatial.Tools.Tests", "DotSpatial.Tools.Tests\DotSpatial.Tools.Tests.csproj", "{12F70CE7-AFEE-4B6C-BDC5-5361F4DF0B8A}"
EndProject
Project("{FAE04EC0-301F-11D3-BF4B-00C04F79EFBC}") = "DotSpatial.Projections.Tests", "DotSpatial.Projections.Tests\DotSpatial.Projections.Tests.csproj", "{945A2FD7-C93C-456B-80A2-04FCBC6AFC51}"
EndProject
Project("{FAE04EC0-301F-11D3-BF4B-00C04F79EFBC}") = "DotSpatial.Plugins.MapWindowProjectFileCompatibility.Tests", "DotSpatial.Plugins.MapWindowProjectFileCompatibility.Tests\DotSpatial.Plugins.MapWindowProjectFileCompatibility.Tests.csproj", "{AA7EFFC8-6B3D-4332-BCFA-9EC0589FB2A6}"
EndProject
Project("{FAE04EC0-301F-11D3-BF4B-00C04F79EFBC}") = "DotSpatial.Positioning.Tests", "DotSpatial.Positioning.Tests\DotSpatial.Positioning.Tests.csproj", "{B786AA1D-D5B8-4A75-A576-552EF2B5C24B}"
EndProject
Project("{FAE04EC0-301F-11D3-BF4B-00C04F79EFBC}") = "DotSpatial.Tests.Common", "DotSpatial.Tests.Common\DotSpatial.Tests.Common.csproj", "{95114A54-769F-4A90-A346-C2CF85523AAD}"
EndProject
Project("{FAE04EC0-301F-11D3-BF4B-00C04F79EFBC}") = "DotSpatial.Plugins.SimpleMap", "DotSpatial.Plugins.SimpleMap\DotSpatial.Plugins.SimpleMap.csproj", "{632B46F5-E73D-4160-9371-D146FADDE9D5}"
EndProject
Project("{FAE04EC0-301F-11D3-BF4B-00C04F79EFBC}") = "DotSpatial.Plugins.StatusBarImprovements", "DotSpatial.Plugins.StatusBarImprovements\DotSpatial.Plugins.StatusBarImprovements.csproj", "{5D510F37-8E99-4874-A296-CA45A93DE856}"
EndProject
Project("{FAE04EC0-301F-11D3-BF4B-00C04F79EFBC}") = "DemoMap", "DemoMap\DemoMap.csproj", "{404204DE-C8BC-4438-A3F6-0636B4983A5B}"
EndProject
Project("{FAE04EC0-301F-11D3-BF4B-00C04F79EFBC}") = "AppManagerCustomizationDesignTime", "Examples\AppManagerCustomizationDesignTime\AppManagerCustomizationDesignTime.csproj", "{E9CD3F46-B385-4BF8-9D09-D439514E5137}"
EndProject
Project("{FAE04EC0-301F-11D3-BF4B-00C04F79EFBC}") = "AppManagerCustomizationRuntime", "Examples\AppManagerCustomizationRuntime\AppManagerCustomizationRuntime.csproj", "{C1664C14-FB90-48FC-9B0E-0F75E470ACCF}"
EndProject
Project("{FAE04EC0-301F-11D3-BF4B-00C04F79EFBC}") = "DemoGPS", "Examples\DemoGPS\C#\DemoGPS.csproj", "{1E591A3F-D723-41DA-BD08-D38C27ABFD6C}"
EndProject
Project("{FAE04EC0-301F-11D3-BF4B-00C04F79EFBC}") = "DemoCustomLayer", "Examples\DemoCustomLayer\DemoCustomLayer.csproj", "{1405457A-EFF6-4994-A6C5-88928504FD02}"
EndProject
Project("{FAE04EC0-301F-11D3-BF4B-00C04F79EFBC}") = "DemoPlugin", "Examples\DemoPlugin\DemoPlugin.csproj", "{467F0628-2B9A-4AFB-815A-FA3CB8F4F18C}"
EndProject
Project("{FAE04EC0-301F-11D3-BF4B-00C04F79EFBC}") = "SimpleApp", "Examples\SimpleApp\SimpleApp.csproj", "{AE2B37D2-031B-401C-A257-84C05876BB7B}"
EndProject
Project("{FAE04EC0-301F-11D3-BF4B-00C04F79EFBC}") = "DotSpatial.Plugins.ExtensionManager.Updater", "DotSpatial.Plugins.ExtensionManager.Updater\DotSpatial.Plugins.ExtensionManager.Updater.csproj", "{CE69E9FF-19B7-4082-8A6D-2E59340FAC52}"
EndProject
Global
	GlobalSection(TeamFoundationVersionControl) = preSolution
		SccNumberOfProjects = 62
		SccEnterpriseProvider = {4CA58AB2-18FA-4F8D-95D4-32DDF27D184C}
		SccTeamFoundationServer = https://tfs.codeplex.com/tfs/tfs03
		SccLocalPath0 = .
		SccProjectUniqueName1 = DotSpatial.Serialization\\DotSpatial.Serialization.csproj
		SccProjectTopLevelParentUniqueName1 = DotSpatial.sln
		SccProjectName1 = DotSpatial.Serialization
		SccLocalPath1 = DotSpatial.Serialization
		SccProjectUniqueName2 = DotSpatial.Topology\\DotSpatial.Topology.csproj
		SccProjectTopLevelParentUniqueName2 = DotSpatial.sln
		SccProjectName2 = DotSpatial.Topology
		SccLocalPath2 = DotSpatial.Topology
		SccProjectUniqueName3 = DotSpatial.Projections\\DotSpatial.Projections.csproj
		SccProjectTopLevelParentUniqueName3 = DotSpatial.sln
		SccProjectName3 = DotSpatial.Projections
		SccLocalPath3 = DotSpatial.Projections
		SccProjectUniqueName4 = DotSpatial.Data\\DotSpatial.Data.csproj
		SccProjectTopLevelParentUniqueName4 = DotSpatial.sln
		SccProjectName4 = DotSpatial.Data
		SccLocalPath4 = DotSpatial.Data
		SccProjectUniqueName5 = DotSpatial.Symbology\\DotSpatial.Symbology.csproj
		SccProjectTopLevelParentUniqueName5 = DotSpatial.sln
		SccProjectName5 = DotSpatial.Symbology
		SccLocalPath5 = DotSpatial.Symbology
		SccProjectUniqueName6 = DotSpatial.Controls\\DotSpatial.Controls.csproj
		SccProjectTopLevelParentUniqueName6 = DotSpatial.sln
		SccProjectName6 = DotSpatial.Controls
		SccLocalPath6 = DotSpatial.Controls
		SccProjectUniqueName7 = DotSpatial.Compatibility\\DotSpatial.Compatibility.csproj
		SccProjectTopLevelParentUniqueName7 = DotSpatial.sln
		SccProjectName7 = DotSpatial.Compatibility
		SccLocalPath7 = DotSpatial.Compatibility
		SccProjectUniqueName8 = DotSpatial.Analysis\\DotSpatial.Analysis.csproj
		SccProjectTopLevelParentUniqueName8 = DotSpatial.sln
		SccProjectName8 = DotSpatial.Analysis
		SccLocalPath8 = DotSpatial.Analysis
		SccProjectUniqueName9 = DotSpatial.Tools\\DotSpatial.Tools.csproj
		SccProjectTopLevelParentUniqueName9 = DotSpatial.sln
		SccProjectName9 = DotSpatial.Tools
		SccLocalPath9 = DotSpatial.Tools
		SccProjectUniqueName10 = DotSpatial.Data.Rasters.GdalExtension\\DotSpatial.Data.Rasters.GdalExtension.csproj
		SccProjectTopLevelParentUniqueName10 = DotSpatial.sln
		SccProjectName10 = DotSpatial.Data.Rasters.GdalExtension
		SccLocalPath10 = DotSpatial.Data.Rasters.GdalExtension
		SccProjectUniqueName11 = DotSpatial.Data.Forms\\DotSpatial.Data.Forms.csproj
		SccProjectTopLevelParentUniqueName11 = DotSpatial.sln
		SccProjectName11 = DotSpatial.Data.Forms
		SccLocalPath11 = DotSpatial.Data.Forms
		SccProjectUniqueName12 = DotSpatial.Modeling.Forms\\DotSpatial.Modeling.Forms.csproj
		SccProjectTopLevelParentUniqueName12 = DotSpatial.sln
		SccProjectName12 = DotSpatial.Modeling.Forms
		SccLocalPath12 = DotSpatial.Modeling.Forms
		SccProjectUniqueName13 = DotSpatial.Projections.Forms\\DotSpatial.Projections.Forms.csproj
		SccProjectTopLevelParentUniqueName13 = DotSpatial.sln
		SccProjectName13 = DotSpatial.Projections.Forms
		SccLocalPath13 = DotSpatial.Projections.Forms
		SccProjectUniqueName14 = DotSpatial.Symbology.Forms\\DotSpatial.Symbology.Forms.csproj
		SccProjectTopLevelParentUniqueName14 = DotSpatial.sln
		SccProjectName14 = DotSpatial.Symbology.Forms
		SccLocalPath14 = DotSpatial.Symbology.Forms
		SccProjectUniqueName15 = DotSpatial.Plugins.ShapeEditor\\DotSpatial.Plugins.ShapeEditor.csproj
		SccProjectTopLevelParentUniqueName15 = DotSpatial.sln
		SccProjectName15 = DotSpatial.Plugins.ShapeEditor
		SccLocalPath15 = DotSpatial.Plugins.ShapeEditor
		SccProjectUniqueName16 = DotSpatial.Plugins.About\\DotSpatial.Plugins.About.csproj
		SccProjectTopLevelParentUniqueName16 = DotSpatial.sln
		SccProjectName16 = DotSpatial.Plugins.About
		SccLocalPath16 = DotSpatial.Plugins.About
		SccProjectUniqueName17 = DotSpatial.Plugins.ClickOnceUpdater\\DotSpatial.Plugins.ClickOnceUpdater.csproj
		SccProjectTopLevelParentUniqueName17 = DotSpatial.sln
		SccProjectName17 = DotSpatial.Plugins.ClickOnceUpdater
		SccLocalPath17 = DotSpatial.Plugins.ClickOnceUpdater
		SccProjectUniqueName18 = DotSpatial.Plugins.ExtensionManager\\DotSpatial.Plugins.ExtensionManager.csproj
		SccProjectTopLevelParentUniqueName18 = DotSpatial.sln
		SccProjectName18 = DotSpatial.Plugins.ExtensionManager
		SccLocalPath18 = DotSpatial.Plugins.ExtensionManager
		SccProjectUniqueName19 = DotSpatial.Plugins.WebMap\\DotSpatial.Plugins.WebMap.csproj
		SccProjectTopLevelParentUniqueName19 = DotSpatial.sln
		SccProjectName19 = DotSpatial.Plugins.WebMap
		SccLocalPath19 = DotSpatial.Plugins.WebMap
		SccProjectUniqueName20 = DotSpatial.Plugins.SpatiaLite\\DotSpatial.Plugins.SpatiaLite.csproj
		SccProjectTopLevelParentUniqueName20 = DotSpatial.sln
		SccProjectName20 = DotSpatial.Plugins.SpatiaLite
		SccLocalPath20 = DotSpatial.Plugins.SpatiaLite
		SccProjectUniqueName21 = DotSpatial.Plugins.Taudem\\DotSpatial.Plugins.Taudem.csproj
		SccProjectTopLevelParentUniqueName21 = DotSpatial.sln
		SccProjectName21 = DotSpatial.Plugins.Taudem
		SccLocalPath21 = DotSpatial.Plugins.Taudem
		SccProjectUniqueName22 = DotSpatial.Plugins.Help\\DotSpatial.Plugins.Help.csproj
		SccProjectTopLevelParentUniqueName22 = DotSpatial.sln
		SccProjectName22 = DotSpatial.Plugins.Help
		SccLocalPath22 = DotSpatial.Plugins.Help
		SccProjectUniqueName23 = DotSpatial.Extensions\\DotSpatial.Extensions.csproj
		SccProjectTopLevelParentUniqueName23 = DotSpatial.sln
		SccProjectName23 = DotSpatial.Extensions
		SccLocalPath23 = DotSpatial.Extensions
		SccProjectUniqueName24 = DotSpatial.Plugins.ToolManager\\DotSpatial.Plugins.ToolManager.csproj
		SccProjectTopLevelParentUniqueName24 = DotSpatial.sln
		SccProjectName24 = DotSpatial.Plugins.ToolManager
		SccLocalPath24 = DotSpatial.Plugins.ToolManager
		SccProjectUniqueName25 = DotSpatial.Plugins.Taudem.Port\\DotSpatial.Plugins.Taudem.Port.vbproj
		SccProjectTopLevelParentUniqueName25 = DotSpatial.sln
		SccProjectName25 = DotSpatial.Plugins.Taudem.Port
		SccLocalPath25 = DotSpatial.Plugins.Taudem.Port
		SccProjectUniqueName26 = DotSpatial.Plugins.LiDAR\\DotSpatial.Plugins.LiDAR.csproj
		SccProjectTopLevelParentUniqueName26 = DotSpatial.sln
		SccProjectName26 = DotSpatial.Plugins.LiDAR
		SccLocalPath26 = DotSpatial.Plugins.LiDAR
		SccProjectUniqueName27 = DotSpatial.Plugins.TableEditor\\DotSpatial.Plugins.TableEditor.csproj
		SccProjectTopLevelParentUniqueName27 = DotSpatial.sln
		SccProjectName27 = DotSpatial.Plugins.TableEditor
		SccLocalPath27 = DotSpatial.Plugins.TableEditor
		SccProjectUniqueName28 = DotSpatial.Plugins.FindFeature\\DotSpatial.Plugins.FindFeature.csproj
		SccProjectTopLevelParentUniqueName28 = DotSpatial.sln
		SccProjectName28 = DotSpatial.Plugins.FindFeature
		SccLocalPath28 = DotSpatial.Plugins.FindFeature
		SccProjectUniqueName29 = DotSpatial.Plugins.ScriptRunner\\DotSpatial.Plugins.ScriptRunner.vbproj
		SccProjectTopLevelParentUniqueName29 = DotSpatial.sln
		SccProjectName29 = DotSpatial.Plugins.ScriptRunner
		SccLocalPath29 = DotSpatial.Plugins.ScriptRunner
		SccProjectUniqueName30 = DotSpatial.Plugins.ScriptRunner.CSharpCodeCompletion\\DotSpatial.Plugins.ScriptRunner.CSharpCodeCompletion.csproj
		SccProjectTopLevelParentUniqueName30 = DotSpatial.sln
		SccProjectName30 = DotSpatial.Plugins.ScriptRunner.CSharpCodeCompletion
		SccLocalPath30 = DotSpatial.Plugins.ScriptRunner.CSharpCodeCompletion
		SccProjectUniqueName31 = DotSpatial.Plugins.MapWindowProjectFileCompatibility\\DotSpatial.Plugins.MapWindowProjectFileCompatibility.csproj
		SccProjectTopLevelParentUniqueName31 = DotSpatial.sln
		SccProjectName31 = DotSpatial.Plugins.MapWindowProjectFileCompatibility
		SccLocalPath31 = DotSpatial.Plugins.MapWindowProjectFileCompatibility
		SccProjectUniqueName32 = DotSpatial.Plugins.Measure\\DotSpatial.Plugins.Measure.csproj
		SccProjectTopLevelParentUniqueName32 = DotSpatial.sln
		SccProjectName32 = DotSpatial.Plugins.Measure
		SccLocalPath32 = DotSpatial.Plugins.Measure
		SccProjectUniqueName33 = DotSpatial.Plugins.Contourer\\DotSpatial.Plugins.Contourer.csproj
		SccProjectTopLevelParentUniqueName33 = DotSpatial.sln
		SccProjectName33 = DotSpatial.Plugins.Contourer
		SccLocalPath33 = DotSpatial.Plugins.Contourer
		SccProjectUniqueName34 = DotSpatial.Plugins.WFSClient\\DotSpatial.Plugins.WFSClient.csproj
		SccProjectTopLevelParentUniqueName34 = DotSpatial.sln
		SccProjectName34 = DotSpatial.Plugins.WFSClient
		SccLocalPath34 = DotSpatial.Plugins.WFSClient
		SccProjectUniqueName35 = DotSpatial.Plugins.Legend\\DotSpatial.Plugins.SimpleLegend.csproj
		SccProjectTopLevelParentUniqueName35 = DotSpatial.sln
		SccProjectName35 = DotSpatial.Plugins.Legend
		SccLocalPath35 = DotSpatial.Plugins.Legend
		SccProjectUniqueName36 = DotSpatial.Positioning.Forms\\DotSpatial.Positioning.Forms.csproj
		SccProjectTopLevelParentUniqueName36 = DotSpatial.sln
		SccProjectName36 = DotSpatial.Positioning.Forms
		SccLocalPath36 = DotSpatial.Positioning.Forms
		SccProjectUniqueName37 = DotSpatial.Positioning\\DotSpatial.Positioning.csproj
		SccProjectTopLevelParentUniqueName37 = DotSpatial.sln
		SccProjectName37 = DotSpatial.Positioning
		SccLocalPath37 = DotSpatial.Positioning
		SccProjectUniqueName38 = DotSpatial.Positioning.Design\\DotSpatial.Positioning.Design.csproj
		SccProjectTopLevelParentUniqueName38 = DotSpatial.sln
		SccProjectName38 = DotSpatial.Positioning.Design
		SccLocalPath38 = DotSpatial.Positioning.Design
		SccProjectUniqueName39 = DotSpatial.Analysis.Tests\\DotSpatial.Analysis.Tests.csproj
		SccProjectTopLevelParentUniqueName39 = DotSpatial.sln
		SccProjectName39 = DotSpatial.Analysis.Tests
		SccLocalPath39 = DotSpatial.Analysis.Tests
		SccProjectUniqueName40 = DotSpatial.Controls.Tests\\DotSpatial.Controls.Tests.csproj
		SccProjectTopLevelParentUniqueName40 = DotSpatial.sln
		SccProjectName40 = DotSpatial.Controls.Tests
		SccLocalPath40 = DotSpatial.Controls.Tests
		SccProjectUniqueName41 = DotSpatial.Plugins.ExtensionManager.Tests\\DotSpatial.Plugins.ExtensionManager.Tests.csproj
		SccProjectTopLevelParentUniqueName41 = DotSpatial.sln
		SccProjectName41 = DotSpatial.Plugins.ExtensionManager.Tests
		SccLocalPath41 = DotSpatial.Plugins.ExtensionManager.Tests
		SccProjectUniqueName42 = DotSpatial.Symbology.Tests\\DotSpatial.Symbology.Tests.csproj
		SccProjectTopLevelParentUniqueName42 = DotSpatial.sln
		SccProjectName42 = DotSpatial.Symbology.Tests
		SccLocalPath42 = DotSpatial.Symbology.Tests
		SccProjectUniqueName43 = DotSpatial.Serialization.Tests\\DotSpatial.Serialization.Tests.csproj
		SccProjectTopLevelParentUniqueName43 = DotSpatial.sln
		SccProjectName43 = DotSpatial.Serialization.Tests
		SccLocalPath43 = DotSpatial.Serialization.Tests
		SccProjectUniqueName44 = DotSpatial.Topology.Tests\\DotSpatial.Topology.Tests.csproj
		SccProjectTopLevelParentUniqueName44 = DotSpatial.sln
		SccProjectName44 = DotSpatial.Topology.Tests
		SccLocalPath44 = DotSpatial.Topology.Tests
		SccProjectUniqueName45 = DotSpatial.Data.Tests\\DotSpatial.Data.Tests.csproj
		SccProjectTopLevelParentUniqueName45 = DotSpatial.sln
		SccProjectName45 = DotSpatial.Data.Tests
		SccLocalPath45 = DotSpatial.Data.Tests
		SccProjectUniqueName46 = DotSpatial.Tools.Tests\\DotSpatial.Tools.Tests.csproj
		SccProjectTopLevelParentUniqueName46 = DotSpatial.sln
		SccProjectName46 = DotSpatial.Tools.Tests
		SccLocalPath46 = DotSpatial.Tools.Tests
		SccProjectUniqueName47 = DotSpatial.Mono\\DotSpatial.Mono.csproj
		SccProjectTopLevelParentUniqueName47 = DotSpatial.sln
		SccProjectName47 = DotSpatial.Mono
		SccLocalPath47 = DotSpatial.Mono
		SccProjectUniqueName48 = DotSpatial.Projections.Tests\\DotSpatial.Projections.Tests.csproj
		SccProjectTopLevelParentUniqueName48 = DotSpatial.sln
		SccProjectName48 = DotSpatial.Projections.Tests
		SccLocalPath48 = DotSpatial.Projections.Tests
		SccProjectUniqueName49 = DotSpatial.Plugins.MapWindowProjectFileCompatibility.Tests\\DotSpatial.Plugins.MapWindowProjectFileCompatibility.Tests.csproj
		SccProjectTopLevelParentUniqueName49 = DotSpatial.sln
		SccProjectName49 = DotSpatial.Plugins.MapWindowProjectFileCompatibility.Tests
		SccLocalPath49 = DotSpatial.Plugins.MapWindowProjectFileCompatibility.Tests
		SccProjectUniqueName50 = DotSpatial.Positioning.Tests\\DotSpatial.Positioning.Tests.csproj
		SccProjectTopLevelParentUniqueName50 = DotSpatial.sln
		SccProjectName50 = DotSpatial.Positioning.Tests
		SccLocalPath50 = DotSpatial.Positioning.Tests
		SccProjectUniqueName51 = DotSpatial.Tests.Common\\DotSpatial.Tests.Common.csproj
		SccProjectTopLevelParentUniqueName51 = DotSpatial.sln
		SccProjectName51 = DotSpatial.Tests.Common
		SccLocalPath51 = DotSpatial.Tests.Common
		SccProjectUniqueName52 = DotSpatial.Plugins.SimpleMap\\DotSpatial.Plugins.SimpleMap.csproj
		SccProjectTopLevelParentUniqueName52 = DotSpatial.sln
		SccProjectName52 = DotSpatial.Plugins.SimpleMap
		SccLocalPath52 = DotSpatial.Plugins.SimpleMap
		SccProjectUniqueName53 = DotSpatial.Plugins.StatusBarImprovements\\DotSpatial.Plugins.StatusBarImprovements.csproj
		SccProjectTopLevelParentUniqueName53 = DotSpatial.sln
		SccProjectName53 = DotSpatial.Plugins.StatusBarImprovements
		SccLocalPath53 = DotSpatial.Plugins.StatusBarImprovements
		SccProjectUniqueName54 = DemoMap\\DemoMap.csproj
		SccProjectTopLevelParentUniqueName54 = DotSpatial.sln
		SccProjectName54 = DemoMap
		SccLocalPath54 = DemoMap
		SccProjectUniqueName55 = Examples\\DemoCustomLayer\\DemoCustomLayer.csproj
		SccProjectTopLevelParentUniqueName55 = DotSpatial.sln
		SccProjectName55 = Examples/DemoCustomLayer
		SccLocalPath55 = Examples\\DemoCustomLayer
		SccProjectUniqueName56 = Examples\\AppManagerCustomizationDesignTime\\AppManagerCustomizationDesignTime.csproj
		SccProjectTopLevelParentUniqueName56 = DotSpatial.sln
		SccProjectName56 = Examples/AppManagerCustomizationDesignTime
		SccLocalPath56 = Examples\\AppManagerCustomizationDesignTime
		SccProjectUniqueName57 = Examples\\AppManagerCustomizationRuntime\\AppManagerCustomizationRuntime.csproj
		SccProjectTopLevelParentUniqueName57 = DotSpatial.sln
		SccProjectName57 = Examples/AppManagerCustomizationRuntime
		SccLocalPath57 = Examples\\AppManagerCustomizationRuntime
		SccProjectUniqueName58 = Examples\\DemoGPS\\C#\\DemoGPS.csproj
		SccProjectTopLevelParentUniqueName58 = DotSpatial.sln
		SccProjectName58 = Examples/DemoGPS/C#
		SccLocalPath58 = Examples\\DemoGPS\\C#
		SccProjectUniqueName59 = Examples\\DemoPlugin\\DemoPlugin.csproj
		SccProjectTopLevelParentUniqueName59 = DotSpatial.sln
		SccProjectName59 = Examples/DemoPlugin
		SccLocalPath59 = Examples\\DemoPlugin
		SccProjectUniqueName60 = Examples\\SimpleApp\\SimpleApp.csproj
		SccProjectTopLevelParentUniqueName60 = DotSpatial.sln
		SccProjectName60 = Examples/SimpleApp
		SccLocalPath60 = Examples\\SimpleApp
		SccProjectUniqueName61 = DotSpatial.Plugins.ExtensionManager.Updater\\DotSpatial.Plugins.ExtensionManager.Updater.csproj
		SccProjectTopLevelParentUniqueName61 = DotSpatial.sln
		SccProjectName61 = DotSpatial.Plugins.ExtensionManager.Updater
		SccLocalPath61 = DotSpatial.Plugins.ExtensionManager.Updater
	EndGlobalSection
	GlobalSection(SolutionConfigurationPlatforms) = preSolution
		Debug|Any CPU = Debug|Any CPU
		Release|Any CPU = Release|Any CPU
	EndGlobalSection
	GlobalSection(ProjectConfigurationPlatforms) = postSolution
		{9B692E11-0273-4331-9B15-1670093EDDBF}.Debug|Any CPU.ActiveCfg = Debug|Any CPU
		{9B692E11-0273-4331-9B15-1670093EDDBF}.Debug|Any CPU.Build.0 = Debug|Any CPU
		{9B692E11-0273-4331-9B15-1670093EDDBF}.Release|Any CPU.ActiveCfg = Release|Any CPU
		{9B692E11-0273-4331-9B15-1670093EDDBF}.Release|Any CPU.Build.0 = Release|Any CPU
		{A8079861-C636-4ECE-99C1-AD313276787B}.Debug|Any CPU.ActiveCfg = Debug|Any CPU
		{A8079861-C636-4ECE-99C1-AD313276787B}.Debug|Any CPU.Build.0 = Debug|Any CPU
		{A8079861-C636-4ECE-99C1-AD313276787B}.Release|Any CPU.ActiveCfg = Release|Any CPU
		{A8079861-C636-4ECE-99C1-AD313276787B}.Release|Any CPU.Build.0 = Release|Any CPU
		{D286DF06-21FA-40BE-B384-6ACA509AC98C}.Debug|Any CPU.ActiveCfg = Debug|Any CPU
		{D286DF06-21FA-40BE-B384-6ACA509AC98C}.Debug|Any CPU.Build.0 = Debug|Any CPU
		{D286DF06-21FA-40BE-B384-6ACA509AC98C}.Release|Any CPU.ActiveCfg = Release|Any CPU
		{D286DF06-21FA-40BE-B384-6ACA509AC98C}.Release|Any CPU.Build.0 = Release|Any CPU
		{C1018695-3401-47A9-B195-ABD3A20C2489}.Debug|Any CPU.ActiveCfg = Debug|Any CPU
		{C1018695-3401-47A9-B195-ABD3A20C2489}.Debug|Any CPU.Build.0 = Debug|Any CPU
		{C1018695-3401-47A9-B195-ABD3A20C2489}.Release|Any CPU.ActiveCfg = Release|Any CPU
		{C1018695-3401-47A9-B195-ABD3A20C2489}.Release|Any CPU.Build.0 = Release|Any CPU
		{21C1D7A7-E8E5-4590-A921-2287AD43CB98}.Debug|Any CPU.ActiveCfg = Debug|Any CPU
		{21C1D7A7-E8E5-4590-A921-2287AD43CB98}.Debug|Any CPU.Build.0 = Debug|Any CPU
		{21C1D7A7-E8E5-4590-A921-2287AD43CB98}.Release|Any CPU.ActiveCfg = Release|Any CPU
		{21C1D7A7-E8E5-4590-A921-2287AD43CB98}.Release|Any CPU.Build.0 = Release|Any CPU
		{01A845C6-D391-4258-81B0-C6ABF23D3364}.Debug|Any CPU.ActiveCfg = Debug|Any CPU
		{01A845C6-D391-4258-81B0-C6ABF23D3364}.Debug|Any CPU.Build.0 = Debug|Any CPU
		{01A845C6-D391-4258-81B0-C6ABF23D3364}.Release|Any CPU.ActiveCfg = Release|Any CPU
		{01A845C6-D391-4258-81B0-C6ABF23D3364}.Release|Any CPU.Build.0 = Release|Any CPU
		{56E70075-71E0-4FDA-BCA6-CF7581112354}.Debug|Any CPU.ActiveCfg = Debug|Any CPU
		{56E70075-71E0-4FDA-BCA6-CF7581112354}.Debug|Any CPU.Build.0 = Debug|Any CPU
		{56E70075-71E0-4FDA-BCA6-CF7581112354}.Release|Any CPU.ActiveCfg = Release|Any CPU
		{56E70075-71E0-4FDA-BCA6-CF7581112354}.Release|Any CPU.Build.0 = Release|Any CPU
		{F124E7C5-33CC-4B17-8C45-01E7D2E47DAB}.Debug|Any CPU.ActiveCfg = Debug|Any CPU
		{F124E7C5-33CC-4B17-8C45-01E7D2E47DAB}.Debug|Any CPU.Build.0 = Debug|Any CPU
		{F124E7C5-33CC-4B17-8C45-01E7D2E47DAB}.Release|Any CPU.ActiveCfg = Release|Any CPU
		{F124E7C5-33CC-4B17-8C45-01E7D2E47DAB}.Release|Any CPU.Build.0 = Release|Any CPU
		{878A9C2C-21AC-4E63-9819-715B66B63CF5}.Debug|Any CPU.ActiveCfg = Debug|Any CPU
		{878A9C2C-21AC-4E63-9819-715B66B63CF5}.Debug|Any CPU.Build.0 = Debug|Any CPU
		{878A9C2C-21AC-4E63-9819-715B66B63CF5}.Release|Any CPU.ActiveCfg = Release|Any CPU
		{878A9C2C-21AC-4E63-9819-715B66B63CF5}.Release|Any CPU.Build.0 = Release|Any CPU
		{51C6E16E-920E-4D36-B41E-D48ABEF837E7}.Debug|Any CPU.ActiveCfg = Debug|Any CPU
		{51C6E16E-920E-4D36-B41E-D48ABEF837E7}.Debug|Any CPU.Build.0 = Debug|Any CPU
		{51C6E16E-920E-4D36-B41E-D48ABEF837E7}.Release|Any CPU.ActiveCfg = Release|Any CPU
		{51C6E16E-920E-4D36-B41E-D48ABEF837E7}.Release|Any CPU.Build.0 = Release|Any CPU
		{26E18588-B04D-4987-BF36-8206A7E36FF9}.Debug|Any CPU.ActiveCfg = Debug|Any CPU
		{26E18588-B04D-4987-BF36-8206A7E36FF9}.Debug|Any CPU.Build.0 = Debug|Any CPU
		{26E18588-B04D-4987-BF36-8206A7E36FF9}.Release|Any CPU.ActiveCfg = Release|Any CPU
		{26E18588-B04D-4987-BF36-8206A7E36FF9}.Release|Any CPU.Build.0 = Release|Any CPU
		{7F9F4CB4-F86D-45F0-8FA0-00C5E19B72A0}.Debug|Any CPU.ActiveCfg = Debug|Any CPU
		{7F9F4CB4-F86D-45F0-8FA0-00C5E19B72A0}.Debug|Any CPU.Build.0 = Debug|Any CPU
		{7F9F4CB4-F86D-45F0-8FA0-00C5E19B72A0}.Release|Any CPU.ActiveCfg = Release|Any CPU
		{7F9F4CB4-F86D-45F0-8FA0-00C5E19B72A0}.Release|Any CPU.Build.0 = Release|Any CPU
		{D4245DD6-79F6-466A-98D3-4AF15D8C39A9}.Debug|Any CPU.ActiveCfg = Debug|Any CPU
		{D4245DD6-79F6-466A-98D3-4AF15D8C39A9}.Debug|Any CPU.Build.0 = Debug|Any CPU
		{D4245DD6-79F6-466A-98D3-4AF15D8C39A9}.Release|Any CPU.ActiveCfg = Release|Any CPU
		{D4245DD6-79F6-466A-98D3-4AF15D8C39A9}.Release|Any CPU.Build.0 = Release|Any CPU
		{7B7195E7-C20E-49B9-9CB0-4F451A2463B6}.Debug|Any CPU.ActiveCfg = Debug|Any CPU
		{7B7195E7-C20E-49B9-9CB0-4F451A2463B6}.Debug|Any CPU.Build.0 = Debug|Any CPU
		{7B7195E7-C20E-49B9-9CB0-4F451A2463B6}.Release|Any CPU.ActiveCfg = Release|Any CPU
		{7B7195E7-C20E-49B9-9CB0-4F451A2463B6}.Release|Any CPU.Build.0 = Release|Any CPU
		{7ED7B00D-56EE-47CF-AAA5-34A09E40A566}.Debug|Any CPU.ActiveCfg = Debug|Any CPU
		{7ED7B00D-56EE-47CF-AAA5-34A09E40A566}.Debug|Any CPU.Build.0 = Debug|Any CPU
		{7ED7B00D-56EE-47CF-AAA5-34A09E40A566}.Release|Any CPU.ActiveCfg = Release|Any CPU
		{7ED7B00D-56EE-47CF-AAA5-34A09E40A566}.Release|Any CPU.Build.0 = Release|Any CPU
		{1DA244CE-5862-4DFB-8943-244A80B7E3EE}.Debug|Any CPU.ActiveCfg = Debug|Any CPU
		{1DA244CE-5862-4DFB-8943-244A80B7E3EE}.Debug|Any CPU.Build.0 = Debug|Any CPU
		{1DA244CE-5862-4DFB-8943-244A80B7E3EE}.Release|Any CPU.ActiveCfg = Release|Any CPU
		{1DA244CE-5862-4DFB-8943-244A80B7E3EE}.Release|Any CPU.Build.0 = Release|Any CPU
		{97EDE2AD-90D0-44B6-ADB6-AD20052C0B6F}.Debug|Any CPU.ActiveCfg = Debug|Any CPU
		{97EDE2AD-90D0-44B6-ADB6-AD20052C0B6F}.Debug|Any CPU.Build.0 = Debug|Any CPU
		{97EDE2AD-90D0-44B6-ADB6-AD20052C0B6F}.Release|Any CPU.ActiveCfg = Release|Any CPU
		{97EDE2AD-90D0-44B6-ADB6-AD20052C0B6F}.Release|Any CPU.Build.0 = Release|Any CPU
		{715F4E59-7362-4EB6-BA2E-3FFC54CBAA41}.Debug|Any CPU.ActiveCfg = Debug|Any CPU
		{715F4E59-7362-4EB6-BA2E-3FFC54CBAA41}.Debug|Any CPU.Build.0 = Debug|Any CPU
		{715F4E59-7362-4EB6-BA2E-3FFC54CBAA41}.Release|Any CPU.ActiveCfg = Release|Any CPU
		{715F4E59-7362-4EB6-BA2E-3FFC54CBAA41}.Release|Any CPU.Build.0 = Release|Any CPU
		{84A7D4BB-8404-4AC5-A9D4-3C667F2001DC}.Debug|Any CPU.ActiveCfg = Debug|Any CPU
		{84A7D4BB-8404-4AC5-A9D4-3C667F2001DC}.Debug|Any CPU.Build.0 = Debug|Any CPU
		{84A7D4BB-8404-4AC5-A9D4-3C667F2001DC}.Release|Any CPU.ActiveCfg = Release|Any CPU
		{84A7D4BB-8404-4AC5-A9D4-3C667F2001DC}.Release|Any CPU.Build.0 = Release|Any CPU
		{F249DB09-41BE-4581-A7A7-B50EA408900C}.Debug|Any CPU.ActiveCfg = Debug|Any CPU
		{F249DB09-41BE-4581-A7A7-B50EA408900C}.Debug|Any CPU.Build.0 = Debug|Any CPU
		{F249DB09-41BE-4581-A7A7-B50EA408900C}.Release|Any CPU.ActiveCfg = Release|Any CPU
		{F249DB09-41BE-4581-A7A7-B50EA408900C}.Release|Any CPU.Build.0 = Release|Any CPU
		{D58E5921-9C7B-4276-ABF1-F444EB050680}.Debug|Any CPU.ActiveCfg = Debug|Any CPU
		{D58E5921-9C7B-4276-ABF1-F444EB050680}.Debug|Any CPU.Build.0 = Debug|Any CPU
		{D58E5921-9C7B-4276-ABF1-F444EB050680}.Release|Any CPU.ActiveCfg = Release|Any CPU
		{D58E5921-9C7B-4276-ABF1-F444EB050680}.Release|Any CPU.Build.0 = Release|Any CPU
		{28D0059B-B140-454F-B6BC-0D107D76B4DD}.Debug|Any CPU.ActiveCfg = Debug|Any CPU
		{28D0059B-B140-454F-B6BC-0D107D76B4DD}.Debug|Any CPU.Build.0 = Debug|Any CPU
		{28D0059B-B140-454F-B6BC-0D107D76B4DD}.Release|Any CPU.ActiveCfg = Release|Any CPU
		{28D0059B-B140-454F-B6BC-0D107D76B4DD}.Release|Any CPU.Build.0 = Release|Any CPU
		{5C73542E-24BC-46A6-B6BF-10D180872312}.Debug|Any CPU.ActiveCfg = Debug|Any CPU
		{5C73542E-24BC-46A6-B6BF-10D180872312}.Debug|Any CPU.Build.0 = Debug|Any CPU
		{5C73542E-24BC-46A6-B6BF-10D180872312}.Release|Any CPU.ActiveCfg = Release|Any CPU
		{5C73542E-24BC-46A6-B6BF-10D180872312}.Release|Any CPU.Build.0 = Release|Any CPU
		{8B41651D-47CC-416D-93A1-C74B1B01FDB2}.Debug|Any CPU.ActiveCfg = Debug|Any CPU
		{8B41651D-47CC-416D-93A1-C74B1B01FDB2}.Debug|Any CPU.Build.0 = Debug|Any CPU
		{8B41651D-47CC-416D-93A1-C74B1B01FDB2}.Release|Any CPU.ActiveCfg = Release|Any CPU
		{8B41651D-47CC-416D-93A1-C74B1B01FDB2}.Release|Any CPU.Build.0 = Release|Any CPU
		{2609869B-5A49-4E93-8FC6-3B1D06C59C96}.Debug|Any CPU.ActiveCfg = Debug|Any CPU
		{2609869B-5A49-4E93-8FC6-3B1D06C59C96}.Debug|Any CPU.Build.0 = Debug|Any CPU
		{2609869B-5A49-4E93-8FC6-3B1D06C59C96}.Release|Any CPU.ActiveCfg = Release|Any CPU
		{2609869B-5A49-4E93-8FC6-3B1D06C59C96}.Release|Any CPU.Build.0 = Release|Any CPU
		{9108B04D-A3DE-4981-B66F-496078D462FE}.Debug|Any CPU.ActiveCfg = Debug|Any CPU
		{9108B04D-A3DE-4981-B66F-496078D462FE}.Debug|Any CPU.Build.0 = Debug|Any CPU
		{9108B04D-A3DE-4981-B66F-496078D462FE}.Release|Any CPU.ActiveCfg = Release|Any CPU
		{9108B04D-A3DE-4981-B66F-496078D462FE}.Release|Any CPU.Build.0 = Release|Any CPU
		{7888B17F-915E-4648-9C49-8B4B42808B7B}.Debug|Any CPU.ActiveCfg = Debug|Any CPU
		{7888B17F-915E-4648-9C49-8B4B42808B7B}.Debug|Any CPU.Build.0 = Debug|Any CPU
		{7888B17F-915E-4648-9C49-8B4B42808B7B}.Release|Any CPU.ActiveCfg = Release|Any CPU
		{7888B17F-915E-4648-9C49-8B4B42808B7B}.Release|Any CPU.Build.0 = Release|Any CPU
		{820E1426-5BAE-4834-88FB-EC407D4E5CC8}.Debug|Any CPU.ActiveCfg = Debug|Any CPU
		{820E1426-5BAE-4834-88FB-EC407D4E5CC8}.Debug|Any CPU.Build.0 = Debug|Any CPU
		{820E1426-5BAE-4834-88FB-EC407D4E5CC8}.Release|Any CPU.ActiveCfg = Release|Any CPU
		{820E1426-5BAE-4834-88FB-EC407D4E5CC8}.Release|Any CPU.Build.0 = Release|Any CPU
		{B2335CBA-5E66-4A2D-9F6E-1224E06F2E57}.Debug|Any CPU.ActiveCfg = Debug|Any CPU
		{B2335CBA-5E66-4A2D-9F6E-1224E06F2E57}.Debug|Any CPU.Build.0 = Debug|Any CPU
		{B2335CBA-5E66-4A2D-9F6E-1224E06F2E57}.Release|Any CPU.ActiveCfg = Release|Any CPU
		{B2335CBA-5E66-4A2D-9F6E-1224E06F2E57}.Release|Any CPU.Build.0 = Release|Any CPU
		{30B6615B-0275-494E-8686-2C72CD99DAB3}.Debug|Any CPU.ActiveCfg = Debug|Any CPU
		{30B6615B-0275-494E-8686-2C72CD99DAB3}.Debug|Any CPU.Build.0 = Debug|Any CPU
		{30B6615B-0275-494E-8686-2C72CD99DAB3}.Release|Any CPU.ActiveCfg = Release|Any CPU
		{30B6615B-0275-494E-8686-2C72CD99DAB3}.Release|Any CPU.Build.0 = Release|Any CPU
		{C828727C-318C-4A8B-9B26-4C76E6CA88F0}.Debug|Any CPU.ActiveCfg = Debug|Any CPU
		{C828727C-318C-4A8B-9B26-4C76E6CA88F0}.Debug|Any CPU.Build.0 = Debug|Any CPU
		{C828727C-318C-4A8B-9B26-4C76E6CA88F0}.Release|Any CPU.ActiveCfg = Release|Any CPU
		{C828727C-318C-4A8B-9B26-4C76E6CA88F0}.Release|Any CPU.Build.0 = Release|Any CPU
		{858B3B4A-CF0A-4E64-94A1-B3751C93D1E1}.Debug|Any CPU.ActiveCfg = Debug|Any CPU
		{858B3B4A-CF0A-4E64-94A1-B3751C93D1E1}.Debug|Any CPU.Build.0 = Debug|Any CPU
		{858B3B4A-CF0A-4E64-94A1-B3751C93D1E1}.Release|Any CPU.ActiveCfg = Release|Any CPU
		{858B3B4A-CF0A-4E64-94A1-B3751C93D1E1}.Release|Any CPU.Build.0 = Release|Any CPU
		{489CFE09-FDF7-4C89-BAB5-BD09CADD61AD}.Debug|Any CPU.ActiveCfg = Debug|Any CPU
		{489CFE09-FDF7-4C89-BAB5-BD09CADD61AD}.Debug|Any CPU.Build.0 = Debug|Any CPU
		{489CFE09-FDF7-4C89-BAB5-BD09CADD61AD}.Release|Any CPU.ActiveCfg = Release|Any CPU
		{489CFE09-FDF7-4C89-BAB5-BD09CADD61AD}.Release|Any CPU.Build.0 = Release|Any CPU
		{46A259E2-40C3-48D5-A23D-22104056CEDF}.Debug|Any CPU.ActiveCfg = Debug|Any CPU
		{46A259E2-40C3-48D5-A23D-22104056CEDF}.Debug|Any CPU.Build.0 = Debug|Any CPU
		{46A259E2-40C3-48D5-A23D-22104056CEDF}.Release|Any CPU.ActiveCfg = Release|Any CPU
		{46A259E2-40C3-48D5-A23D-22104056CEDF}.Release|Any CPU.Build.0 = Release|Any CPU
		{A0FD21C0-D7EE-485E-803D-2C59B37D5A72}.Debug|Any CPU.ActiveCfg = Debug|Any CPU
		{A0FD21C0-D7EE-485E-803D-2C59B37D5A72}.Debug|Any CPU.Build.0 = Debug|Any CPU
		{A0FD21C0-D7EE-485E-803D-2C59B37D5A72}.Release|Any CPU.ActiveCfg = Release|Any CPU
		{A0FD21C0-D7EE-485E-803D-2C59B37D5A72}.Release|Any CPU.Build.0 = Release|Any CPU
		{735DEE23-1732-4D18-8341-E8E2482F3BB4}.Debug|Any CPU.ActiveCfg = Debug|Any CPU
		{735DEE23-1732-4D18-8341-E8E2482F3BB4}.Debug|Any CPU.Build.0 = Debug|Any CPU
		{735DEE23-1732-4D18-8341-E8E2482F3BB4}.Release|Any CPU.ActiveCfg = Release|Any CPU
		{735DEE23-1732-4D18-8341-E8E2482F3BB4}.Release|Any CPU.Build.0 = Release|Any CPU
		{167E5199-0B69-4A4B-BC7B-C81D8476B1F6}.Debug|Any CPU.ActiveCfg = Debug|Any CPU
		{167E5199-0B69-4A4B-BC7B-C81D8476B1F6}.Debug|Any CPU.Build.0 = Debug|Any CPU
		{167E5199-0B69-4A4B-BC7B-C81D8476B1F6}.Release|Any CPU.ActiveCfg = Release|Any CPU
		{167E5199-0B69-4A4B-BC7B-C81D8476B1F6}.Release|Any CPU.Build.0 = Release|Any CPU
		{D85281B4-6012-42A0-A8F1-B29068A3F433}.Debug|Any CPU.ActiveCfg = Debug|Any CPU
		{D85281B4-6012-42A0-A8F1-B29068A3F433}.Debug|Any CPU.Build.0 = Debug|Any CPU
		{D85281B4-6012-42A0-A8F1-B29068A3F433}.Release|Any CPU.ActiveCfg = Release|Any CPU
		{D85281B4-6012-42A0-A8F1-B29068A3F433}.Release|Any CPU.Build.0 = Release|Any CPU
		{BDC11A53-B435-4B9F-B8FA-06BE940ACDA8}.Debug|Any CPU.ActiveCfg = Debug|Any CPU
		{BDC11A53-B435-4B9F-B8FA-06BE940ACDA8}.Debug|Any CPU.Build.0 = Debug|Any CPU
		{BDC11A53-B435-4B9F-B8FA-06BE940ACDA8}.Release|Any CPU.ActiveCfg = Release|Any CPU
		{BDC11A53-B435-4B9F-B8FA-06BE940ACDA8}.Release|Any CPU.Build.0 = Release|Any CPU
		{11DF9872-A74C-4FE8-A139-DB9EC60C1E6E}.Debug|Any CPU.ActiveCfg = Debug|Any CPU
		{11DF9872-A74C-4FE8-A139-DB9EC60C1E6E}.Debug|Any CPU.Build.0 = Debug|Any CPU
		{11DF9872-A74C-4FE8-A139-DB9EC60C1E6E}.Release|Any CPU.ActiveCfg = Release|Any CPU
		{11DF9872-A74C-4FE8-A139-DB9EC60C1E6E}.Release|Any CPU.Build.0 = Release|Any CPU
		{027B40CF-E09F-4A7B-909D-523D6BEB03F6}.Debug|Any CPU.ActiveCfg = Debug|Any CPU
		{027B40CF-E09F-4A7B-909D-523D6BEB03F6}.Debug|Any CPU.Build.0 = Debug|Any CPU
		{027B40CF-E09F-4A7B-909D-523D6BEB03F6}.Release|Any CPU.ActiveCfg = Release|Any CPU
		{027B40CF-E09F-4A7B-909D-523D6BEB03F6}.Release|Any CPU.Build.0 = Release|Any CPU
		{3B9F0407-F461-4A3C-BD79-9C8599A9F4F5}.Debug|Any CPU.ActiveCfg = Debug|Any CPU
		{3B9F0407-F461-4A3C-BD79-9C8599A9F4F5}.Debug|Any CPU.Build.0 = Debug|Any CPU
		{3B9F0407-F461-4A3C-BD79-9C8599A9F4F5}.Release|Any CPU.ActiveCfg = Release|Any CPU
		{3B9F0407-F461-4A3C-BD79-9C8599A9F4F5}.Release|Any CPU.Build.0 = Release|Any CPU
		{AB54D5FB-C908-4A26-85CC-DEA227D4914C}.Debug|Any CPU.ActiveCfg = Debug|Any CPU
		{AB54D5FB-C908-4A26-85CC-DEA227D4914C}.Debug|Any CPU.Build.0 = Debug|Any CPU
		{AB54D5FB-C908-4A26-85CC-DEA227D4914C}.Release|Any CPU.ActiveCfg = Release|Any CPU
		{AB54D5FB-C908-4A26-85CC-DEA227D4914C}.Release|Any CPU.Build.0 = Release|Any CPU
		{9A4A2CBC-0BEB-4C3E-99D0-E141B7BAE0F7}.Debug|Any CPU.ActiveCfg = Debug|Any CPU
		{9A4A2CBC-0BEB-4C3E-99D0-E141B7BAE0F7}.Debug|Any CPU.Build.0 = Debug|Any CPU
		{9A4A2CBC-0BEB-4C3E-99D0-E141B7BAE0F7}.Release|Any CPU.ActiveCfg = Release|Any CPU
		{9A4A2CBC-0BEB-4C3E-99D0-E141B7BAE0F7}.Release|Any CPU.Build.0 = Release|Any CPU
		{768274C4-15C5-46CA-91FB-D600B828071D}.Debug|Any CPU.ActiveCfg = Debug|Any CPU
		{768274C4-15C5-46CA-91FB-D600B828071D}.Debug|Any CPU.Build.0 = Debug|Any CPU
		{768274C4-15C5-46CA-91FB-D600B828071D}.Release|Any CPU.ActiveCfg = Release|Any CPU
		{768274C4-15C5-46CA-91FB-D600B828071D}.Release|Any CPU.Build.0 = Release|Any CPU
		{4997615E-8C0C-498B-AB73-076454481964}.Debug|Any CPU.ActiveCfg = Debug|Any CPU
		{4997615E-8C0C-498B-AB73-076454481964}.Debug|Any CPU.Build.0 = Debug|Any CPU
		{4997615E-8C0C-498B-AB73-076454481964}.Release|Any CPU.ActiveCfg = Release|Any CPU
		{4997615E-8C0C-498B-AB73-076454481964}.Release|Any CPU.Build.0 = Release|Any CPU
		{12F70CE7-AFEE-4B6C-BDC5-5361F4DF0B8A}.Debug|Any CPU.ActiveCfg = Debug|Any CPU
		{12F70CE7-AFEE-4B6C-BDC5-5361F4DF0B8A}.Debug|Any CPU.Build.0 = Debug|Any CPU
		{12F70CE7-AFEE-4B6C-BDC5-5361F4DF0B8A}.Release|Any CPU.ActiveCfg = Release|Any CPU
		{12F70CE7-AFEE-4B6C-BDC5-5361F4DF0B8A}.Release|Any CPU.Build.0 = Release|Any CPU
		{945A2FD7-C93C-456B-80A2-04FCBC6AFC51}.Debug|Any CPU.ActiveCfg = Debug|Any CPU
		{945A2FD7-C93C-456B-80A2-04FCBC6AFC51}.Debug|Any CPU.Build.0 = Debug|Any CPU
		{945A2FD7-C93C-456B-80A2-04FCBC6AFC51}.Release|Any CPU.ActiveCfg = Release|Any CPU
		{945A2FD7-C93C-456B-80A2-04FCBC6AFC51}.Release|Any CPU.Build.0 = Release|Any CPU
		{AA7EFFC8-6B3D-4332-BCFA-9EC0589FB2A6}.Debug|Any CPU.ActiveCfg = Debug|Any CPU
		{AA7EFFC8-6B3D-4332-BCFA-9EC0589FB2A6}.Debug|Any CPU.Build.0 = Debug|Any CPU
		{AA7EFFC8-6B3D-4332-BCFA-9EC0589FB2A6}.Release|Any CPU.ActiveCfg = Release|Any CPU
		{AA7EFFC8-6B3D-4332-BCFA-9EC0589FB2A6}.Release|Any CPU.Build.0 = Release|Any CPU
		{B786AA1D-D5B8-4A75-A576-552EF2B5C24B}.Debug|Any CPU.ActiveCfg = Debug|Any CPU
		{B786AA1D-D5B8-4A75-A576-552EF2B5C24B}.Debug|Any CPU.Build.0 = Debug|Any CPU
		{B786AA1D-D5B8-4A75-A576-552EF2B5C24B}.Release|Any CPU.ActiveCfg = Release|Any CPU
		{B786AA1D-D5B8-4A75-A576-552EF2B5C24B}.Release|Any CPU.Build.0 = Release|Any CPU
		{95114A54-769F-4A90-A346-C2CF85523AAD}.Debug|Any CPU.ActiveCfg = Debug|Any CPU
		{95114A54-769F-4A90-A346-C2CF85523AAD}.Debug|Any CPU.Build.0 = Debug|Any CPU
		{95114A54-769F-4A90-A346-C2CF85523AAD}.Release|Any CPU.ActiveCfg = Release|Any CPU
		{95114A54-769F-4A90-A346-C2CF85523AAD}.Release|Any CPU.Build.0 = Release|Any CPU
		{632B46F5-E73D-4160-9371-D146FADDE9D5}.Debug|Any CPU.ActiveCfg = Debug|Any CPU
		{632B46F5-E73D-4160-9371-D146FADDE9D5}.Debug|Any CPU.Build.0 = Debug|Any CPU
		{632B46F5-E73D-4160-9371-D146FADDE9D5}.Release|Any CPU.ActiveCfg = Release|Any CPU
		{632B46F5-E73D-4160-9371-D146FADDE9D5}.Release|Any CPU.Build.0 = Release|Any CPU
		{5D510F37-8E99-4874-A296-CA45A93DE856}.Debug|Any CPU.ActiveCfg = Debug|Any CPU
		{5D510F37-8E99-4874-A296-CA45A93DE856}.Debug|Any CPU.Build.0 = Debug|Any CPU
		{5D510F37-8E99-4874-A296-CA45A93DE856}.Release|Any CPU.ActiveCfg = Release|Any CPU
		{5D510F37-8E99-4874-A296-CA45A93DE856}.Release|Any CPU.Build.0 = Release|Any CPU
		{404204DE-C8BC-4438-A3F6-0636B4983A5B}.Debug|Any CPU.ActiveCfg = Debug|Any CPU
		{404204DE-C8BC-4438-A3F6-0636B4983A5B}.Debug|Any CPU.Build.0 = Debug|Any CPU
		{404204DE-C8BC-4438-A3F6-0636B4983A5B}.Release|Any CPU.ActiveCfg = Release|Any CPU
		{404204DE-C8BC-4438-A3F6-0636B4983A5B}.Release|Any CPU.Build.0 = Release|Any CPU
		{E9CD3F46-B385-4BF8-9D09-D439514E5137}.Debug|Any CPU.ActiveCfg = Debug|Any CPU
		{E9CD3F46-B385-4BF8-9D09-D439514E5137}.Debug|Any CPU.Build.0 = Debug|Any CPU
		{E9CD3F46-B385-4BF8-9D09-D439514E5137}.Release|Any CPU.ActiveCfg = Release|Any CPU
		{E9CD3F46-B385-4BF8-9D09-D439514E5137}.Release|Any CPU.Build.0 = Release|Any CPU
		{C1664C14-FB90-48FC-9B0E-0F75E470ACCF}.Debug|Any CPU.ActiveCfg = Debug|Any CPU
		{C1664C14-FB90-48FC-9B0E-0F75E470ACCF}.Debug|Any CPU.Build.0 = Debug|Any CPU
		{C1664C14-FB90-48FC-9B0E-0F75E470ACCF}.Release|Any CPU.ActiveCfg = Release|Any CPU
		{C1664C14-FB90-48FC-9B0E-0F75E470ACCF}.Release|Any CPU.Build.0 = Release|Any CPU
		{1E591A3F-D723-41DA-BD08-D38C27ABFD6C}.Debug|Any CPU.ActiveCfg = Debug|Any CPU
		{1E591A3F-D723-41DA-BD08-D38C27ABFD6C}.Debug|Any CPU.Build.0 = Debug|Any CPU
		{1E591A3F-D723-41DA-BD08-D38C27ABFD6C}.Release|Any CPU.ActiveCfg = Release|Any CPU
		{1E591A3F-D723-41DA-BD08-D38C27ABFD6C}.Release|Any CPU.Build.0 = Release|Any CPU
		{1405457A-EFF6-4994-A6C5-88928504FD02}.Debug|Any CPU.ActiveCfg = Debug|Any CPU
		{1405457A-EFF6-4994-A6C5-88928504FD02}.Debug|Any CPU.Build.0 = Debug|Any CPU
		{1405457A-EFF6-4994-A6C5-88928504FD02}.Release|Any CPU.ActiveCfg = Release|Any CPU
		{1405457A-EFF6-4994-A6C5-88928504FD02}.Release|Any CPU.Build.0 = Release|Any CPU
		{467F0628-2B9A-4AFB-815A-FA3CB8F4F18C}.Debug|Any CPU.ActiveCfg = Debug|Any CPU
		{467F0628-2B9A-4AFB-815A-FA3CB8F4F18C}.Debug|Any CPU.Build.0 = Debug|Any CPU
		{467F0628-2B9A-4AFB-815A-FA3CB8F4F18C}.Release|Any CPU.ActiveCfg = Release|Any CPU
		{467F0628-2B9A-4AFB-815A-FA3CB8F4F18C}.Release|Any CPU.Build.0 = Release|Any CPU
		{AE2B37D2-031B-401C-A257-84C05876BB7B}.Debug|Any CPU.ActiveCfg = Debug|Any CPU
		{AE2B37D2-031B-401C-A257-84C05876BB7B}.Debug|Any CPU.Build.0 = Debug|Any CPU
		{AE2B37D2-031B-401C-A257-84C05876BB7B}.Release|Any CPU.ActiveCfg = Release|Any CPU
		{AE2B37D2-031B-401C-A257-84C05876BB7B}.Release|Any CPU.Build.0 = Release|Any CPU
		{CE69E9FF-19B7-4082-8A6D-2E59340FAC52}.Debug|Any CPU.ActiveCfg = Debug|Any CPU
		{CE69E9FF-19B7-4082-8A6D-2E59340FAC52}.Debug|Any CPU.Build.0 = Debug|Any CPU
		{CE69E9FF-19B7-4082-8A6D-2E59340FAC52}.Release|Any CPU.ActiveCfg = Release|Any CPU
		{CE69E9FF-19B7-4082-8A6D-2E59340FAC52}.Release|Any CPU.Build.0 = Release|Any CPU
	EndGlobalSection
	GlobalSection(SolutionProperties) = preSolution
		HideSolutionNode = FALSE
	EndGlobalSection
	GlobalSection(NestedProjects) = preSolution
		{9B692E11-0273-4331-9B15-1670093EDDBF} = {0F7FCF26-2DB1-4653-B5B5-24C4731339B6}
		{A8079861-C636-4ECE-99C1-AD313276787B} = {0F7FCF26-2DB1-4653-B5B5-24C4731339B6}
		{D286DF06-21FA-40BE-B384-6ACA509AC98C} = {0F7FCF26-2DB1-4653-B5B5-24C4731339B6}
		{C1018695-3401-47A9-B195-ABD3A20C2489} = {0F7FCF26-2DB1-4653-B5B5-24C4731339B6}
		{21C1D7A7-E8E5-4590-A921-2287AD43CB98} = {0F7FCF26-2DB1-4653-B5B5-24C4731339B6}
		{01A845C6-D391-4258-81B0-C6ABF23D3364} = {0F7FCF26-2DB1-4653-B5B5-24C4731339B6}
		{56E70075-71E0-4FDA-BCA6-CF7581112354} = {0F7FCF26-2DB1-4653-B5B5-24C4731339B6}
		{F124E7C5-33CC-4B17-8C45-01E7D2E47DAB} = {0F7FCF26-2DB1-4653-B5B5-24C4731339B6}
		{878A9C2C-21AC-4E63-9819-715B66B63CF5} = {0F7FCF26-2DB1-4653-B5B5-24C4731339B6}
		{51C6E16E-920E-4D36-B41E-D48ABEF837E7} = {49A57AB3-0588-4DC1-AC5F-47DE2C3EFC57}
		{26E18588-B04D-4987-BF36-8206A7E36FF9} = {0F7FCF26-2DB1-4653-B5B5-24C4731339B6}
		{7F9F4CB4-F86D-45F0-8FA0-00C5E19B72A0} = {0F7FCF26-2DB1-4653-B5B5-24C4731339B6}
		{D4245DD6-79F6-466A-98D3-4AF15D8C39A9} = {0F7FCF26-2DB1-4653-B5B5-24C4731339B6}
		{7B7195E7-C20E-49B9-9CB0-4F451A2463B6} = {0F7FCF26-2DB1-4653-B5B5-24C4731339B6}
		{7ED7B00D-56EE-47CF-AAA5-34A09E40A566} = {0F7FCF26-2DB1-4653-B5B5-24C4731339B6}
		{1DA244CE-5862-4DFB-8943-244A80B7E3EE} = {0F7FCF26-2DB1-4653-B5B5-24C4731339B6}
		{97EDE2AD-90D0-44B6-ADB6-AD20052C0B6F} = {0F7FCF26-2DB1-4653-B5B5-24C4731339B6}
		{715F4E59-7362-4EB6-BA2E-3FFC54CBAA41} = {49A57AB3-0588-4DC1-AC5F-47DE2C3EFC57}
		{84A7D4BB-8404-4AC5-A9D4-3C667F2001DC} = {49A57AB3-0588-4DC1-AC5F-47DE2C3EFC57}
		{F249DB09-41BE-4581-A7A7-B50EA408900C} = {49A57AB3-0588-4DC1-AC5F-47DE2C3EFC57}
		{D58E5921-9C7B-4276-ABF1-F444EB050680} = {49A57AB3-0588-4DC1-AC5F-47DE2C3EFC57}
		{28D0059B-B140-454F-B6BC-0D107D76B4DD} = {49A57AB3-0588-4DC1-AC5F-47DE2C3EFC57}
		{5C73542E-24BC-46A6-B6BF-10D180872312} = {49A57AB3-0588-4DC1-AC5F-47DE2C3EFC57}
		{8B41651D-47CC-416D-93A1-C74B1B01FDB2} = {49A57AB3-0588-4DC1-AC5F-47DE2C3EFC57}
		{2609869B-5A49-4E93-8FC6-3B1D06C59C96} = {49A57AB3-0588-4DC1-AC5F-47DE2C3EFC57}
		{9108B04D-A3DE-4981-B66F-496078D462FE} = {0F7FCF26-2DB1-4653-B5B5-24C4731339B6}
		{7888B17F-915E-4648-9C49-8B4B42808B7B} = {49A57AB3-0588-4DC1-AC5F-47DE2C3EFC57}
		{820E1426-5BAE-4834-88FB-EC407D4E5CC8} = {49A57AB3-0588-4DC1-AC5F-47DE2C3EFC57}
		{B2335CBA-5E66-4A2D-9F6E-1224E06F2E57} = {49A57AB3-0588-4DC1-AC5F-47DE2C3EFC57}
		{30B6615B-0275-494E-8686-2C72CD99DAB3} = {49A57AB3-0588-4DC1-AC5F-47DE2C3EFC57}
		{C828727C-318C-4A8B-9B26-4C76E6CA88F0} = {49A57AB3-0588-4DC1-AC5F-47DE2C3EFC57}
		{858B3B4A-CF0A-4E64-94A1-B3751C93D1E1} = {49A57AB3-0588-4DC1-AC5F-47DE2C3EFC57}
		{489CFE09-FDF7-4C89-BAB5-BD09CADD61AD} = {49A57AB3-0588-4DC1-AC5F-47DE2C3EFC57}
		{46A259E2-40C3-48D5-A23D-22104056CEDF} = {49A57AB3-0588-4DC1-AC5F-47DE2C3EFC57}
		{A0FD21C0-D7EE-485E-803D-2C59B37D5A72} = {49A57AB3-0588-4DC1-AC5F-47DE2C3EFC57}
		{735DEE23-1732-4D18-8341-E8E2482F3BB4} = {49A57AB3-0588-4DC1-AC5F-47DE2C3EFC57}
		{167E5199-0B69-4A4B-BC7B-C81D8476B1F6} = {49A57AB3-0588-4DC1-AC5F-47DE2C3EFC57}
		{D85281B4-6012-42A0-A8F1-B29068A3F433} = {49A57AB3-0588-4DC1-AC5F-47DE2C3EFC57}
		{BDC11A53-B435-4B9F-B8FA-06BE940ACDA8} = {0F7FCF26-2DB1-4653-B5B5-24C4731339B6}
		{11DF9872-A74C-4FE8-A139-DB9EC60C1E6E} = {12970967-D98D-4777-A5F8-11A9F037CC28}
		{027B40CF-E09F-4A7B-909D-523D6BEB03F6} = {12970967-D98D-4777-A5F8-11A9F037CC28}
		{3B9F0407-F461-4A3C-BD79-9C8599A9F4F5} = {12970967-D98D-4777-A5F8-11A9F037CC28}
		{AB54D5FB-C908-4A26-85CC-DEA227D4914C} = {12970967-D98D-4777-A5F8-11A9F037CC28}
		{9A4A2CBC-0BEB-4C3E-99D0-E141B7BAE0F7} = {12970967-D98D-4777-A5F8-11A9F037CC28}
		{768274C4-15C5-46CA-91FB-D600B828071D} = {12970967-D98D-4777-A5F8-11A9F037CC28}
		{4997615E-8C0C-498B-AB73-076454481964} = {12970967-D98D-4777-A5F8-11A9F037CC28}
		{12F70CE7-AFEE-4B6C-BDC5-5361F4DF0B8A} = {12970967-D98D-4777-A5F8-11A9F037CC28}
		{945A2FD7-C93C-456B-80A2-04FCBC6AFC51} = {12970967-D98D-4777-A5F8-11A9F037CC28}
		{AA7EFFC8-6B3D-4332-BCFA-9EC0589FB2A6} = {12970967-D98D-4777-A5F8-11A9F037CC28}
		{B786AA1D-D5B8-4A75-A576-552EF2B5C24B} = {12970967-D98D-4777-A5F8-11A9F037CC28}
		{95114A54-769F-4A90-A346-C2CF85523AAD} = {12970967-D98D-4777-A5F8-11A9F037CC28}
		{632B46F5-E73D-4160-9371-D146FADDE9D5} = {49A57AB3-0588-4DC1-AC5F-47DE2C3EFC57}
		{5D510F37-8E99-4874-A296-CA45A93DE856} = {49A57AB3-0588-4DC1-AC5F-47DE2C3EFC57}
		{404204DE-C8BC-4438-A3F6-0636B4983A5B} = {0F7FCF26-2DB1-4653-B5B5-24C4731339B6}
		{E9CD3F46-B385-4BF8-9D09-D439514E5137} = {B1A21F91-D189-4F39-A5F2-AE1E9D72B9FF}
		{C1664C14-FB90-48FC-9B0E-0F75E470ACCF} = {B1A21F91-D189-4F39-A5F2-AE1E9D72B9FF}
		{1E591A3F-D723-41DA-BD08-D38C27ABFD6C} = {B1A21F91-D189-4F39-A5F2-AE1E9D72B9FF}
		{1405457A-EFF6-4994-A6C5-88928504FD02} = {B1A21F91-D189-4F39-A5F2-AE1E9D72B9FF}
		{467F0628-2B9A-4AFB-815A-FA3CB8F4F18C} = {B1A21F91-D189-4F39-A5F2-AE1E9D72B9FF}
		{AE2B37D2-031B-401C-A257-84C05876BB7B} = {B1A21F91-D189-4F39-A5F2-AE1E9D72B9FF}
		{CE69E9FF-19B7-4082-8A6D-2E59340FAC52} = {49A57AB3-0588-4DC1-AC5F-47DE2C3EFC57}
	EndGlobalSection
EndGlobal
