Microsoft Visual Studio Solution File, Format Version 12.00
# Visual Studio Version 17
VisualStudioVersion = 17.4.33110.190
MinimumVisualStudioVersion = 10.0.40219.1
Project("{9A19103F-16F7-4668-BE54-9A1E7A4F7556}") = "DemoPlugin", "DemoPlugin\DemoPlugin.csproj", "{467F0628-2B9A-4AFB-815A-FA3CB8F4F18C}"
EndProject
Project("{9A19103F-16F7-4668-BE54-9A1E7A4F7556}") = "AppManagerCustomizationDesignTime", "AppManagerCustomizationDesignTime\AppManagerCustomizationDesignTime.csproj", "{A97667A6-6C8C-42BF-B835-9B5CB3B7644B}"
EndProject
Project("{9A19103F-16F7-4668-BE54-9A1E7A4F7556}") = "CodeSnippets", "CodeSnippets\CodeSnippets.csproj", "{BE5BAE61-6691-4D70-8CFD-BBE286094227}"
EndProject
Project("{9A19103F-16F7-4668-BE54-9A1E7A4F7556}") = "AppManagerCustomizationRuntime", "AppManagerCustomizationRuntime\AppManagerCustomizationRuntime.csproj", "{9FCE311C-4522-4A19-9F97-643A15DFD42A}"
EndProject
Project("{9A19103F-16F7-4668-BE54-9A1E7A4F7556}") = "DemoCustomLayer", "DemoCustomLayer\DemoCustomLayer.csproj", "{22C271F6-F25E-4722-ADB6-2F621CB1075E}"
EndProject
Project("{9A19103F-16F7-4668-BE54-9A1E7A4F7556}") = "DemoGps", "DemoGPS\DemoGps.csproj", "{323601E6-98F6-4E73-8B87-BCC6E44AF1E4}"
EndProject
Project("{9A19103F-16F7-4668-BE54-9A1E7A4F7556}") = "DummyHeaderControl", "DummyHeaderControl\DummyHeaderControl.csproj", "{088B0684-E496-4F0C-A543-1668A05D7BE6}"
EndProject
Project("{9A19103F-16F7-4668-BE54-9A1E7A4F7556}") = "SimpleApp", "SimpleApp\SimpleApp.csproj", "{3D5C9BCD-8DA3-40E6-B522-625CC281E5E9}"
EndProject
Project("{FAE04EC0-301F-11D3-BF4B-00C04F79EFBC}") = "FlashShape", "FlashShape\FlashShape.csproj", "{CF8FED00-C068-4AF6-91FD-8DB9333410B4}"
EndProject
Global
	GlobalSection(SolutionConfigurationPlatforms) = preSolution
		Debug|Any CPU = Debug|Any CPU
		Release|Any CPU = Release|Any CPU
	EndGlobalSection
	GlobalSection(ProjectConfigurationPlatforms) = postSolution
		{467F0628-2B9A-4AFB-815A-FA3CB8F4F18C}.Debug|Any CPU.ActiveCfg = Debug|Any CPU
		{467F0628-2B9A-4AFB-815A-FA3CB8F4F18C}.Debug|Any CPU.Build.0 = Debug|Any CPU
		{467F0628-2B9A-4AFB-815A-FA3CB8F4F18C}.Release|Any CPU.ActiveCfg = Release|Any CPU
		{467F0628-2B9A-4AFB-815A-FA3CB8F4F18C}.Release|Any CPU.Build.0 = Release|Any CPU
		{A97667A6-6C8C-42BF-B835-9B5CB3B7644B}.Debug|Any CPU.ActiveCfg = Debug|Any CPU
		{A97667A6-6C8C-42BF-B835-9B5CB3B7644B}.Debug|Any CPU.Build.0 = Debug|Any CPU
		{A97667A6-6C8C-42BF-B835-9B5CB3B7644B}.Release|Any CPU.ActiveCfg = Release|Any CPU
		{A97667A6-6C8C-42BF-B835-9B5CB3B7644B}.Release|Any CPU.Build.0 = Release|Any CPU
		{BE5BAE61-6691-4D70-8CFD-BBE286094227}.Debug|Any CPU.ActiveCfg = Debug|Any CPU
		{BE5BAE61-6691-4D70-8CFD-BBE286094227}.Debug|Any CPU.Build.0 = Debug|Any CPU
		{BE5BAE61-6691-4D70-8CFD-BBE286094227}.Release|Any CPU.ActiveCfg = Release|Any CPU
		{BE5BAE61-6691-4D70-8CFD-BBE286094227}.Release|Any CPU.Build.0 = Release|Any CPU
		{9FCE311C-4522-4A19-9F97-643A15DFD42A}.Debug|Any CPU.ActiveCfg = Debug|Any CPU
		{9FCE311C-4522-4A19-9F97-643A15DFD42A}.Debug|Any CPU.Build.0 = Debug|Any CPU
		{9FCE311C-4522-4A19-9F97-643A15DFD42A}.Release|Any CPU.ActiveCfg = Release|Any CPU
		{9FCE311C-4522-4A19-9F97-643A15DFD42A}.Release|Any CPU.Build.0 = Release|Any CPU
		{22C271F6-F25E-4722-ADB6-2F621CB1075E}.Debug|Any CPU.ActiveCfg = Debug|Any CPU
		{22C271F6-F25E-4722-ADB6-2F621CB1075E}.Debug|Any CPU.Build.0 = Debug|Any CPU
		{22C271F6-F25E-4722-ADB6-2F621CB1075E}.Release|Any CPU.ActiveCfg = Release|Any CPU
		{22C271F6-F25E-4722-ADB6-2F621CB1075E}.Release|Any CPU.Build.0 = Release|Any CPU
		{323601E6-98F6-4E73-8B87-BCC6E44AF1E4}.Debug|Any CPU.ActiveCfg = Debug|Any CPU
		{323601E6-98F6-4E73-8B87-BCC6E44AF1E4}.Debug|Any CPU.Build.0 = Debug|Any CPU
		{323601E6-98F6-4E73-8B87-BCC6E44AF1E4}.Release|Any CPU.ActiveCfg = Release|Any CPU
		{323601E6-98F6-4E73-8B87-BCC6E44AF1E4}.Release|Any CPU.Build.0 = Release|Any CPU
		{088B0684-E496-4F0C-A543-1668A05D7BE6}.Debug|Any CPU.ActiveCfg = Debug|Any CPU
		{088B0684-E496-4F0C-A543-1668A05D7BE6}.Debug|Any CPU.Build.0 = Debug|Any CPU
		{088B0684-E496-4F0C-A543-1668A05D7BE6}.Release|Any CPU.ActiveCfg = Release|Any CPU
		{088B0684-E496-4F0C-A543-1668A05D7BE6}.Release|Any CPU.Build.0 = Release|Any CPU
		{3D5C9BCD-8DA3-40E6-B522-625CC281E5E9}.Debug|Any CPU.ActiveCfg = Debug|Any CPU
		{3D5C9BCD-8DA3-40E6-B522-625CC281E5E9}.Debug|Any CPU.Build.0 = Debug|Any CPU
		{3D5C9BCD-8DA3-40E6-B522-625CC281E5E9}.Release|Any CPU.ActiveCfg = Release|Any CPU
		{3D5C9BCD-8DA3-40E6-B522-625CC281E5E9}.Release|Any CPU.Build.0 = Release|Any CPU
		{CF8FED00-C068-4AF6-91FD-8DB9333410B4}.Debug|Any CPU.ActiveCfg = Debug|Any CPU
		{CF8FED00-C068-4AF6-91FD-8DB9333410B4}.Debug|Any CPU.Build.0 = Debug|Any CPU
		{CF8FED00-C068-4AF6-91FD-8DB9333410B4}.Release|Any CPU.ActiveCfg = Release|Any CPU
		{CF8FED00-C068-4AF6-91FD-8DB9333410B4}.Release|Any CPU.Build.0 = Release|Any CPU
	EndGlobalSection
	GlobalSection(SolutionProperties) = preSolution
		HideSolutionNode = FALSE
	EndGlobalSection
	GlobalSection(ExtensibilityGlobals) = postSolution
		SolutionGuid = {6B182FE4-4087-43BD-B104-A82564A963FB}
	EndGlobalSection
EndGlobal
