
Microsoft Visual Studio Solution File, Format Version 12.00
# Visual Studio Version 17
VisualStudioVersion = 17.0.32014.148
MinimumVisualStudioVersion = 10.0.40219.1
Project("{9A19103F-16F7-4668-BE54-9A1E7A4F7556}") = "DotSpatial.Symbology", "Core\DotSpatial.Symbology\DotSpatial.Symbology.csproj", "{6A7DE1FE-E900-4784-9BBA-01DBE375181B}"
EndProject
Project("{9A19103F-16F7-4668-BE54-9A1E7A4F7556}") = "DotSpatial.Serialization", "Core\DotSpatial.Serialization\DotSpatial.Serialization.csproj", "{C871B271-C858-47DC-823C-ED18EF43AA06}"
EndProject
Project("{9A19103F-16F7-4668-BE54-9A1E7A4F7556}") = "DotSpatial.Projections", "Core\DotSpatial.Projections\DotSpatial.Projections.csproj", "{5D805FBD-6D9A-4A50-B3F7-EB3FDA0D310A}"
EndProject
Project("{9A19103F-16F7-4668-BE54-9A1E7A4F7556}") = "DotSpatial.Projections.Forms", "Core\DotSpatial.Projections.Forms\DotSpatial.Projections.Forms.csproj", "{B0DF440A-90C8-4DBF-9FE2-F80EF62AB1A5}"
EndProject
Project("{9A19103F-16F7-4668-BE54-9A1E7A4F7556}") = "DotSpatial.Positioning", "Core\DotSpatial.Positioning\DotSpatial.Positioning.csproj", "{0517E0DF-F776-4D5D-9FD0-2E843FCC5D29}"
EndProject
Project("{9A19103F-16F7-4668-BE54-9A1E7A4F7556}") = "DotSpatial.Positioning.Forms", "Core\DotSpatial.Positioning.Forms\DotSpatial.Positioning.Forms.csproj", "{B6E76D60-709B-4D11-AFC3-9A840087AE72}"
EndProject
Project("{9A19103F-16F7-4668-BE54-9A1E7A4F7556}") = "DotSpatial.Positioning.Design", "Core\DotSpatial.Positioning.Design\DotSpatial.Positioning.Design.csproj", "{37DF6AFE-0193-4125-9DF1-F7F81C2A3F03}"
EndProject
Project("{9A19103F-16F7-4668-BE54-9A1E7A4F7556}") = "DotSpatial.NTSExtension", "Core\DotSpatial.NTSExtension\DotSpatial.NTSExtension.csproj", "{B400D5FD-6153-4CE1-A82D-C8EC8B627F81}"
EndProject
Project("{9A19103F-16F7-4668-BE54-9A1E7A4F7556}") = "DotSpatial.Extensions", "Core\DotSpatial.Extensions\DotSpatial.Extensions.csproj", "{66DDE67B-6D1D-43A5-810D-56B74B5B415B}"
EndProject
Project("{9A19103F-16F7-4668-BE54-9A1E7A4F7556}") = "DotSpatial.Data", "Core\DotSpatial.Data\DotSpatial.Data.csproj", "{63CDF2E5-4C74-432C-9A9F-D5D805E72902}"
EndProject
Project("{9A19103F-16F7-4668-BE54-9A1E7A4F7556}") = "DotSpatial.Data.Forms", "Core\DotSpatial.Data.Forms\DotSpatial.Data.Forms.csproj", "{0CE6F5E8-AFEE-40F5-9826-C1A91BBF72B1}"
EndProject
Project("{9A19103F-16F7-4668-BE54-9A1E7A4F7556}") = "DotSpatial.Symbology.Forms", "Core\DotSpatial.Symbology.Forms\DotSpatial.Symbology.Forms.csproj", "{6A40265A-E265-40DD-AA42-5E5EA74AEFEC}"
EndProject
Project("{9A19103F-16F7-4668-BE54-9A1E7A4F7556}") = "DotSpatial.Modeling.Forms", "Core\DotSpatial.Modeling.Forms\DotSpatial.Modeling.Forms.csproj", "{5BF7147A-DEAC-4749-ABB8-86EE29C28CED}"
EndProject
Project("{9A19103F-16F7-4668-BE54-9A1E7A4F7556}") = "DotSpatial.Controls", "Core\DotSpatial.Controls\DotSpatial.Controls.csproj", "{34FCE979-090D-44D7-885A-9FCEFDB0DAC8}"
EndProject
Project("{9A19103F-16F7-4668-BE54-9A1E7A4F7556}") = "DotSpatial.Analysis", "Core\DotSpatial.Analysis\DotSpatial.Analysis.csproj", "{F124E7C5-33CC-4B17-8C45-01E7D2E47DAB}"
EndProject
Project("{9A19103F-16F7-4668-BE54-9A1E7A4F7556}") = "DotSpatial.Tools", "Core\DotSpatial.Tools\DotSpatial.Tools.csproj", "{9C4664DD-153A-4473-B4D3-3E723798BBF1}"
EndProject
Project("{2150E333-8FDC-42A3-9474-1A3956D46DE8}") = "Core", "Core", "{3DD7121C-D68B-4963-AA84-C6D8A6D027FD}"
EndProject
Project("{9A19103F-16F7-4668-BE54-9A1E7A4F7556}") = "DemoMap", "Core\DemoMap\DemoMap.csproj", "{404204DE-C8BC-4438-A3F6-0636B4983A5B}"
EndProject
Project("{2150E333-8FDC-42A3-9474-1A3956D46DE8}") = "Plugins", "Plugins", "{43227E88-49F3-414A-993F-47069859A400}"
EndProject
Project("{2150E333-8FDC-42A3-9474-1A3956D46DE8}") = "Tests", "Tests", "{92FB5F30-9D38-41D1-96D3-E0F1BE1E5120}"
EndProject
Project("{9A19103F-16F7-4668-BE54-9A1E7A4F7556}") = "DotSpatial.Data.Rasters.GdalExtension", "Extensions\DotSpatial.Data.Rasters.GdalExtension\DotSpatial.Data.Rasters.GdalExtension.csproj", "{D00490D9-6DBC-4290-9106-1EBC0E7BAC10}"
EndProject
Project("{9A19103F-16F7-4668-BE54-9A1E7A4F7556}") = "DotSpatial.Plugins.StatusBarImprovements", "Plugins\DotSpatial.Plugins.StatusBarImprovements\DotSpatial.Plugins.StatusBarImprovements.csproj", "{2C05AD4C-2033-43A0-9293-4AC96186CE4E}"
EndProject
Project("{2150E333-8FDC-42A3-9474-1A3956D46DE8}") = "Extensions", "Extensions", "{9C9151EA-731C-4E02-85B2-54E1F3B17EB6}"
EndProject
Project("{9A19103F-16F7-4668-BE54-9A1E7A4F7556}") = "DotSpatial.Plugins.SimpleMap", "Plugins\DotSpatial.Plugins.SimpleMap\DotSpatial.Plugins.SimpleMap.csproj", "{D99A4863-F39C-440A-8A57-13459D69478D}"
EndProject
Project("{9A19103F-16F7-4668-BE54-9A1E7A4F7556}") = "DotSpatial.Plugins.SimpleLegend", "Plugins\DotSpatial.Plugins.Legend\DotSpatial.Plugins.SimpleLegend.csproj", "{AB26F51D-6B8A-405E-9D3A-639C94E192BC}"
EndProject
Project("{9A19103F-16F7-4668-BE54-9A1E7A4F7556}") = "DotSpatial.Plugins.About", "Plugins\DotSpatial.Plugins.About\DotSpatial.Plugins.About.csproj", "{4521A678-2D4D-4F1B-A606-428FF72B8B7D}"
EndProject
Project("{9A19103F-16F7-4668-BE54-9A1E7A4F7556}") = "DotSpatial.Plugins.Help", "Plugins\DotSpatial.Plugins.Help\DotSpatial.Plugins.Help.csproj", "{C835DE75-7569-4217-A233-E5A34EB7A548}"
EndProject
Project("{9A19103F-16F7-4668-BE54-9A1E7A4F7556}") = "DotSpatial.Plugins.FindFeature", "Plugins\DotSpatial.Plugins.FindFeature\DotSpatial.Plugins.FindFeature.csproj", "{61FB6A9B-3CDF-4AF3-B395-4EE242896DE7}"
EndProject
Project("{9A19103F-16F7-4668-BE54-9A1E7A4F7556}") = "DotSpatial.Plugins.Measure", "Plugins\DotSpatial.Plugins.Measure\DotSpatial.Plugins.Measure.csproj", "{F68DC31F-AE41-48F4-9C2E-71D7E5420CED}"
EndProject
Project("{9A19103F-16F7-4668-BE54-9A1E7A4F7556}") = "DotSpatial.Plugins.ScaleBar", "Plugins\DotSpatial.Plugins.ScaleBar\DotSpatial.Plugins.ScaleBar.csproj", "{37F2DD45-6A21-4416-AA7F-1BD2D4CD55F9}"
EndProject
Project("{9A19103F-16F7-4668-BE54-9A1E7A4F7556}") = "DotSpatial.Plugins.SetSelectable", "Plugins\DotSpatial.Plugins.SetSelectable\DotSpatial.Plugins.SetSelectable.csproj", "{9790AB2E-128A-45C3-9BB7-AC1524BAD84A}"
EndProject
Project("{9A19103F-16F7-4668-BE54-9A1E7A4F7556}") = "DotSpatial.Plugins.ShapeEditor", "Plugins\DotSpatial.Plugins.ShapeEditor\DotSpatial.Plugins.ShapeEditor.csproj", "{3EC1105E-0E8C-4E20-91B9-48CD7657EE06}"
EndProject
Project("{9A19103F-16F7-4668-BE54-9A1E7A4F7556}") = "DotSpatial.Plugins.TableEditor", "Plugins\DotSpatial.Plugins.TableEditor\DotSpatial.Plugins.TableEditor.csproj", "{2C1DFA35-6716-4079-800B-BB63C4D1079B}"
EndProject
Project("{9A19103F-16F7-4668-BE54-9A1E7A4F7556}") = "DotSpatial.Plugins.ToolManager", "Plugins\DotSpatial.Plugins.ToolManager\DotSpatial.Plugins.ToolManager.csproj", "{5338DF24-B92C-4BE9-8979-E2B747AF54FD}"
EndProject
Project("{9A19103F-16F7-4668-BE54-9A1E7A4F7556}") = "DotSpatial.Plugins.WfsClient", "Plugins\DotSpatial.Plugins.WfsClient\DotSpatial.Plugins.WfsClient.csproj", "{A93997FD-6A0D-42FC-AE62-7F5C63865AE6}"
EndProject
Project("{9A19103F-16F7-4668-BE54-9A1E7A4F7556}") = "DotSpatial.Plugins.Contourer", "Plugins\DotSpatial.Plugins.Contourer\DotSpatial.Plugins.Contourer.csproj", "{F6D6347E-12D7-4BC9-A57A-C69DEC56381C}"
EndProject
Project("{9A19103F-16F7-4668-BE54-9A1E7A4F7556}") = "DotSpatial.Plugins.SpatiaLite", "Plugins\DotSpatial.Plugins.SpatiaLite\DotSpatial.Plugins.SpatiaLite.csproj", "{1869A6EA-67E7-4EDA-B1DE-B2ECBF12DDC0}"
EndProject
Project("{9A19103F-16F7-4668-BE54-9A1E7A4F7556}") = "DotSpatial.Plugins.WebMap", "Extensions\DotSpatial.Plugins.WebMap\DotSpatial.Plugins.WebMap.csproj", "{390FEFA7-0399-4D66-9DD6-357549547702}"
EndProject
Project("{9A19103F-16F7-4668-BE54-9A1E7A4F7556}") = "DotSpatial.Plugins.Taudem", "Extensions\DotSpatial.Plugins.Taudem\DotSpatial.Plugins.Taudem.csproj", "{EB71D98E-CBE6-460A-BB91-1F5A6CA03A81}"
EndProject
Project("{778DAE3C-4631-46EA-AA77-85C1314464D9}") = "DotSpatial.Plugins.Taudem.Port", "Extensions\DotSpatial.Plugins.Taudem.Port\DotSpatial.Plugins.Taudem.Port.vbproj", "{F5488862-55E4-43A5-9FB0-AEDE22E0A7ED}"
EndProject
Project("{9A19103F-16F7-4668-BE54-9A1E7A4F7556}") = "DotSpatial.Plugins.WFSClient", "Extensions\DotSpatial.Plugins.WFSClient\DotSpatial.Plugins.WFSClient.csproj", "{B1B680AE-1A44-402E-B7DD-92A5D76FF502}"
EndProject
Project("{9A19103F-16F7-4668-BE54-9A1E7A4F7556}") = "DotSpatial.Plugins.LiDAR", "Extensions\DotSpatial.Plugins.LiDAR\DotSpatial.Plugins.LiDAR.csproj", "{90D27E84-FC18-436F-BD75-97783A43051E}"
EndProject
Project("{778DAE3C-4631-46EA-AA77-85C1314464D9}") = "DotSpatial.Plugins.ScriptRunner", "Extensions\DotSpatial.Plugins.ScriptRunner\DotSpatial.Plugins.ScriptRunner.vbproj", "{D3F302A2-FC78-40FC-AA43-705BA0FC9EA0}"
EndProject
Project("{9A19103F-16F7-4668-BE54-9A1E7A4F7556}") = "DotSpatial.Plugins.ScriptRunner.CSharpCodeCompletion", "Extensions\DotSpatial.Plugins.ScriptRunner.CSharpCodeCompletion\DotSpatial.Plugins.ScriptRunner.CSharpCodeCompletion.csproj", "{C6859A57-C5C6-41FD-9B5D-A5AF1872E440}"
EndProject
Project("{9A19103F-16F7-4668-BE54-9A1E7A4F7556}") = "DotSpatial.Plugins.MapWindowProjectFileCompatibility", "Extensions\DotSpatial.Plugins.MapWindowProjectFileCompatibility\DotSpatial.Plugins.MapWindowProjectFileCompatibility.csproj", "{149266B0-802B-4E36-8201-DDFA8545794A}"
EndProject
Project("{9A19103F-16F7-4668-BE54-9A1E7A4F7556}") = "DotSpatial.Analysis.Tests", "Tests\DotSpatial.Analysis.Tests\DotSpatial.Analysis.Tests.csproj", "{4D717E89-BB0C-48E8-8927-0E18F9496C1B}"
EndProject
Project("{9A19103F-16F7-4668-BE54-9A1E7A4F7556}") = "DotSpatial.Tests.Common", "Tests\DotSpatial.Tests.Common\DotSpatial.Tests.Common.csproj", "{438F0EBE-0C27-44D9-B025-F470C2E6A192}"
EndProject
Project("{9A19103F-16F7-4668-BE54-9A1E7A4F7556}") = "DotSpatial.Controls.Tests", "Tests\DotSpatial.Controls.Tests\DotSpatial.Controls.Tests.csproj", "{7411AE6C-7947-46E0-B435-863DEE6D85D2}"
EndProject
Project("{9A19103F-16F7-4668-BE54-9A1E7A4F7556}") = "DotSpatial.Data.Tests", "Tests\DotSpatial.Data.Tests\DotSpatial.Data.Tests.csproj", "{76F967CE-8C55-43C4-83E3-81044A7B8774}"
EndProject
Project("{9A19103F-16F7-4668-BE54-9A1E7A4F7556}") = "DotSpatial.Plugins.MapWindowProjectFileCompatibility.Tests", "Tests\DotSpatial.Plugins.MapWindowProjectFileCompatibility.Tests\DotSpatial.Plugins.MapWindowProjectFileCompatibility.Tests.csproj", "{6FBAE064-66DA-458C-9400-BBA1452E76FF}"
EndProject
Project("{9A19103F-16F7-4668-BE54-9A1E7A4F7556}") = "DotSpatial.Positioning.Tests", "Tests\DotSpatial.Positioning.Tests\DotSpatial.Positioning.Tests.csproj", "{8D60DAB5-4511-4B47-9FA9-26220297AC0C}"
EndProject
Project("{9A19103F-16F7-4668-BE54-9A1E7A4F7556}") = "DotSpatial.Projections.Tests", "Tests\DotSpatial.Projections.Tests\DotSpatial.Projections.Tests.csproj", "{9AF7A14B-5143-4AEF-96BC-763F2A14BE14}"
EndProject
Project("{9A19103F-16F7-4668-BE54-9A1E7A4F7556}") = "DotSpatial.Serialization.Tests", "Tests\DotSpatial.Serialization.Tests\DotSpatial.Serialization.Tests.csproj", "{62A05D33-8030-45CA-A5E8-B85FB7EB8E57}"
EndProject
Project("{9A19103F-16F7-4668-BE54-9A1E7A4F7556}") = "DotSpatial.Symbology.Tests", "Tests\DotSpatial.Symbology.Tests\DotSpatial.Symbology.Tests.csproj", "{072BD3AE-A459-4233-B359-D9954F0A0621}"
EndProject
Project("{9A19103F-16F7-4668-BE54-9A1E7A4F7556}") = "DotSpatial.Tools.Tests", "Tests\DotSpatial.Tools.Tests\DotSpatial.Tools.Tests.csproj", "{B2BECF44-6311-4909-8E90-DEC93710D282}"
EndProject
Global
	GlobalSection(SolutionConfigurationPlatforms) = preSolution
		Debug|Any CPU = Debug|Any CPU
		Release|Any CPU = Release|Any CPU
	EndGlobalSection
	GlobalSection(ProjectConfigurationPlatforms) = postSolution
		{6A7DE1FE-E900-4784-9BBA-01DBE375181B}.Debug|Any CPU.ActiveCfg = Debug|Any CPU
		{6A7DE1FE-E900-4784-9BBA-01DBE375181B}.Debug|Any CPU.Build.0 = Debug|Any CPU
		{6A7DE1FE-E900-4784-9BBA-01DBE375181B}.Release|Any CPU.ActiveCfg = Release|Any CPU
		{6A7DE1FE-E900-4784-9BBA-01DBE375181B}.Release|Any CPU.Build.0 = Release|Any CPU
		{C871B271-C858-47DC-823C-ED18EF43AA06}.Debug|Any CPU.ActiveCfg = Debug|Any CPU
		{C871B271-C858-47DC-823C-ED18EF43AA06}.Debug|Any CPU.Build.0 = Debug|Any CPU
		{C871B271-C858-47DC-823C-ED18EF43AA06}.Release|Any CPU.ActiveCfg = Release|Any CPU
		{C871B271-C858-47DC-823C-ED18EF43AA06}.Release|Any CPU.Build.0 = Release|Any CPU
		{5D805FBD-6D9A-4A50-B3F7-EB3FDA0D310A}.Debug|Any CPU.ActiveCfg = Debug|Any CPU
		{5D805FBD-6D9A-4A50-B3F7-EB3FDA0D310A}.Debug|Any CPU.Build.0 = Debug|Any CPU
		{5D805FBD-6D9A-4A50-B3F7-EB3FDA0D310A}.Release|Any CPU.ActiveCfg = Release|Any CPU
		{5D805FBD-6D9A-4A50-B3F7-EB3FDA0D310A}.Release|Any CPU.Build.0 = Release|Any CPU
		{B0DF440A-90C8-4DBF-9FE2-F80EF62AB1A5}.Debug|Any CPU.ActiveCfg = Debug|Any CPU
		{B0DF440A-90C8-4DBF-9FE2-F80EF62AB1A5}.Debug|Any CPU.Build.0 = Debug|Any CPU
		{B0DF440A-90C8-4DBF-9FE2-F80EF62AB1A5}.Release|Any CPU.ActiveCfg = Release|Any CPU
		{B0DF440A-90C8-4DBF-9FE2-F80EF62AB1A5}.Release|Any CPU.Build.0 = Release|Any CPU
		{0517E0DF-F776-4D5D-9FD0-2E843FCC5D29}.Debug|Any CPU.ActiveCfg = Debug|Any CPU
		{0517E0DF-F776-4D5D-9FD0-2E843FCC5D29}.Debug|Any CPU.Build.0 = Debug|Any CPU
		{0517E0DF-F776-4D5D-9FD0-2E843FCC5D29}.Release|Any CPU.ActiveCfg = Release|Any CPU
		{0517E0DF-F776-4D5D-9FD0-2E843FCC5D29}.Release|Any CPU.Build.0 = Release|Any CPU
		{B6E76D60-709B-4D11-AFC3-9A840087AE72}.Debug|Any CPU.ActiveCfg = Debug|Any CPU
		{B6E76D60-709B-4D11-AFC3-9A840087AE72}.Debug|Any CPU.Build.0 = Debug|Any CPU
		{B6E76D60-709B-4D11-AFC3-9A840087AE72}.Release|Any CPU.ActiveCfg = Release|Any CPU
		{B6E76D60-709B-4D11-AFC3-9A840087AE72}.Release|Any CPU.Build.0 = Release|Any CPU
		{37DF6AFE-0193-4125-9DF1-F7F81C2A3F03}.Debug|Any CPU.ActiveCfg = Debug|Any CPU
		{37DF6AFE-0193-4125-9DF1-F7F81C2A3F03}.Debug|Any CPU.Build.0 = Debug|Any CPU
		{37DF6AFE-0193-4125-9DF1-F7F81C2A3F03}.Release|Any CPU.ActiveCfg = Release|Any CPU
		{37DF6AFE-0193-4125-9DF1-F7F81C2A3F03}.Release|Any CPU.Build.0 = Release|Any CPU
		{B400D5FD-6153-4CE1-A82D-C8EC8B627F81}.Debug|Any CPU.ActiveCfg = Debug|Any CPU
		{B400D5FD-6153-4CE1-A82D-C8EC8B627F81}.Debug|Any CPU.Build.0 = Debug|Any CPU
		{B400D5FD-6153-4CE1-A82D-C8EC8B627F81}.Release|Any CPU.ActiveCfg = Release|Any CPU
		{B400D5FD-6153-4CE1-A82D-C8EC8B627F81}.Release|Any CPU.Build.0 = Release|Any CPU
		{66DDE67B-6D1D-43A5-810D-56B74B5B415B}.Debug|Any CPU.ActiveCfg = Debug|Any CPU
		{66DDE67B-6D1D-43A5-810D-56B74B5B415B}.Debug|Any CPU.Build.0 = Debug|Any CPU
		{66DDE67B-6D1D-43A5-810D-56B74B5B415B}.Release|Any CPU.ActiveCfg = Release|Any CPU
		{66DDE67B-6D1D-43A5-810D-56B74B5B415B}.Release|Any CPU.Build.0 = Release|Any CPU
		{63CDF2E5-4C74-432C-9A9F-D5D805E72902}.Debug|Any CPU.ActiveCfg = Debug|Any CPU
		{63CDF2E5-4C74-432C-9A9F-D5D805E72902}.Debug|Any CPU.Build.0 = Debug|Any CPU
		{63CDF2E5-4C74-432C-9A9F-D5D805E72902}.Release|Any CPU.ActiveCfg = Release|Any CPU
		{63CDF2E5-4C74-432C-9A9F-D5D805E72902}.Release|Any CPU.Build.0 = Release|Any CPU
		{0CE6F5E8-AFEE-40F5-9826-C1A91BBF72B1}.Debug|Any CPU.ActiveCfg = Debug|Any CPU
		{0CE6F5E8-AFEE-40F5-9826-C1A91BBF72B1}.Debug|Any CPU.Build.0 = Debug|Any CPU
		{0CE6F5E8-AFEE-40F5-9826-C1A91BBF72B1}.Release|Any CPU.ActiveCfg = Release|Any CPU
		{0CE6F5E8-AFEE-40F5-9826-C1A91BBF72B1}.Release|Any CPU.Build.0 = Release|Any CPU
		{6A40265A-E265-40DD-AA42-5E5EA74AEFEC}.Debug|Any CPU.ActiveCfg = Debug|Any CPU
		{6A40265A-E265-40DD-AA42-5E5EA74AEFEC}.Debug|Any CPU.Build.0 = Debug|Any CPU
		{6A40265A-E265-40DD-AA42-5E5EA74AEFEC}.Release|Any CPU.ActiveCfg = Release|Any CPU
		{6A40265A-E265-40DD-AA42-5E5EA74AEFEC}.Release|Any CPU.Build.0 = Release|Any CPU
		{5BF7147A-DEAC-4749-ABB8-86EE29C28CED}.Debug|Any CPU.ActiveCfg = Debug|Any CPU
		{5BF7147A-DEAC-4749-ABB8-86EE29C28CED}.Debug|Any CPU.Build.0 = Debug|Any CPU
		{5BF7147A-DEAC-4749-ABB8-86EE29C28CED}.Release|Any CPU.ActiveCfg = Release|Any CPU
		{5BF7147A-DEAC-4749-ABB8-86EE29C28CED}.Release|Any CPU.Build.0 = Release|Any CPU
		{34FCE979-090D-44D7-885A-9FCEFDB0DAC8}.Debug|Any CPU.ActiveCfg = Debug|Any CPU
		{34FCE979-090D-44D7-885A-9FCEFDB0DAC8}.Debug|Any CPU.Build.0 = Debug|Any CPU
		{34FCE979-090D-44D7-885A-9FCEFDB0DAC8}.Release|Any CPU.ActiveCfg = Release|Any CPU
		{34FCE979-090D-44D7-885A-9FCEFDB0DAC8}.Release|Any CPU.Build.0 = Release|Any CPU
		{F124E7C5-33CC-4B17-8C45-01E7D2E47DAB}.Debug|Any CPU.ActiveCfg = Debug|Any CPU
		{F124E7C5-33CC-4B17-8C45-01E7D2E47DAB}.Debug|Any CPU.Build.0 = Debug|Any CPU
		{F124E7C5-33CC-4B17-8C45-01E7D2E47DAB}.Release|Any CPU.ActiveCfg = Release|Any CPU
		{F124E7C5-33CC-4B17-8C45-01E7D2E47DAB}.Release|Any CPU.Build.0 = Release|Any CPU
		{9C4664DD-153A-4473-B4D3-3E723798BBF1}.Debug|Any CPU.ActiveCfg = Debug|Any CPU
		{9C4664DD-153A-4473-B4D3-3E723798BBF1}.Debug|Any CPU.Build.0 = Debug|Any CPU
		{9C4664DD-153A-4473-B4D3-3E723798BBF1}.Release|Any CPU.ActiveCfg = Release|Any CPU
		{9C4664DD-153A-4473-B4D3-3E723798BBF1}.Release|Any CPU.Build.0 = Release|Any CPU
		{404204DE-C8BC-4438-A3F6-0636B4983A5B}.Debug|Any CPU.ActiveCfg = Debug|Any CPU
		{404204DE-C8BC-4438-A3F6-0636B4983A5B}.Debug|Any CPU.Build.0 = Debug|Any CPU
		{404204DE-C8BC-4438-A3F6-0636B4983A5B}.Release|Any CPU.ActiveCfg = Release|Any CPU
		{404204DE-C8BC-4438-A3F6-0636B4983A5B}.Release|Any CPU.Build.0 = Release|Any CPU
		{D00490D9-6DBC-4290-9106-1EBC0E7BAC10}.Debug|Any CPU.ActiveCfg = Debug|Any CPU
		{D00490D9-6DBC-4290-9106-1EBC0E7BAC10}.Debug|Any CPU.Build.0 = Debug|Any CPU
		{D00490D9-6DBC-4290-9106-1EBC0E7BAC10}.Release|Any CPU.ActiveCfg = Release|Any CPU
		{D00490D9-6DBC-4290-9106-1EBC0E7BAC10}.Release|Any CPU.Build.0 = Release|Any CPU
		{2C05AD4C-2033-43A0-9293-4AC96186CE4E}.Debug|Any CPU.ActiveCfg = Debug|Any CPU
		{2C05AD4C-2033-43A0-9293-4AC96186CE4E}.Debug|Any CPU.Build.0 = Debug|Any CPU
		{2C05AD4C-2033-43A0-9293-4AC96186CE4E}.Release|Any CPU.ActiveCfg = Release|Any CPU
		{2C05AD4C-2033-43A0-9293-4AC96186CE4E}.Release|Any CPU.Build.0 = Release|Any CPU
		{D99A4863-F39C-440A-8A57-13459D69478D}.Debug|Any CPU.ActiveCfg = Debug|Any CPU
		{D99A4863-F39C-440A-8A57-13459D69478D}.Debug|Any CPU.Build.0 = Debug|Any CPU
		{D99A4863-F39C-440A-8A57-13459D69478D}.Release|Any CPU.ActiveCfg = Release|Any CPU
		{D99A4863-F39C-440A-8A57-13459D69478D}.Release|Any CPU.Build.0 = Release|Any CPU
		{AB26F51D-6B8A-405E-9D3A-639C94E192BC}.Debug|Any CPU.ActiveCfg = Debug|Any CPU
		{AB26F51D-6B8A-405E-9D3A-639C94E192BC}.Debug|Any CPU.Build.0 = Debug|Any CPU
		{AB26F51D-6B8A-405E-9D3A-639C94E192BC}.Release|Any CPU.ActiveCfg = Release|Any CPU
		{AB26F51D-6B8A-405E-9D3A-639C94E192BC}.Release|Any CPU.Build.0 = Release|Any CPU
		{4521A678-2D4D-4F1B-A606-428FF72B8B7D}.Debug|Any CPU.ActiveCfg = Debug|Any CPU
		{4521A678-2D4D-4F1B-A606-428FF72B8B7D}.Debug|Any CPU.Build.0 = Debug|Any CPU
		{4521A678-2D4D-4F1B-A606-428FF72B8B7D}.Release|Any CPU.ActiveCfg = Release|Any CPU
		{4521A678-2D4D-4F1B-A606-428FF72B8B7D}.Release|Any CPU.Build.0 = Release|Any CPU
		{C835DE75-7569-4217-A233-E5A34EB7A548}.Debug|Any CPU.ActiveCfg = Debug|Any CPU
		{C835DE75-7569-4217-A233-E5A34EB7A548}.Debug|Any CPU.Build.0 = Debug|Any CPU
		{C835DE75-7569-4217-A233-E5A34EB7A548}.Release|Any CPU.ActiveCfg = Release|Any CPU
		{C835DE75-7569-4217-A233-E5A34EB7A548}.Release|Any CPU.Build.0 = Release|Any CPU
		{61FB6A9B-3CDF-4AF3-B395-4EE242896DE7}.Debug|Any CPU.ActiveCfg = Debug|Any CPU
		{61FB6A9B-3CDF-4AF3-B395-4EE242896DE7}.Debug|Any CPU.Build.0 = Debug|Any CPU
		{61FB6A9B-3CDF-4AF3-B395-4EE242896DE7}.Release|Any CPU.ActiveCfg = Release|Any CPU
		{61FB6A9B-3CDF-4AF3-B395-4EE242896DE7}.Release|Any CPU.Build.0 = Release|Any CPU
		{F68DC31F-AE41-48F4-9C2E-71D7E5420CED}.Debug|Any CPU.ActiveCfg = Debug|Any CPU
		{F68DC31F-AE41-48F4-9C2E-71D7E5420CED}.Debug|Any CPU.Build.0 = Debug|Any CPU
		{F68DC31F-AE41-48F4-9C2E-71D7E5420CED}.Release|Any CPU.ActiveCfg = Release|Any CPU
		{F68DC31F-AE41-48F4-9C2E-71D7E5420CED}.Release|Any CPU.Build.0 = Release|Any CPU
		{37F2DD45-6A21-4416-AA7F-1BD2D4CD55F9}.Debug|Any CPU.ActiveCfg = Debug|Any CPU
		{37F2DD45-6A21-4416-AA7F-1BD2D4CD55F9}.Debug|Any CPU.Build.0 = Debug|Any CPU
		{37F2DD45-6A21-4416-AA7F-1BD2D4CD55F9}.Release|Any CPU.ActiveCfg = Release|Any CPU
		{37F2DD45-6A21-4416-AA7F-1BD2D4CD55F9}.Release|Any CPU.Build.0 = Release|Any CPU
		{9790AB2E-128A-45C3-9BB7-AC1524BAD84A}.Debug|Any CPU.ActiveCfg = Debug|Any CPU
		{9790AB2E-128A-45C3-9BB7-AC1524BAD84A}.Debug|Any CPU.Build.0 = Debug|Any CPU
		{9790AB2E-128A-45C3-9BB7-AC1524BAD84A}.Release|Any CPU.ActiveCfg = Release|Any CPU
		{9790AB2E-128A-45C3-9BB7-AC1524BAD84A}.Release|Any CPU.Build.0 = Release|Any CPU
		{3EC1105E-0E8C-4E20-91B9-48CD7657EE06}.Debug|Any CPU.ActiveCfg = Debug|Any CPU
		{3EC1105E-0E8C-4E20-91B9-48CD7657EE06}.Debug|Any CPU.Build.0 = Debug|Any CPU
		{3EC1105E-0E8C-4E20-91B9-48CD7657EE06}.Release|Any CPU.ActiveCfg = Release|Any CPU
		{3EC1105E-0E8C-4E20-91B9-48CD7657EE06}.Release|Any CPU.Build.0 = Release|Any CPU
		{2C1DFA35-6716-4079-800B-BB63C4D1079B}.Debug|Any CPU.ActiveCfg = Debug|Any CPU
		{2C1DFA35-6716-4079-800B-BB63C4D1079B}.Debug|Any CPU.Build.0 = Debug|Any CPU
		{2C1DFA35-6716-4079-800B-BB63C4D1079B}.Release|Any CPU.ActiveCfg = Release|Any CPU
		{2C1DFA35-6716-4079-800B-BB63C4D1079B}.Release|Any CPU.Build.0 = Release|Any CPU
		{5338DF24-B92C-4BE9-8979-E2B747AF54FD}.Debug|Any CPU.ActiveCfg = Debug|Any CPU
		{5338DF24-B92C-4BE9-8979-E2B747AF54FD}.Debug|Any CPU.Build.0 = Debug|Any CPU
		{5338DF24-B92C-4BE9-8979-E2B747AF54FD}.Release|Any CPU.ActiveCfg = Release|Any CPU
		{5338DF24-B92C-4BE9-8979-E2B747AF54FD}.Release|Any CPU.Build.0 = Release|Any CPU
		{A93997FD-6A0D-42FC-AE62-7F5C63865AE6}.Debug|Any CPU.ActiveCfg = Debug|Any CPU
		{A93997FD-6A0D-42FC-AE62-7F5C63865AE6}.Debug|Any CPU.Build.0 = Debug|Any CPU
		{A93997FD-6A0D-42FC-AE62-7F5C63865AE6}.Release|Any CPU.ActiveCfg = Release|Any CPU
		{A93997FD-6A0D-42FC-AE62-7F5C63865AE6}.Release|Any CPU.Build.0 = Release|Any CPU
		{F6D6347E-12D7-4BC9-A57A-C69DEC56381C}.Debug|Any CPU.ActiveCfg = Debug|Any CPU
		{F6D6347E-12D7-4BC9-A57A-C69DEC56381C}.Debug|Any CPU.Build.0 = Debug|Any CPU
		{F6D6347E-12D7-4BC9-A57A-C69DEC56381C}.Release|Any CPU.ActiveCfg = Release|Any CPU
		{F6D6347E-12D7-4BC9-A57A-C69DEC56381C}.Release|Any CPU.Build.0 = Release|Any CPU
		{1869A6EA-67E7-4EDA-B1DE-B2ECBF12DDC0}.Debug|Any CPU.ActiveCfg = Debug|Any CPU
		{1869A6EA-67E7-4EDA-B1DE-B2ECBF12DDC0}.Debug|Any CPU.Build.0 = Debug|Any CPU
		{1869A6EA-67E7-4EDA-B1DE-B2ECBF12DDC0}.Release|Any CPU.ActiveCfg = Release|Any CPU
		{1869A6EA-67E7-4EDA-B1DE-B2ECBF12DDC0}.Release|Any CPU.Build.0 = Release|Any CPU
		{390FEFA7-0399-4D66-9DD6-357549547702}.Debug|Any CPU.ActiveCfg = Debug|Any CPU
		{390FEFA7-0399-4D66-9DD6-357549547702}.Debug|Any CPU.Build.0 = Debug|Any CPU
		{390FEFA7-0399-4D66-9DD6-357549547702}.Release|Any CPU.ActiveCfg = Release|Any CPU
		{390FEFA7-0399-4D66-9DD6-357549547702}.Release|Any CPU.Build.0 = Release|Any CPU
		{EB71D98E-CBE6-460A-BB91-1F5A6CA03A81}.Debug|Any CPU.ActiveCfg = Debug|Any CPU
		{EB71D98E-CBE6-460A-BB91-1F5A6CA03A81}.Debug|Any CPU.Build.0 = Debug|Any CPU
		{EB71D98E-CBE6-460A-BB91-1F5A6CA03A81}.Release|Any CPU.ActiveCfg = Release|Any CPU
		{EB71D98E-CBE6-460A-BB91-1F5A6CA03A81}.Release|Any CPU.Build.0 = Release|Any CPU
		{F5488862-55E4-43A5-9FB0-AEDE22E0A7ED}.Debug|Any CPU.ActiveCfg = Debug|Any CPU
		{F5488862-55E4-43A5-9FB0-AEDE22E0A7ED}.Debug|Any CPU.Build.0 = Debug|Any CPU
		{F5488862-55E4-43A5-9FB0-AEDE22E0A7ED}.Release|Any CPU.ActiveCfg = Release|Any CPU
		{F5488862-55E4-43A5-9FB0-AEDE22E0A7ED}.Release|Any CPU.Build.0 = Release|Any CPU
		{B1B680AE-1A44-402E-B7DD-92A5D76FF502}.Debug|Any CPU.ActiveCfg = Debug|Any CPU
		{B1B680AE-1A44-402E-B7DD-92A5D76FF502}.Debug|Any CPU.Build.0 = Debug|Any CPU
		{B1B680AE-1A44-402E-B7DD-92A5D76FF502}.Release|Any CPU.ActiveCfg = Release|Any CPU
		{B1B680AE-1A44-402E-B7DD-92A5D76FF502}.Release|Any CPU.Build.0 = Release|Any CPU
		{90D27E84-FC18-436F-BD75-97783A43051E}.Debug|Any CPU.ActiveCfg = Debug|Any CPU
		{90D27E84-FC18-436F-BD75-97783A43051E}.Debug|Any CPU.Build.0 = Debug|Any CPU
		{90D27E84-FC18-436F-BD75-97783A43051E}.Release|Any CPU.ActiveCfg = Release|Any CPU
		{90D27E84-FC18-436F-BD75-97783A43051E}.Release|Any CPU.Build.0 = Release|Any CPU
		{D3F302A2-FC78-40FC-AA43-705BA0FC9EA0}.Debug|Any CPU.ActiveCfg = Debug|Any CPU
		{D3F302A2-FC78-40FC-AA43-705BA0FC9EA0}.Debug|Any CPU.Build.0 = Debug|Any CPU
		{D3F302A2-FC78-40FC-AA43-705BA0FC9EA0}.Release|Any CPU.ActiveCfg = Release|Any CPU
		{D3F302A2-FC78-40FC-AA43-705BA0FC9EA0}.Release|Any CPU.Build.0 = Release|Any CPU
		{C6859A57-C5C6-41FD-9B5D-A5AF1872E440}.Debug|Any CPU.ActiveCfg = Debug|Any CPU
		{C6859A57-C5C6-41FD-9B5D-A5AF1872E440}.Debug|Any CPU.Build.0 = Debug|Any CPU
		{C6859A57-C5C6-41FD-9B5D-A5AF1872E440}.Release|Any CPU.ActiveCfg = Release|Any CPU
		{C6859A57-C5C6-41FD-9B5D-A5AF1872E440}.Release|Any CPU.Build.0 = Release|Any CPU
		{149266B0-802B-4E36-8201-DDFA8545794A}.Debug|Any CPU.ActiveCfg = Debug|Any CPU
		{149266B0-802B-4E36-8201-DDFA8545794A}.Debug|Any CPU.Build.0 = Debug|Any CPU
		{149266B0-802B-4E36-8201-DDFA8545794A}.Release|Any CPU.ActiveCfg = Release|Any CPU
		{149266B0-802B-4E36-8201-DDFA8545794A}.Release|Any CPU.Build.0 = Release|Any CPU
		{4D717E89-BB0C-48E8-8927-0E18F9496C1B}.Debug|Any CPU.ActiveCfg = Debug|Any CPU
		{4D717E89-BB0C-48E8-8927-0E18F9496C1B}.Debug|Any CPU.Build.0 = Debug|Any CPU
		{4D717E89-BB0C-48E8-8927-0E18F9496C1B}.Release|Any CPU.ActiveCfg = Release|Any CPU
		{4D717E89-BB0C-48E8-8927-0E18F9496C1B}.Release|Any CPU.Build.0 = Release|Any CPU
		{438F0EBE-0C27-44D9-B025-F470C2E6A192}.Debug|Any CPU.ActiveCfg = Debug|Any CPU
		{438F0EBE-0C27-44D9-B025-F470C2E6A192}.Debug|Any CPU.Build.0 = Debug|Any CPU
		{438F0EBE-0C27-44D9-B025-F470C2E6A192}.Release|Any CPU.ActiveCfg = Release|Any CPU
		{438F0EBE-0C27-44D9-B025-F470C2E6A192}.Release|Any CPU.Build.0 = Release|Any CPU
		{7411AE6C-7947-46E0-B435-863DEE6D85D2}.Debug|Any CPU.ActiveCfg = Debug|Any CPU
		{7411AE6C-7947-46E0-B435-863DEE6D85D2}.Debug|Any CPU.Build.0 = Debug|Any CPU
		{7411AE6C-7947-46E0-B435-863DEE6D85D2}.Release|Any CPU.ActiveCfg = Release|Any CPU
		{7411AE6C-7947-46E0-B435-863DEE6D85D2}.Release|Any CPU.Build.0 = Release|Any CPU
		{76F967CE-8C55-43C4-83E3-81044A7B8774}.Debug|Any CPU.ActiveCfg = Debug|Any CPU
		{76F967CE-8C55-43C4-83E3-81044A7B8774}.Debug|Any CPU.Build.0 = Debug|Any CPU
		{76F967CE-8C55-43C4-83E3-81044A7B8774}.Release|Any CPU.ActiveCfg = Release|Any CPU
		{76F967CE-8C55-43C4-83E3-81044A7B8774}.Release|Any CPU.Build.0 = Release|Any CPU
		{6FBAE064-66DA-458C-9400-BBA1452E76FF}.Debug|Any CPU.ActiveCfg = Debug|Any CPU
		{6FBAE064-66DA-458C-9400-BBA1452E76FF}.Debug|Any CPU.Build.0 = Debug|Any CPU
		{6FBAE064-66DA-458C-9400-BBA1452E76FF}.Release|Any CPU.ActiveCfg = Release|Any CPU
		{6FBAE064-66DA-458C-9400-BBA1452E76FF}.Release|Any CPU.Build.0 = Release|Any CPU
		{8D60DAB5-4511-4B47-9FA9-26220297AC0C}.Debug|Any CPU.ActiveCfg = Debug|Any CPU
		{8D60DAB5-4511-4B47-9FA9-26220297AC0C}.Debug|Any CPU.Build.0 = Debug|Any CPU
		{8D60DAB5-4511-4B47-9FA9-26220297AC0C}.Release|Any CPU.ActiveCfg = Release|Any CPU
		{8D60DAB5-4511-4B47-9FA9-26220297AC0C}.Release|Any CPU.Build.0 = Release|Any CPU
		{9AF7A14B-5143-4AEF-96BC-763F2A14BE14}.Debug|Any CPU.ActiveCfg = Debug|Any CPU
		{9AF7A14B-5143-4AEF-96BC-763F2A14BE14}.Debug|Any CPU.Build.0 = Debug|Any CPU
		{9AF7A14B-5143-4AEF-96BC-763F2A14BE14}.Release|Any CPU.ActiveCfg = Release|Any CPU
		{9AF7A14B-5143-4AEF-96BC-763F2A14BE14}.Release|Any CPU.Build.0 = Release|Any CPU
		{62A05D33-8030-45CA-A5E8-B85FB7EB8E57}.Debug|Any CPU.ActiveCfg = Debug|Any CPU
		{62A05D33-8030-45CA-A5E8-B85FB7EB8E57}.Debug|Any CPU.Build.0 = Debug|Any CPU
		{62A05D33-8030-45CA-A5E8-B85FB7EB8E57}.Release|Any CPU.ActiveCfg = Release|Any CPU
		{62A05D33-8030-45CA-A5E8-B85FB7EB8E57}.Release|Any CPU.Build.0 = Release|Any CPU
		{072BD3AE-A459-4233-B359-D9954F0A0621}.Debug|Any CPU.ActiveCfg = Debug|Any CPU
		{072BD3AE-A459-4233-B359-D9954F0A0621}.Debug|Any CPU.Build.0 = Debug|Any CPU
		{072BD3AE-A459-4233-B359-D9954F0A0621}.Release|Any CPU.ActiveCfg = Release|Any CPU
		{072BD3AE-A459-4233-B359-D9954F0A0621}.Release|Any CPU.Build.0 = Release|Any CPU
		{B2BECF44-6311-4909-8E90-DEC93710D282}.Debug|Any CPU.ActiveCfg = Debug|Any CPU
		{B2BECF44-6311-4909-8E90-DEC93710D282}.Debug|Any CPU.Build.0 = Debug|Any CPU
		{B2BECF44-6311-4909-8E90-DEC93710D282}.Release|Any CPU.ActiveCfg = Release|Any CPU
		{B2BECF44-6311-4909-8E90-DEC93710D282}.Release|Any CPU.Build.0 = Release|Any CPU
	EndGlobalSection
	GlobalSection(SolutionProperties) = preSolution
		HideSolutionNode = FALSE
	EndGlobalSection
	GlobalSection(NestedProjects) = preSolution
		{6A7DE1FE-E900-4784-9BBA-01DBE375181B} = {3DD7121C-D68B-4963-AA84-C6D8A6D027FD}
		{C871B271-C858-47DC-823C-ED18EF43AA06} = {3DD7121C-D68B-4963-AA84-C6D8A6D027FD}
		{5D805FBD-6D9A-4A50-B3F7-EB3FDA0D310A} = {3DD7121C-D68B-4963-AA84-C6D8A6D027FD}
		{B0DF440A-90C8-4DBF-9FE2-F80EF62AB1A5} = {3DD7121C-D68B-4963-AA84-C6D8A6D027FD}
		{0517E0DF-F776-4D5D-9FD0-2E843FCC5D29} = {3DD7121C-D68B-4963-AA84-C6D8A6D027FD}
		{B6E76D60-709B-4D11-AFC3-9A840087AE72} = {3DD7121C-D68B-4963-AA84-C6D8A6D027FD}
		{37DF6AFE-0193-4125-9DF1-F7F81C2A3F03} = {3DD7121C-D68B-4963-AA84-C6D8A6D027FD}
		{B400D5FD-6153-4CE1-A82D-C8EC8B627F81} = {3DD7121C-D68B-4963-AA84-C6D8A6D027FD}
		{66DDE67B-6D1D-43A5-810D-56B74B5B415B} = {3DD7121C-D68B-4963-AA84-C6D8A6D027FD}
		{63CDF2E5-4C74-432C-9A9F-D5D805E72902} = {3DD7121C-D68B-4963-AA84-C6D8A6D027FD}
		{0CE6F5E8-AFEE-40F5-9826-C1A91BBF72B1} = {3DD7121C-D68B-4963-AA84-C6D8A6D027FD}
		{6A40265A-E265-40DD-AA42-5E5EA74AEFEC} = {3DD7121C-D68B-4963-AA84-C6D8A6D027FD}
		{5BF7147A-DEAC-4749-ABB8-86EE29C28CED} = {3DD7121C-D68B-4963-AA84-C6D8A6D027FD}
		{34FCE979-090D-44D7-885A-9FCEFDB0DAC8} = {3DD7121C-D68B-4963-AA84-C6D8A6D027FD}
		{F124E7C5-33CC-4B17-8C45-01E7D2E47DAB} = {3DD7121C-D68B-4963-AA84-C6D8A6D027FD}
		{9C4664DD-153A-4473-B4D3-3E723798BBF1} = {3DD7121C-D68B-4963-AA84-C6D8A6D027FD}
		{404204DE-C8BC-4438-A3F6-0636B4983A5B} = {3DD7121C-D68B-4963-AA84-C6D8A6D027FD}
		{D00490D9-6DBC-4290-9106-1EBC0E7BAC10} = {9C9151EA-731C-4E02-85B2-54E1F3B17EB6}
		{2C05AD4C-2033-43A0-9293-4AC96186CE4E} = {43227E88-49F3-414A-993F-47069859A400}
		{D99A4863-F39C-440A-8A57-13459D69478D} = {43227E88-49F3-414A-993F-47069859A400}
		{AB26F51D-6B8A-405E-9D3A-639C94E192BC} = {43227E88-49F3-414A-993F-47069859A400}
		{4521A678-2D4D-4F1B-A606-428FF72B8B7D} = {43227E88-49F3-414A-993F-47069859A400}
		{C835DE75-7569-4217-A233-E5A34EB7A548} = {43227E88-49F3-414A-993F-47069859A400}
		{61FB6A9B-3CDF-4AF3-B395-4EE242896DE7} = {43227E88-49F3-414A-993F-47069859A400}
		{F68DC31F-AE41-48F4-9C2E-71D7E5420CED} = {43227E88-49F3-414A-993F-47069859A400}
		{37F2DD45-6A21-4416-AA7F-1BD2D4CD55F9} = {43227E88-49F3-414A-993F-47069859A400}
		{9790AB2E-128A-45C3-9BB7-AC1524BAD84A} = {43227E88-49F3-414A-993F-47069859A400}
		{3EC1105E-0E8C-4E20-91B9-48CD7657EE06} = {43227E88-49F3-414A-993F-47069859A400}
		{2C1DFA35-6716-4079-800B-BB63C4D1079B} = {43227E88-49F3-414A-993F-47069859A400}
		{5338DF24-B92C-4BE9-8979-E2B747AF54FD} = {43227E88-49F3-414A-993F-47069859A400}
		{A93997FD-6A0D-42FC-AE62-7F5C63865AE6} = {43227E88-49F3-414A-993F-47069859A400}
		{F6D6347E-12D7-4BC9-A57A-C69DEC56381C} = {43227E88-49F3-414A-993F-47069859A400}
		{1869A6EA-67E7-4EDA-B1DE-B2ECBF12DDC0} = {43227E88-49F3-414A-993F-47069859A400}
		{390FEFA7-0399-4D66-9DD6-357549547702} = {9C9151EA-731C-4E02-85B2-54E1F3B17EB6}
		{EB71D98E-CBE6-460A-BB91-1F5A6CA03A81} = {9C9151EA-731C-4E02-85B2-54E1F3B17EB6}
		{F5488862-55E4-43A5-9FB0-AEDE22E0A7ED} = {9C9151EA-731C-4E02-85B2-54E1F3B17EB6}
		{B1B680AE-1A44-402E-B7DD-92A5D76FF502} = {9C9151EA-731C-4E02-85B2-54E1F3B17EB6}
		{90D27E84-FC18-436F-BD75-97783A43051E} = {9C9151EA-731C-4E02-85B2-54E1F3B17EB6}
		{D3F302A2-FC78-40FC-AA43-705BA0FC9EA0} = {9C9151EA-731C-4E02-85B2-54E1F3B17EB6}
		{C6859A57-C5C6-41FD-9B5D-A5AF1872E440} = {9C9151EA-731C-4E02-85B2-54E1F3B17EB6}
		{149266B0-802B-4E36-8201-DDFA8545794A} = {9C9151EA-731C-4E02-85B2-54E1F3B17EB6}
		{4D717E89-BB0C-48E8-8927-0E18F9496C1B} = {92FB5F30-9D38-41D1-96D3-E0F1BE1E5120}
		{438F0EBE-0C27-44D9-B025-F470C2E6A192} = {92FB5F30-9D38-41D1-96D3-E0F1BE1E5120}
		{7411AE6C-7947-46E0-B435-863DEE6D85D2} = {92FB5F30-9D38-41D1-96D3-E0F1BE1E5120}
		{76F967CE-8C55-43C4-83E3-81044A7B8774} = {92FB5F30-9D38-41D1-96D3-E0F1BE1E5120}
		{6FBAE064-66DA-458C-9400-BBA1452E76FF} = {92FB5F30-9D38-41D1-96D3-E0F1BE1E5120}
		{8D60DAB5-4511-4B47-9FA9-26220297AC0C} = {92FB5F30-9D38-41D1-96D3-E0F1BE1E5120}
		{9AF7A14B-5143-4AEF-96BC-763F2A14BE14} = {92FB5F30-9D38-41D1-96D3-E0F1BE1E5120}
		{62A05D33-8030-45CA-A5E8-B85FB7EB8E57} = {92FB5F30-9D38-41D1-96D3-E0F1BE1E5120}
		{072BD3AE-A459-4233-B359-D9954F0A0621} = {92FB5F30-9D38-41D1-96D3-E0F1BE1E5120}
		{B2BECF44-6311-4909-8E90-DEC93710D282} = {92FB5F30-9D38-41D1-96D3-E0F1BE1E5120}
	EndGlobalSection
	GlobalSection(ExtensibilityGlobals) = postSolution
		SolutionGuid = {EC5A4840-2C4C-4B30-887F-167F2A52D9E1}
	EndGlobalSection
EndGlobal
