Microsoft Visual Studio Solution File, Format Version 12.00
# Visual Studio 15
VisualStudioVersion = 15.0.27004.2009
MinimumVisualStudioVersion = 10.0.40219.1
Project("{FAE04EC0-301F-11D3-BF4B-00C04F79EFBC}") = "DotSpatial.Serialization", "DotSpatial.Serialization\DotSpatial.Serialization.csproj", "{9B692E11-0273-4331-9B15-1670093EDDBF}"
EndProject
Project("{FAE04EC0-301F-11D3-BF4B-00C04F79EFBC}") = "DotSpatial.Projections", "DotSpatial.Projections\DotSpatial.Projections.csproj", "{D286DF06-21FA-40BE-B384-6ACA509AC98C}"
EndProject
Project("{FAE04EC0-301F-11D3-BF4B-00C04F79EFBC}") = "DotSpatial.Data", "DotSpatial.Data\DotSpatial.Data.csproj", "{C1018695-3401-47A9-B195-ABD3A20C2489}"
EndProject
Project("{FAE04EC0-301F-11D3-BF4B-00C04F79EFBC}") = "DotSpatial.Symbology", "DotSpatial.Symbology\DotSpatial.Symbology.csproj", "{21C1D7A7-E8E5-4590-A921-2287AD43CB98}"
EndProject
Project("{FAE04EC0-301F-11D3-BF4B-00C04F79EFBC}") = "DotSpatial.Controls", "DotSpatial.Controls\DotSpatial.Controls.csproj", "{01A845C6-D391-4258-81B0-C6ABF23D3364}"
EndProject
Project("{FAE04EC0-301F-11D3-BF4B-00C04F79EFBC}") = "DotSpatial.Data.Rasters.GdalExtension", "DotSpatial.Data.Rasters.GdalExtension\DotSpatial.Data.Rasters.GdalExtension.csproj", "{51C6E16E-920E-4D36-B41E-D48ABEF837E7}"
EndProject
Project("{FAE04EC0-301F-11D3-BF4B-00C04F79EFBC}") = "DotSpatial.Data.Forms", "DotSpatial.Data.Forms\DotSpatial.Data.Forms.csproj", "{7B7195E7-C20E-49B9-9CB0-4F451A2463B6}"
EndProject
Project("{FAE04EC0-301F-11D3-BF4B-00C04F79EFBC}") = "DotSpatial.Modeling.Forms", "DotSpatial.Modeling.Forms\DotSpatial.Modeling.Forms.csproj", "{7ED7B00D-56EE-47CF-AAA5-34A09E40A566}"
EndProject
Project("{FAE04EC0-301F-11D3-BF4B-00C04F79EFBC}") = "DotSpatial.Projections.Forms", "DotSpatial.Projections.Forms\DotSpatial.Projections.Forms.csproj", "{1DA244CE-5862-4DFB-8943-244A80B7E3EE}"
EndProject
Project("{FAE04EC0-301F-11D3-BF4B-00C04F79EFBC}") = "DotSpatial.Symbology.Forms", "DotSpatial.Symbology.Forms\DotSpatial.Symbology.Forms.csproj", "{97EDE2AD-90D0-44B6-ADB6-AD20052C0B6F}"
EndProject
Project("{2150E333-8FDC-42A3-9474-1A3956D46DE8}") = "Solution Items", "Solution Items", "{1DB6E371-0643-46F2-8EAD-B7D92AD133D5}"
	ProjectSection(SolutionItems) = preProject
		AssemblyInfoShared.cs = AssemblyInfoShared.cs
		DotSpatial.ruleset = DotSpatial.ruleset
		Licence.txt = Licence.txt
		Readme.md = Readme.md
		stylecop.json = stylecop.json
	EndProjectSection
EndProject
Project("{2150E333-8FDC-42A3-9474-1A3956D46DE8}") = "Plugins", "Plugins", "{49A57AB3-0588-4DC1-AC5F-47DE2C3EFC57}"
EndProject
Project("{2150E333-8FDC-42A3-9474-1A3956D46DE8}") = "Core", "Core", "{0F7FCF26-2DB1-4653-B5B5-24C4731339B6}"
EndProject
Project("{FAE04EC0-301F-11D3-BF4B-00C04F79EFBC}") = "DotSpatial.Extensions", "DotSpatial.Extensions\DotSpatial.Extensions.csproj", "{9108B04D-A3DE-4981-B66F-496078D462FE}"
EndProject
Project("{FAE04EC0-301F-11D3-BF4B-00C04F79EFBC}") = "DotSpatial.Plugins.Measure", "DotSpatial.Plugins.Measure\DotSpatial.Plugins.Measure.csproj", "{A0FD21C0-D7EE-485E-803D-2C59B37D5A72}"
EndProject
Project("{2150E333-8FDC-42A3-9474-1A3956D46DE8}") = ".nuget", ".nuget", "{D2D76B54-1BC0-427D-B0D1-60968D5C4097}"
	ProjectSection(SolutionItems) = preProject
		.nuget\NuGet.Config = .nuget\NuGet.Config
		.nuget\NuGet.exe = .nuget\NuGet.exe
		.nuget\NuGet.targets = .nuget\NuGet.targets
	EndProjectSection
EndProject
Project("{2150E333-8FDC-42A3-9474-1A3956D46DE8}") = "Tests", "Tests", "{12970967-D98D-4777-A5F8-11A9F037CC28}"
EndProject
Project("{FAE04EC0-301F-11D3-BF4B-00C04F79EFBC}") = "DotSpatial.Controls.Tests", "DotSpatial.Controls.Tests\DotSpatial.Controls.Tests.csproj", "{027B40CF-E09F-4A7B-909D-523D6BEB03F6}"
EndProject
Project("{FAE04EC0-301F-11D3-BF4B-00C04F79EFBC}") = "DotSpatial.Symbology.Tests", "DotSpatial.Symbology.Tests\DotSpatial.Symbology.Tests.csproj", "{AB54D5FB-C908-4A26-85CC-DEA227D4914C}"
EndProject
Project("{FAE04EC0-301F-11D3-BF4B-00C04F79EFBC}") = "DotSpatial.Serialization.Tests", "DotSpatial.Serialization.Tests\DotSpatial.Serialization.Tests.csproj", "{9A4A2CBC-0BEB-4C3E-99D0-E141B7BAE0F7}"
EndProject
Project("{FAE04EC0-301F-11D3-BF4B-00C04F79EFBC}") = "DotSpatial.Data.Tests", "DotSpatial.Data.Tests\DotSpatial.Data.Tests.csproj", "{4997615E-8C0C-498B-AB73-076454481964}"
EndProject
Project("{FAE04EC0-301F-11D3-BF4B-00C04F79EFBC}") = "DotSpatial.Projections.Tests", "DotSpatial.Projections.Tests\DotSpatial.Projections.Tests.csproj", "{945A2FD7-C93C-456B-80A2-04FCBC6AFC51}"
EndProject
Project("{FAE04EC0-301F-11D3-BF4B-00C04F79EFBC}") = "DotSpatial.Tests.Common", "DotSpatial.Tests.Common\DotSpatial.Tests.Common.csproj", "{95114A54-769F-4A90-A346-C2CF85523AAD}"
EndProject
Project("{FAE04EC0-301F-11D3-BF4B-00C04F79EFBC}") = "DotSpatial.NTSExtension", "DotSpatial.NTSExtension\DotSpatial.NTSExtension.csproj", "{034F7ADE-AC2A-48AE-9CF2-0686EEA97C25}"
EndProject
Project("{FAE04EC0-301F-11D3-BF4B-00C04F79EFBC}") = "DotSpatial.Python", "DotSpatial.Python\DotSpatial.Python.csproj", "{809BF000-C031-4299-9789-FA73C5C71492}"
EndProject
Project("{FAE04EC0-301F-11D3-BF4B-00C04F79EFBC}") = "DemoMap", "DemoMap\DemoMap.csproj", "{404204DE-C8BC-4438-A3F6-0636B4983A5B}"
	ProjectSection(ProjectDependencies) = postProject
		{D85281B4-6012-42A0-A8F1-B29068A3F433} = {D85281B4-6012-42A0-A8F1-B29068A3F433}
		{632B46F5-E73D-4160-9371-D146FADDE9D5} = {632B46F5-E73D-4160-9371-D146FADDE9D5}
	EndProjectSection
EndProject
Project("{FAE04EC0-301F-11D3-BF4B-00C04F79EFBC}") = "DotSpatial.Plugins.SimpleMap", "DotSpatial.Plugins.SimpleMap\DotSpatial.Plugins.SimpleMap.csproj", "{632B46F5-E73D-4160-9371-D146FADDE9D5}"
EndProject
Project("{FAE04EC0-301F-11D3-BF4B-00C04F79EFBC}") = "DotSpatial.Plugins.SimpleLegend", "DotSpatial.Plugins.Legend\DotSpatial.Plugins.SimpleLegend.csproj", "{D85281B4-6012-42A0-A8F1-B29068A3F433}"
EndProject
Global
	GlobalSection(SolutionConfigurationPlatforms) = preSolution
		Debug|Any CPU = Debug|Any CPU
		Debug|x64 = Debug|x64
		Release|Any CPU = Release|Any CPU
		Release|x64 = Release|x64
	EndGlobalSection
	GlobalSection(ProjectConfigurationPlatforms) = postSolution
		{9B692E11-0273-4331-9B15-1670093EDDBF}.Debug|Any CPU.ActiveCfg = Debug|Any CPU
		{9B692E11-0273-4331-9B15-1670093EDDBF}.Debug|Any CPU.Build.0 = Debug|Any CPU
		{9B692E11-0273-4331-9B15-1670093EDDBF}.Debug|x64.ActiveCfg = Debug|Any CPU
		{9B692E11-0273-4331-9B15-1670093EDDBF}.Debug|x64.Build.0 = Debug|Any CPU
		{9B692E11-0273-4331-9B15-1670093EDDBF}.Release|Any CPU.ActiveCfg = Release|Any CPU
		{9B692E11-0273-4331-9B15-1670093EDDBF}.Release|Any CPU.Build.0 = Release|Any CPU
		{9B692E11-0273-4331-9B15-1670093EDDBF}.Release|x64.ActiveCfg = Release|Any CPU
		{9B692E11-0273-4331-9B15-1670093EDDBF}.Release|x64.Build.0 = Release|Any CPU
		{D286DF06-21FA-40BE-B384-6ACA509AC98C}.Debug|Any CPU.ActiveCfg = Debug|Any CPU
		{D286DF06-21FA-40BE-B384-6ACA509AC98C}.Debug|Any CPU.Build.0 = Debug|Any CPU
		{D286DF06-21FA-40BE-B384-6ACA509AC98C}.Debug|x64.ActiveCfg = Debug|Any CPU
		{D286DF06-21FA-40BE-B384-6ACA509AC98C}.Debug|x64.Build.0 = Debug|Any CPU
		{D286DF06-21FA-40BE-B384-6ACA509AC98C}.Release|Any CPU.ActiveCfg = Release|Any CPU
		{D286DF06-21FA-40BE-B384-6ACA509AC98C}.Release|Any CPU.Build.0 = Release|Any CPU
		{D286DF06-21FA-40BE-B384-6ACA509AC98C}.Release|x64.ActiveCfg = Release|Any CPU
		{D286DF06-21FA-40BE-B384-6ACA509AC98C}.Release|x64.Build.0 = Release|Any CPU
		{C1018695-3401-47A9-B195-ABD3A20C2489}.Debug|Any CPU.ActiveCfg = Debug|Any CPU
		{C1018695-3401-47A9-B195-ABD3A20C2489}.Debug|Any CPU.Build.0 = Debug|Any CPU
		{C1018695-3401-47A9-B195-ABD3A20C2489}.Debug|x64.ActiveCfg = Debug|Any CPU
		{C1018695-3401-47A9-B195-ABD3A20C2489}.Debug|x64.Build.0 = Debug|Any CPU
		{C1018695-3401-47A9-B195-ABD3A20C2489}.Release|Any CPU.ActiveCfg = Release|Any CPU
		{C1018695-3401-47A9-B195-ABD3A20C2489}.Release|Any CPU.Build.0 = Release|Any CPU
		{C1018695-3401-47A9-B195-ABD3A20C2489}.Release|x64.ActiveCfg = Release|Any CPU
		{C1018695-3401-47A9-B195-ABD3A20C2489}.Release|x64.Build.0 = Release|Any CPU
		{21C1D7A7-E8E5-4590-A921-2287AD43CB98}.Debug|Any CPU.ActiveCfg = Debug|Any CPU
		{21C1D7A7-E8E5-4590-A921-2287AD43CB98}.Debug|Any CPU.Build.0 = Debug|Any CPU
		{21C1D7A7-E8E5-4590-A921-2287AD43CB98}.Debug|x64.ActiveCfg = Debug|Any CPU
		{21C1D7A7-E8E5-4590-A921-2287AD43CB98}.Debug|x64.Build.0 = Debug|Any CPU
		{21C1D7A7-E8E5-4590-A921-2287AD43CB98}.Release|Any CPU.ActiveCfg = Release|Any CPU
		{21C1D7A7-E8E5-4590-A921-2287AD43CB98}.Release|Any CPU.Build.0 = Release|Any CPU
		{21C1D7A7-E8E5-4590-A921-2287AD43CB98}.Release|x64.ActiveCfg = Release|Any CPU
		{21C1D7A7-E8E5-4590-A921-2287AD43CB98}.Release|x64.Build.0 = Release|Any CPU
		{01A845C6-D391-4258-81B0-C6ABF23D3364}.Debug|Any CPU.ActiveCfg = Debug|Any CPU
		{01A845C6-D391-4258-81B0-C6ABF23D3364}.Debug|Any CPU.Build.0 = Debug|Any CPU
		{01A845C6-D391-4258-81B0-C6ABF23D3364}.Debug|x64.ActiveCfg = Debug|Any CPU
		{01A845C6-D391-4258-81B0-C6ABF23D3364}.Debug|x64.Build.0 = Debug|Any CPU
		{01A845C6-D391-4258-81B0-C6ABF23D3364}.Release|Any CPU.ActiveCfg = Release|Any CPU
		{01A845C6-D391-4258-81B0-C6ABF23D3364}.Release|Any CPU.Build.0 = Release|Any CPU
		{01A845C6-D391-4258-81B0-C6ABF23D3364}.Release|x64.ActiveCfg = Release|Any CPU
		{01A845C6-D391-4258-81B0-C6ABF23D3364}.Release|x64.Build.0 = Release|Any CPU
		{51C6E16E-920E-4D36-B41E-D48ABEF837E7}.Debug|Any CPU.ActiveCfg = Debug|Any CPU
		{51C6E16E-920E-4D36-B41E-D48ABEF837E7}.Debug|Any CPU.Build.0 = Debug|Any CPU
		{51C6E16E-920E-4D36-B41E-D48ABEF837E7}.Debug|x64.ActiveCfg = Debug|Any CPU
		{51C6E16E-920E-4D36-B41E-D48ABEF837E7}.Debug|x64.Build.0 = Debug|Any CPU
		{51C6E16E-920E-4D36-B41E-D48ABEF837E7}.Release|Any CPU.ActiveCfg = Release|Any CPU
		{51C6E16E-920E-4D36-B41E-D48ABEF837E7}.Release|Any CPU.Build.0 = Release|Any CPU
		{51C6E16E-920E-4D36-B41E-D48ABEF837E7}.Release|x64.ActiveCfg = Release|x64
		{51C6E16E-920E-4D36-B41E-D48ABEF837E7}.Release|x64.Build.0 = Release|x64
		{7B7195E7-C20E-49B9-9CB0-4F451A2463B6}.Debug|Any CPU.ActiveCfg = Debug|Any CPU
		{7B7195E7-C20E-49B9-9CB0-4F451A2463B6}.Debug|Any CPU.Build.0 = Debug|Any CPU
		{7B7195E7-C20E-49B9-9CB0-4F451A2463B6}.Debug|x64.ActiveCfg = Debug|Any CPU
		{7B7195E7-C20E-49B9-9CB0-4F451A2463B6}.Debug|x64.Build.0 = Debug|Any CPU
		{7B7195E7-C20E-49B9-9CB0-4F451A2463B6}.Release|Any CPU.ActiveCfg = Release|Any CPU
		{7B7195E7-C20E-49B9-9CB0-4F451A2463B6}.Release|Any CPU.Build.0 = Release|Any CPU
		{7B7195E7-C20E-49B9-9CB0-4F451A2463B6}.Release|x64.ActiveCfg = Release|Any CPU
		{7B7195E7-C20E-49B9-9CB0-4F451A2463B6}.Release|x64.Build.0 = Release|Any CPU
		{7ED7B00D-56EE-47CF-AAA5-34A09E40A566}.Debug|Any CPU.ActiveCfg = Debug|Any CPU
		{7ED7B00D-56EE-47CF-AAA5-34A09E40A566}.Debug|Any CPU.Build.0 = Debug|Any CPU
		{7ED7B00D-56EE-47CF-AAA5-34A09E40A566}.Debug|x64.ActiveCfg = Debug|Any CPU
		{7ED7B00D-56EE-47CF-AAA5-34A09E40A566}.Debug|x64.Build.0 = Debug|Any CPU
		{7ED7B00D-56EE-47CF-AAA5-34A09E40A566}.Release|Any CPU.ActiveCfg = Release|Any CPU
		{7ED7B00D-56EE-47CF-AAA5-34A09E40A566}.Release|Any CPU.Build.0 = Release|Any CPU
		{7ED7B00D-56EE-47CF-AAA5-34A09E40A566}.Release|x64.ActiveCfg = Release|Any CPU
		{7ED7B00D-56EE-47CF-AAA5-34A09E40A566}.Release|x64.Build.0 = Release|Any CPU
		{1DA244CE-5862-4DFB-8943-244A80B7E3EE}.Debug|Any CPU.ActiveCfg = Debug|Any CPU
		{1DA244CE-5862-4DFB-8943-244A80B7E3EE}.Debug|Any CPU.Build.0 = Debug|Any CPU
		{1DA244CE-5862-4DFB-8943-244A80B7E3EE}.Debug|x64.ActiveCfg = Debug|Any CPU
		{1DA244CE-5862-4DFB-8943-244A80B7E3EE}.Debug|x64.Build.0 = Debug|Any CPU
		{1DA244CE-5862-4DFB-8943-244A80B7E3EE}.Release|Any CPU.ActiveCfg = Release|Any CPU
		{1DA244CE-5862-4DFB-8943-244A80B7E3EE}.Release|Any CPU.Build.0 = Release|Any CPU
		{1DA244CE-5862-4DFB-8943-244A80B7E3EE}.Release|x64.ActiveCfg = Release|Any CPU
		{1DA244CE-5862-4DFB-8943-244A80B7E3EE}.Release|x64.Build.0 = Release|Any CPU
		{97EDE2AD-90D0-44B6-ADB6-AD20052C0B6F}.Debug|Any CPU.ActiveCfg = Debug|Any CPU
		{97EDE2AD-90D0-44B6-ADB6-AD20052C0B6F}.Debug|Any CPU.Build.0 = Debug|Any CPU
		{97EDE2AD-90D0-44B6-ADB6-AD20052C0B6F}.Debug|x64.ActiveCfg = Debug|Any CPU
		{97EDE2AD-90D0-44B6-ADB6-AD20052C0B6F}.Debug|x64.Build.0 = Debug|Any CPU
		{97EDE2AD-90D0-44B6-ADB6-AD20052C0B6F}.Release|Any CPU.ActiveCfg = Release|Any CPU
		{97EDE2AD-90D0-44B6-ADB6-AD20052C0B6F}.Release|Any CPU.Build.0 = Release|Any CPU
		{97EDE2AD-90D0-44B6-ADB6-AD20052C0B6F}.Release|x64.ActiveCfg = Release|Any CPU
		{97EDE2AD-90D0-44B6-ADB6-AD20052C0B6F}.Release|x64.Build.0 = Release|Any CPU
		{9108B04D-A3DE-4981-B66F-496078D462FE}.Debug|Any CPU.ActiveCfg = Debug|Any CPU
		{9108B04D-A3DE-4981-B66F-496078D462FE}.Debug|Any CPU.Build.0 = Debug|Any CPU
		{9108B04D-A3DE-4981-B66F-496078D462FE}.Debug|x64.ActiveCfg = Debug|Any CPU
		{9108B04D-A3DE-4981-B66F-496078D462FE}.Debug|x64.Build.0 = Debug|Any CPU
		{9108B04D-A3DE-4981-B66F-496078D462FE}.Release|Any CPU.ActiveCfg = Release|Any CPU
		{9108B04D-A3DE-4981-B66F-496078D462FE}.Release|Any CPU.Build.0 = Release|Any CPU
		{9108B04D-A3DE-4981-B66F-496078D462FE}.Release|x64.ActiveCfg = Release|Any CPU
		{9108B04D-A3DE-4981-B66F-496078D462FE}.Release|x64.Build.0 = Release|Any CPU
		{A0FD21C0-D7EE-485E-803D-2C59B37D5A72}.Debug|Any CPU.ActiveCfg = Debug|Any CPU
		{A0FD21C0-D7EE-485E-803D-2C59B37D5A72}.Debug|Any CPU.Build.0 = Debug|Any CPU
		{A0FD21C0-D7EE-485E-803D-2C59B37D5A72}.Debug|x64.ActiveCfg = Debug|Any CPU
		{A0FD21C0-D7EE-485E-803D-2C59B37D5A72}.Debug|x64.Build.0 = Debug|Any CPU
		{A0FD21C0-D7EE-485E-803D-2C59B37D5A72}.Release|Any CPU.ActiveCfg = Release|Any CPU
		{A0FD21C0-D7EE-485E-803D-2C59B37D5A72}.Release|Any CPU.Build.0 = Release|Any CPU
		{A0FD21C0-D7EE-485E-803D-2C59B37D5A72}.Release|x64.ActiveCfg = Release|Any CPU
		{A0FD21C0-D7EE-485E-803D-2C59B37D5A72}.Release|x64.Build.0 = Release|Any CPU
		{027B40CF-E09F-4A7B-909D-523D6BEB03F6}.Debug|Any CPU.ActiveCfg = Debug|Any CPU
		{027B40CF-E09F-4A7B-909D-523D6BEB03F6}.Debug|Any CPU.Build.0 = Debug|Any CPU
		{027B40CF-E09F-4A7B-909D-523D6BEB03F6}.Debug|x64.ActiveCfg = Debug|Any CPU
		{027B40CF-E09F-4A7B-909D-523D6BEB03F6}.Debug|x64.Build.0 = Debug|Any CPU
		{027B40CF-E09F-4A7B-909D-523D6BEB03F6}.Release|Any CPU.ActiveCfg = Release|Any CPU
		{027B40CF-E09F-4A7B-909D-523D6BEB03F6}.Release|Any CPU.Build.0 = Release|Any CPU
		{027B40CF-E09F-4A7B-909D-523D6BEB03F6}.Release|x64.ActiveCfg = Release|Any CPU
		{027B40CF-E09F-4A7B-909D-523D6BEB03F6}.Release|x64.Build.0 = Release|Any CPU
		{AB54D5FB-C908-4A26-85CC-DEA227D4914C}.Debug|Any CPU.ActiveCfg = Debug|Any CPU
		{AB54D5FB-C908-4A26-85CC-DEA227D4914C}.Debug|Any CPU.Build.0 = Debug|Any CPU
		{AB54D5FB-C908-4A26-85CC-DEA227D4914C}.Debug|x64.ActiveCfg = Debug|Any CPU
		{AB54D5FB-C908-4A26-85CC-DEA227D4914C}.Debug|x64.Build.0 = Debug|Any CPU
		{AB54D5FB-C908-4A26-85CC-DEA227D4914C}.Release|Any CPU.ActiveCfg = Release|Any CPU
		{AB54D5FB-C908-4A26-85CC-DEA227D4914C}.Release|Any CPU.Build.0 = Release|Any CPU
		{AB54D5FB-C908-4A26-85CC-DEA227D4914C}.Release|x64.ActiveCfg = Release|Any CPU
		{AB54D5FB-C908-4A26-85CC-DEA227D4914C}.Release|x64.Build.0 = Release|Any CPU
		{9A4A2CBC-0BEB-4C3E-99D0-E141B7BAE0F7}.Debug|Any CPU.ActiveCfg = Debug|Any CPU
		{9A4A2CBC-0BEB-4C3E-99D0-E141B7BAE0F7}.Debug|Any CPU.Build.0 = Debug|Any CPU
		{9A4A2CBC-0BEB-4C3E-99D0-E141B7BAE0F7}.Debug|x64.ActiveCfg = Debug|Any CPU
		{9A4A2CBC-0BEB-4C3E-99D0-E141B7BAE0F7}.Debug|x64.Build.0 = Debug|Any CPU
		{9A4A2CBC-0BEB-4C3E-99D0-E141B7BAE0F7}.Release|Any CPU.ActiveCfg = Release|Any CPU
		{9A4A2CBC-0BEB-4C3E-99D0-E141B7BAE0F7}.Release|Any CPU.Build.0 = Release|Any CPU
		{9A4A2CBC-0BEB-4C3E-99D0-E141B7BAE0F7}.Release|x64.ActiveCfg = Release|Any CPU
		{9A4A2CBC-0BEB-4C3E-99D0-E141B7BAE0F7}.Release|x64.Build.0 = Release|Any CPU
		{4997615E-8C0C-498B-AB73-076454481964}.Debug|Any CPU.ActiveCfg = Debug|Any CPU
		{4997615E-8C0C-498B-AB73-076454481964}.Debug|Any CPU.Build.0 = Debug|Any CPU
		{4997615E-8C0C-498B-AB73-076454481964}.Debug|x64.ActiveCfg = Debug|Any CPU
		{4997615E-8C0C-498B-AB73-076454481964}.Debug|x64.Build.0 = Debug|Any CPU
		{4997615E-8C0C-498B-AB73-076454481964}.Release|Any CPU.ActiveCfg = Release|Any CPU
		{4997615E-8C0C-498B-AB73-076454481964}.Release|Any CPU.Build.0 = Release|Any CPU
		{4997615E-8C0C-498B-AB73-076454481964}.Release|x64.ActiveCfg = Release|Any CPU
		{4997615E-8C0C-498B-AB73-076454481964}.Release|x64.Build.0 = Release|Any CPU
		{945A2FD7-C93C-456B-80A2-04FCBC6AFC51}.Debug|Any CPU.ActiveCfg = Debug|Any CPU
		{945A2FD7-C93C-456B-80A2-04FCBC6AFC51}.Debug|Any CPU.Build.0 = Debug|Any CPU
		{945A2FD7-C93C-456B-80A2-04FCBC6AFC51}.Debug|x64.ActiveCfg = Debug|Any CPU
		{945A2FD7-C93C-456B-80A2-04FCBC6AFC51}.Debug|x64.Build.0 = Debug|Any CPU
		{945A2FD7-C93C-456B-80A2-04FCBC6AFC51}.Release|Any CPU.ActiveCfg = Release|Any CPU
		{945A2FD7-C93C-456B-80A2-04FCBC6AFC51}.Release|Any CPU.Build.0 = Release|Any CPU
		{945A2FD7-C93C-456B-80A2-04FCBC6AFC51}.Release|x64.ActiveCfg = Release|Any CPU
		{945A2FD7-C93C-456B-80A2-04FCBC6AFC51}.Release|x64.Build.0 = Release|Any CPU
		{95114A54-769F-4A90-A346-C2CF85523AAD}.Debug|Any CPU.ActiveCfg = Debug|Any CPU
		{95114A54-769F-4A90-A346-C2CF85523AAD}.Debug|Any CPU.Build.0 = Debug|Any CPU
		{95114A54-769F-4A90-A346-C2CF85523AAD}.Debug|x64.ActiveCfg = Debug|Any CPU
		{95114A54-769F-4A90-A346-C2CF85523AAD}.Debug|x64.Build.0 = Debug|Any CPU
		{95114A54-769F-4A90-A346-C2CF85523AAD}.Release|Any CPU.ActiveCfg = Release|Any CPU
		{95114A54-769F-4A90-A346-C2CF85523AAD}.Release|Any CPU.Build.0 = Release|Any CPU
		{95114A54-769F-4A90-A346-C2CF85523AAD}.Release|x64.ActiveCfg = Release|Any CPU
		{95114A54-769F-4A90-A346-C2CF85523AAD}.Release|x64.Build.0 = Release|Any CPU
		{034F7ADE-AC2A-48AE-9CF2-0686EEA97C25}.Debug|Any CPU.ActiveCfg = Debug|Any CPU
		{034F7ADE-AC2A-48AE-9CF2-0686EEA97C25}.Debug|Any CPU.Build.0 = Debug|Any CPU
		{034F7ADE-AC2A-48AE-9CF2-0686EEA97C25}.Debug|x64.ActiveCfg = Debug|Any CPU
		{034F7ADE-AC2A-48AE-9CF2-0686EEA97C25}.Debug|x64.Build.0 = Debug|Any CPU
		{034F7ADE-AC2A-48AE-9CF2-0686EEA97C25}.Release|Any CPU.ActiveCfg = Release|Any CPU
		{034F7ADE-AC2A-48AE-9CF2-0686EEA97C25}.Release|Any CPU.Build.0 = Release|Any CPU
		{034F7ADE-AC2A-48AE-9CF2-0686EEA97C25}.Release|x64.ActiveCfg = Release|Any CPU
		{034F7ADE-AC2A-48AE-9CF2-0686EEA97C25}.Release|x64.Build.0 = Release|Any CPU
		{809BF000-C031-4299-9789-FA73C5C71492}.Debug|Any CPU.ActiveCfg = Debug|Any CPU
		{809BF000-C031-4299-9789-FA73C5C71492}.Debug|Any CPU.Build.0 = Debug|Any CPU
		{809BF000-C031-4299-9789-FA73C5C71492}.Debug|x64.ActiveCfg = Debug|Any CPU
		{809BF000-C031-4299-9789-FA73C5C71492}.Debug|x64.Build.0 = Debug|Any CPU
		{809BF000-C031-4299-9789-FA73C5C71492}.Release|Any CPU.ActiveCfg = Release|Any CPU
		{809BF000-C031-4299-9789-FA73C5C71492}.Release|Any CPU.Build.0 = Release|Any CPU
		{809BF000-C031-4299-9789-FA73C5C71492}.Release|x64.ActiveCfg = Release|Any CPU
		{809BF000-C031-4299-9789-FA73C5C71492}.Release|x64.Build.0 = Release|Any CPU
		{404204DE-C8BC-4438-A3F6-0636B4983A5B}.Debug|Any CPU.ActiveCfg = Debug|Any CPU
		{404204DE-C8BC-4438-A3F6-0636B4983A5B}.Debug|Any CPU.Build.0 = Debug|Any CPU
		{404204DE-C8BC-4438-A3F6-0636B4983A5B}.Debug|x64.ActiveCfg = Debug|Any CPU
		{404204DE-C8BC-4438-A3F6-0636B4983A5B}.Debug|x64.Build.0 = Debug|Any CPU
		{404204DE-C8BC-4438-A3F6-0636B4983A5B}.Release|Any CPU.ActiveCfg = Release|Any CPU
		{404204DE-C8BC-4438-A3F6-0636B4983A5B}.Release|Any CPU.Build.0 = Release|Any CPU
		{404204DE-C8BC-4438-A3F6-0636B4983A5B}.Release|x64.ActiveCfg = Release|Any CPU
		{404204DE-C8BC-4438-A3F6-0636B4983A5B}.Release|x64.Build.0 = Release|Any CPU
		{632B46F5-E73D-4160-9371-D146FADDE9D5}.Debug|Any CPU.ActiveCfg = Debug|Any CPU
		{632B46F5-E73D-4160-9371-D146FADDE9D5}.Debug|Any CPU.Build.0 = Debug|Any CPU
		{632B46F5-E73D-4160-9371-D146FADDE9D5}.Debug|x64.ActiveCfg = Debug|Any CPU
		{632B46F5-E73D-4160-9371-D146FADDE9D5}.Debug|x64.Build.0 = Debug|Any CPU
		{632B46F5-E73D-4160-9371-D146FADDE9D5}.Release|Any CPU.ActiveCfg = Release|Any CPU
		{632B46F5-E73D-4160-9371-D146FADDE9D5}.Release|Any CPU.Build.0 = Release|Any CPU
		{632B46F5-E73D-4160-9371-D146FADDE9D5}.Release|x64.ActiveCfg = Release|Any CPU
		{632B46F5-E73D-4160-9371-D146FADDE9D5}.Release|x64.Build.0 = Release|Any CPU
		{D85281B4-6012-42A0-A8F1-B29068A3F433}.Debug|Any CPU.ActiveCfg = Debug|Any CPU
		{D85281B4-6012-42A0-A8F1-B29068A3F433}.Debug|Any CPU.Build.0 = Debug|Any CPU
		{D85281B4-6012-42A0-A8F1-B29068A3F433}.Debug|x64.ActiveCfg = Debug|Any CPU
		{D85281B4-6012-42A0-A8F1-B29068A3F433}.Debug|x64.Build.0 = Debug|Any CPU
		{D85281B4-6012-42A0-A8F1-B29068A3F433}.Release|Any CPU.ActiveCfg = Release|Any CPU
		{D85281B4-6012-42A0-A8F1-B29068A3F433}.Release|Any CPU.Build.0 = Release|Any CPU
		{D85281B4-6012-42A0-A8F1-B29068A3F433}.Release|x64.ActiveCfg = Release|Any CPU
		{D85281B4-6012-42A0-A8F1-B29068A3F433}.Release|x64.Build.0 = Release|Any CPU
	EndGlobalSection
	GlobalSection(SolutionProperties) = preSolution
		HideSolutionNode = FALSE
	EndGlobalSection
	GlobalSection(NestedProjects) = preSolution
		{9B692E11-0273-4331-9B15-1670093EDDBF} = {0F7FCF26-2DB1-4653-B5B5-24C4731339B6}
		{D286DF06-21FA-40BE-B384-6ACA509AC98C} = {0F7FCF26-2DB1-4653-B5B5-24C4731339B6}
		{C1018695-3401-47A9-B195-ABD3A20C2489} = {0F7FCF26-2DB1-4653-B5B5-24C4731339B6}
		{21C1D7A7-E8E5-4590-A921-2287AD43CB98} = {0F7FCF26-2DB1-4653-B5B5-24C4731339B6}
		{01A845C6-D391-4258-81B0-C6ABF23D3364} = {0F7FCF26-2DB1-4653-B5B5-24C4731339B6}
		{51C6E16E-920E-4D36-B41E-D48ABEF837E7} = {49A57AB3-0588-4DC1-AC5F-47DE2C3EFC57}
		{7B7195E7-C20E-49B9-9CB0-4F451A2463B6} = {0F7FCF26-2DB1-4653-B5B5-24C4731339B6}
		{7ED7B00D-56EE-47CF-AAA5-34A09E40A566} = {0F7FCF26-2DB1-4653-B5B5-24C4731339B6}
		{1DA244CE-5862-4DFB-8943-244A80B7E3EE} = {0F7FCF26-2DB1-4653-B5B5-24C4731339B6}
		{97EDE2AD-90D0-44B6-ADB6-AD20052C0B6F} = {0F7FCF26-2DB1-4653-B5B5-24C4731339B6}
		{9108B04D-A3DE-4981-B66F-496078D462FE} = {0F7FCF26-2DB1-4653-B5B5-24C4731339B6}
		{A0FD21C0-D7EE-485E-803D-2C59B37D5A72} = {49A57AB3-0588-4DC1-AC5F-47DE2C3EFC57}
		{027B40CF-E09F-4A7B-909D-523D6BEB03F6} = {12970967-D98D-4777-A5F8-11A9F037CC28}
		{AB54D5FB-C908-4A26-85CC-DEA227D4914C} = {12970967-D98D-4777-A5F8-11A9F037CC28}
		{9A4A2CBC-0BEB-4C3E-99D0-E141B7BAE0F7} = {12970967-D98D-4777-A5F8-11A9F037CC28}
		{4997615E-8C0C-498B-AB73-076454481964} = {12970967-D98D-4777-A5F8-11A9F037CC28}
		{945A2FD7-C93C-456B-80A2-04FCBC6AFC51} = {12970967-D98D-4777-A5F8-11A9F037CC28}
		{95114A54-769F-4A90-A346-C2CF85523AAD} = {12970967-D98D-4777-A5F8-11A9F037CC28}
		{034F7ADE-AC2A-48AE-9CF2-0686EEA97C25} = {0F7FCF26-2DB1-4653-B5B5-24C4731339B6}
		{809BF000-C031-4299-9789-FA73C5C71492} = {0F7FCF26-2DB1-4653-B5B5-24C4731339B6}
		{404204DE-C8BC-4438-A3F6-0636B4983A5B} = {0F7FCF26-2DB1-4653-B5B5-24C4731339B6}
		{632B46F5-E73D-4160-9371-D146FADDE9D5} = {0F7FCF26-2DB1-4653-B5B5-24C4731339B6}
		{D85281B4-6012-42A0-A8F1-B29068A3F433} = {0F7FCF26-2DB1-4653-B5B5-24C4731339B6}
	EndGlobalSection
	GlobalSection(ExtensibilityGlobals) = postSolution
		SolutionGuid = {A8E0C87D-0436-4CD0-972A-FEB4B29495A1}
	EndGlobalSection
EndGlobal
